{
  "version": 4,
  "terraform_version": "1.15.5",
  "serial": 40,
  "lineage": "0cbd2588-7007-e448-3772-7c41d563c368",
  "outputs": {
    "cloudfront_distribution_id": {
      "value": "E3J8XX1B9QY7SP",
      "type": "string"
    },
    "cloudfront_domain_name": {
      "value": "d27bgpf1pkioa5.cloudfront.net",
      "type": "string"
    },
    "db_endpoint": {
      "value": "ticketgo-prod-postgres-primary.cns0cmewuai4.us-east-2.rds.amazonaws.com:5432",
      "type": "string",
      "sensitive": true
    },
    "db_secret_arn": {
      "value": "arn:aws:secretsmanager:us-east-2:783111403254:secret:ticketgo/prod/db-credentials-v2-FeSBEF",
      "type": "string"
    },
    "ecr_repository_url": {
      "value": "783111403254.dkr.ecr.us-east-2.amazonaws.com/ticketgo-prod-api",
      "type": "string"
    },
    "ecs_cluster_name": {
      "value": "ticketgo-prod-cluster",
      "type": "string"
    },
    "ecs_service_name": {
      "value": "ticketgo-prod-api-service",
      "type": "string"
    },
    "lambda_function_name": {
      "value": "ticketgo-prod-ticket-worker",
      "type": "string"
    },
    "nat_gateway_public_ips": {
      "value": [
        "52.14.117.39",
        "3.136.133.183"
      ],
      "type": [
        "tuple",
        [
          "string",
          "string"
        ]
      ]
    },
    "redis_primary_endpoint": {
      "value": "master.ticketgo-prod-redis.emor7u.use2.cache.amazonaws.com",
      "type": "string",
      "sensitive": true
    },
    "redis_reader_endpoint": {
      "value": "replica.ticketgo-prod-redis.emor7u.use2.cache.amazonaws.com",
      "type": "string",
      "sensitive": true
    },
    "s3_frontend_bucket": {
      "value": "ticketgo-prod-frontend-783111403254",
      "type": "string"
    },
    "sqs_queue_url": {
      "value": "https://sqs.us-east-2.amazonaws.com/783111403254/ticketgo-prod-tickets",
      "type": "string"
    },
    "vpc_id": {
      "value": "vpc-0fc592cefcec04842",
      "type": "string"
    }
  },
  "resources": [
    {
      "mode": "data",
      "type": "aws_caller_identity",
      "name": "current",
      "provider": "provider[\"registry.terraform.io/hashicorp/aws\"]",
      "instances": [
        {
          "schema_version": 0,
          "attributes": {
            "account_id": "783111403254",
            "arn": "arn:aws:sts::783111403254:assumed-role/AWSReservedSSO_AdministratorAccess_c672c7d460d5474c/FernandoBenites",
            "id": "783111403254",
            "user_id": "AROA3MVITW33ISZO7GX2C:FernandoBenites"
          },
          "sensitive_attributes": [],
          "identity_schema_version": 0
        }
      ]
    },
    {
      "mode": "data",
      "type": "aws_region",
      "name": "current",
      "provider": "provider[\"registry.terraform.io/hashicorp/aws\"]",
      "instances": [
        {
          "schema_version": 0,
          "attributes": {
            "description": "US East (Ohio)",
            "endpoint": "ec2.us-east-2.amazonaws.com",
            "id": "us-east-2",
            "name": "us-east-2"
          },
          "sensitive_attributes": [],
          "identity_schema_version": 0
        }
      ]
    },
    {
      "mode": "managed",
      "type": "aws_iam_role",
      "name": "rds_monitoring",
      "provider": "provider[\"registry.terraform.io/hashicorp/aws\"]",
      "instances": [
        {
          "schema_version": 0,
          "attributes": {
            "arn": "arn:aws:iam::783111403254:role/ticketgo-prod-rds-monitoring-role",
            "assume_role_policy": "{\"Statement\":[{\"Action\":\"sts:AssumeRole\",\"Effect\":\"Allow\",\"Principal\":{\"Service\":\"monitoring.rds.amazonaws.com\"}}],\"Version\":\"2012-10-17\"}",
            "create_date": "2026-06-20T16:05:06Z",
            "description": "",
            "force_detach_policies": false,
            "id": "ticketgo-prod-rds-monitoring-role",
            "inline_policy": [],
            "managed_policy_arns": [
              "arn:aws:iam::aws:policy/service-role/AmazonRDSEnhancedMonitoringRole"
            ],
            "max_session_duration": 3600,
            "name": "ticketgo-prod-rds-monitoring-role",
            "name_prefix": "",
            "path": "/",
            "permissions_boundary": "",
            "tags": {},
            "tags_all": {
              "Environment": "prod",
              "ManagedBy": "Terraform",
              "Owner": "infra-team",
              "Project": "TicketGo-Peru"
            },
            "unique_id": "AROA3MVITW33HI6HWGS6K"
          },
          "sensitive_attributes": [],
          "identity_schema_version": 0,
          "private": "bnVsbA=="
        }
      ]
    },
    {
      "mode": "managed",
      "type": "aws_iam_role_policy_attachment",
      "name": "rds_monitoring",
      "provider": "provider[\"registry.terraform.io/hashicorp/aws\"]",
      "instances": [
        {
          "schema_version": 0,
          "attributes": {
            "id": "ticketgo-prod-rds-monitoring-role-20260620160504534300000001",
            "policy_arn": "arn:aws:iam::aws:policy/service-role/AmazonRDSEnhancedMonitoringRole",
            "role": "ticketgo-prod-rds-monitoring-role"
          },
          "sensitive_attributes": [],
          "identity_schema_version": 0,
          "private": "bnVsbA==",
          "dependencies": [
            "aws_iam_role.rds_monitoring"
          ]
        }
      ]
    },
    {
      "mode": "managed",
      "type": "aws_secretsmanager_secret_version",
      "name": "db_credentials_final",
      "provider": "provider[\"registry.terraform.io/hashicorp/aws\"]",
      "instances": [
        {
          "schema_version": 0,
          "attributes": {
            "arn": "arn:aws:secretsmanager:us-east-2:783111403254:secret:ticketgo/prod/db-credentials-v2-FeSBEF",
            "has_secret_string_wo": null,
            "id": "arn:aws:secretsmanager:us-east-2:783111403254:secret:ticketgo/prod/db-credentials-v2-FeSBEF|terraform-20260620163926817600000001",
            "secret_binary": "",
            "secret_id": "arn:aws:secretsmanager:us-east-2:783111403254:secret:ticketgo/prod/db-credentials-v2-FeSBEF",
            "secret_string": "{\"dbname\":\"ticketgo_db\",\"host\":\"ticketgo-prod-postgres-primary.cns0cmewuai4.us-east-2.rds.amazonaws.com\",\"password\":\"-R+ewK=1CX^u7TcWkqHTkbsaEyG9hGM3\",\"port\":5432,\"username\":\"ticketgo_admin\"}",
            "secret_string_wo": null,
            "secret_string_wo_version": null,
            "version_id": "terraform-20260620163926817600000001",
            "version_stages": [
              "AWSCURRENT"
            ]
          },
          "sensitive_attributes": [
            [
              {
                "type": "get_attr",
                "value": "secret_binary"
              }
            ],
            [
              {
                "type": "get_attr",
                "value": "secret_string"
              }
            ],
            [
              {
                "type": "get_attr",
                "value": "secret_string_wo"
              }
            ]
          ],
          "identity_schema_version": 0,
          "private": "bnVsbA==",
          "dependencies": [
            "aws_iam_role.rds_monitoring",
            "module.database.aws_backup_plan.rds",
            "module.database.aws_backup_selection.rds",
            "module.database.aws_backup_vault.main",
            "module.database.aws_db_instance.primary",
            "module.database.aws_db_parameter_group.postgres",
            "module.database.aws_db_subnet_group.main",
            "module.database.aws_kms_alias.backup",
            "module.database.aws_kms_key.backup",
            "module.networking.aws_cloudwatch_log_group.vpc_flow_logs",
            "module.networking.aws_eip.nat",
            "module.networking.aws_flow_log.main",
            "module.networking.aws_iam_role.vpc_flow_logs",
            "module.networking.aws_iam_role_policy.vpc_flow_logs",
            "module.networking.aws_internet_gateway.main",
            "module.networking.aws_nat_gateway.main",
            "module.networking.aws_route_table.private_app",
            "module.networking.aws_route_table.private_data",
            "module.networking.aws_route_table.public",
            "module.networking.aws_route_table_association.private_app",
            "module.networking.aws_route_table_association.private_data",
            "module.networking.aws_route_table_association.public",
            "module.networking.aws_security_group.vpc_endpoints",
            "module.networking.aws_subnet.private_app",
            "module.networking.aws_subnet.private_data",
            "module.networking.aws_subnet.public",
            "module.networking.aws_vpc.main",
            "module.networking.aws_vpc_endpoint.cloudwatch_logs",
            "module.networking.aws_vpc_endpoint.ecr_api",
            "module.networking.aws_vpc_endpoint.ecr_dkr",
            "module.networking.aws_vpc_endpoint.s3",
            "module.networking.aws_vpc_endpoint.secretsmanager",
            "module.security.aws_iam_role.backup",
            "module.security.aws_iam_role.ecs_task",
            "module.security.aws_iam_role.ecs_task_execution",
            "module.security.aws_iam_role.lambda_worker",
            "module.security.aws_iam_role_policy.ecs_execution_secrets",
            "module.security.aws_iam_role_policy.ecs_task_app",
            "module.security.aws_iam_role_policy.lambda_worker_policy",
            "module.security.aws_iam_role_policy_attachment.backup_managed",
            "module.security.aws_iam_role_policy_attachment.backup_restore",
            "module.security.aws_iam_role_policy_attachment.ecs_execution_managed",
            "module.security.aws_iam_role_policy_attachment.lambda_vpc",
            "module.security.aws_secretsmanager_secret.db_credentials",
            "module.security.aws_secretsmanager_secret.redis_url",
            "module.security.aws_secretsmanager_secret_version.db_credentials",
            "module.security.aws_security_group.alb",
            "module.security.aws_security_group.ecs",
            "module.security.aws_security_group.lambda",
            "module.security.aws_security_group.rds",
            "module.security.aws_security_group.redis",
            "module.security.random_password.db_password"
          ]
        }
      ]
    },
    {
      "mode": "managed",
      "type": "aws_secretsmanager_secret_version",
      "name": "redis_url_final",
      "provider": "provider[\"registry.terraform.io/hashicorp/aws\"]",
      "instances": [
        {
          "schema_version": 0,
          "attributes": {
            "arn": "arn:aws:secretsmanager:us-east-2:783111403254:secret:ticketgo/prod/redis-url-v2-GRgtdu",
            "has_secret_string_wo": null,
            "id": "arn:aws:secretsmanager:us-east-2:783111403254:secret:ticketgo/prod/redis-url-v2-GRgtdu|terraform-20260620162338541600000004",
            "secret_binary": "",
            "secret_id": "arn:aws:secretsmanager:us-east-2:783111403254:secret:ticketgo/prod/redis-url-v2-GRgtdu",
            "secret_string": "{\"connection_string\":\"master.ticketgo-prod-redis.emor7u.use2.cache.amazonaws.com:6379,ssl=true,abortConnect=false\",\"port\":6379,\"primary_endpoint\":\"master.ticketgo-prod-redis.emor7u.use2.cache.amazonaws.com\",\"reader_endpoint\":\"replica.ticketgo-prod-redis.emor7u.use2.cache.amazonaws.com\"}",
            "secret_string_wo": null,
            "secret_string_wo_version": null,
            "version_id": "terraform-20260620162338541600000004",
            "version_stages": [
              "AWSCURRENT"
            ]
          },
          "sensitive_attributes": [
            [
              {
                "type": "get_attr",
                "value": "secret_binary"
              }
            ],
            [
              {
                "type": "get_attr",
                "value": "secret_string"
              }
            ],
            [
              {
                "type": "get_attr",
                "value": "secret_string_wo"
              }
            ]
          ],
          "identity_schema_version": 0,
          "private": "bnVsbA==",
          "dependencies": [
            "module.cache.aws_elasticache_parameter_group.redis",
            "module.cache.aws_elasticache_replication_group.main",
            "module.cache.aws_elasticache_subnet_group.main",
            "module.networking.aws_cloudwatch_log_group.vpc_flow_logs",
            "module.networking.aws_eip.nat",
            "module.networking.aws_flow_log.main",
            "module.networking.aws_iam_role.vpc_flow_logs",
            "module.networking.aws_iam_role_policy.vpc_flow_logs",
            "module.networking.aws_internet_gateway.main",
            "module.networking.aws_nat_gateway.main",
            "module.networking.aws_route_table.private_app",
            "module.networking.aws_route_table.private_data",
            "module.networking.aws_route_table.public",
            "module.networking.aws_route_table_association.private_app",
            "module.networking.aws_route_table_association.private_data",
            "module.networking.aws_route_table_association.public",
            "module.networking.aws_security_group.vpc_endpoints",
            "module.networking.aws_subnet.private_app",
            "module.networking.aws_subnet.private_data",
            "module.networking.aws_subnet.public",
            "module.networking.aws_vpc.main",
            "module.networking.aws_vpc_endpoint.cloudwatch_logs",
            "module.networking.aws_vpc_endpoint.ecr_api",
            "module.networking.aws_vpc_endpoint.ecr_dkr",
            "module.networking.aws_vpc_endpoint.s3",
            "module.networking.aws_vpc_endpoint.secretsmanager",
            "module.security.aws_iam_role.backup",
            "module.security.aws_iam_role.ecs_task",
            "module.security.aws_iam_role.ecs_task_execution",
            "module.security.aws_iam_role.lambda_worker",
            "module.security.aws_iam_role_policy.ecs_execution_secrets",
            "module.security.aws_iam_role_policy.ecs_task_app",
            "module.security.aws_iam_role_policy.lambda_worker_policy",
            "module.security.aws_iam_role_policy_attachment.backup_managed",
            "module.security.aws_iam_role_policy_attachment.backup_restore",
            "module.security.aws_iam_role_policy_attachment.ecs_execution_managed",
            "module.security.aws_iam_role_policy_attachment.lambda_vpc",
            "module.security.aws_secretsmanager_secret.db_credentials",
            "module.security.aws_secretsmanager_secret.redis_url",
            "module.security.aws_secretsmanager_secret_version.db_credentials",
            "module.security.aws_security_group.alb",
            "module.security.aws_security_group.ecs",
            "module.security.aws_security_group.lambda",
            "module.security.aws_security_group.rds",
            "module.security.aws_security_group.redis",
            "module.security.random_password.db_password"
          ]
        }
      ]
    },
    {
      "module": "module.async",
      "mode": "data",
      "type": "archive_file",
      "name": "lambda_placeholder",
      "provider": "provider[\"registry.terraform.io/hashicorp/archive\"]",
      "instances": [
        {
          "schema_version": 0,
          "attributes": {
            "exclude_symlink_directories": null,
            "excludes": null,
            "id": "f10e50040e9a0593bb04947206c9800f0bfafa29",
            "output_base64sha256": "xoLgVvxr+o+OAWA+0+KUoP7WN03eJq0HHIpkKfYQVhc=",
            "output_base64sha512": "c23eWz4uUwhY/4zPxNVDCjbkt99R7IJhuBtWpMaKfYb5vsM4wxjI/GhdWILEsGqEwdSBBtTXL4Z8ezkHg/tOig==",
            "output_file_mode": null,
            "output_md5": "35ed06b01ad861b3d777d7123f0c566f",
            "output_path": "../../modules/06-async/placeholder.zip",
            "output_sha": "f10e50040e9a0593bb04947206c9800f0bfafa29",
            "output_sha256": "c682e056fc6bfa8f8e01603ed3e294a0fed6374dde26ad071c8a6429f6105617",
            "output_sha512": "736dde5b3e2e530858ff8ccfc4d5430a36e4b7df51ec8261b81b56a4c68a7d86f9bec338c318c8fc685d5882c4b06a84c1d48106d4d72f867c7b390783fb4e8a",
            "output_size": 256,
            "source": [],
            "source_content": null,
            "source_content_filename": null,
            "source_dir": null,
            "source_file": "../../modules/06-async/index.js",
            "type": "zip"
          },
          "sensitive_attributes": [],
          "identity_schema_version": 0
        }
      ]
    },
    {
      "module": "module.async",
      "mode": "data",
      "type": "archive_file",
      "name": "placeholder",
      "provider": "provider[\"registry.terraform.io/hashicorp/archive\"]",
      "instances": [
        {
          "schema_version": 0,
          "attributes": {
            "exclude_symlink_directories": null,
            "excludes": null,
            "id": "a715bb8a4417dee4d2bdb0f9397b9ae762030038",
            "output_base64sha256": "kb9jS+UCbmRObXRijnJcZE3/J9NlAEqamGr/JZwHQ0U=",
            "output_base64sha512": "Kd0jls+MAzLB/N5NyO2A0o7yYyh4Q/HHsnBe/t65zMPVJ0KEQSeTQb7ZO/vVKIc0+w2SLW4MrlDXB+THszS/hQ==",
            "output_file_mode": null,
            "output_md5": "7c572ce294c0a7a219dcde943f762ba1",
            "output_path": "../../modules/06-async/placeholder.zip",
            "output_sha": "a715bb8a4417dee4d2bdb0f9397b9ae762030038",
            "output_sha256": "91bf634be5026e644e6d74628e725c644dff27d365004a9a986aff259c074345",
            "output_sha512": "29dd2396cf8c0332c1fcde4dc8ed80d28ef263287843f1c7b2705efedeb9ccc3d527428441279341bed93bfbd5288734fb0d922d6e0cae50d707e4c7b334bf85",
            "output_size": 225,
            "source": [
              {
                "content": "exports.handler = async (event) =\u003e { console.log('Placeholder'); return { statusCode: 200 }; };",
                "filename": "index.js"
              }
            ],
            "source_content": null,
            "source_content_filename": null,
            "source_dir": null,
            "source_file": null,
            "type": "zip"
          },
          "sensitive_attributes": [],
          "identity_schema_version": 0
        }
      ]
    },
    {
      "module": "module.async",
      "mode": "managed",
      "type": "aws_cloudwatch_log_group",
      "name": "lambda",
      "provider": "provider[\"registry.terraform.io/hashicorp/aws\"]",
      "instances": [
        {
          "schema_version": 0,
          "attributes": {
            "arn": "arn:aws:logs:us-east-2:783111403254:log-group:/aws/lambda/ticketgo-prod-ticket-worker",
            "id": "/aws/lambda/ticketgo-prod-ticket-worker",
            "kms_key_id": "",
            "log_group_class": "STANDARD",
            "name": "/aws/lambda/ticketgo-prod-ticket-worker",
            "name_prefix": "",
            "retention_in_days": 30,
            "skip_destroy": false,
            "tags": {
              "Name": "ticketgo-prod-lambda-logs"
            },
            "tags_all": {
              "Environment": "prod",
              "ManagedBy": "Terraform",
              "Name": "ticketgo-prod-lambda-logs",
              "Owner": "infra-team",
              "Project": "TicketGo-Peru"
            }
          },
          "sensitive_attributes": [],
          "identity_schema_version": 0,
          "private": "bnVsbA==",
          "dependencies": [
            "module.networking.aws_cloudwatch_log_group.vpc_flow_logs",
            "module.networking.aws_eip.nat",
            "module.networking.aws_flow_log.main",
            "module.networking.aws_iam_role.vpc_flow_logs",
            "module.networking.aws_iam_role_policy.vpc_flow_logs",
            "module.networking.aws_internet_gateway.main",
            "module.networking.aws_nat_gateway.main",
            "module.networking.aws_route_table.private_app",
            "module.networking.aws_route_table.private_data",
            "module.networking.aws_route_table.public",
            "module.networking.aws_route_table_association.private_app",
            "module.networking.aws_route_table_association.private_data",
            "module.networking.aws_route_table_association.public",
            "module.networking.aws_security_group.vpc_endpoints",
            "module.networking.aws_subnet.private_app",
            "module.networking.aws_subnet.private_data",
            "module.networking.aws_subnet.public",
            "module.networking.aws_vpc.main",
            "module.networking.aws_vpc_endpoint.cloudwatch_logs",
            "module.networking.aws_vpc_endpoint.ecr_api",
            "module.networking.aws_vpc_endpoint.ecr_dkr",
            "module.networking.aws_vpc_endpoint.s3",
            "module.networking.aws_vpc_endpoint.secretsmanager",
            "module.security.aws_iam_role.backup",
            "module.security.aws_iam_role.ecs_task",
            "module.security.aws_iam_role.ecs_task_execution",
            "module.security.aws_iam_role.lambda_worker",
            "module.security.aws_iam_role_policy.ecs_execution_secrets",
            "module.security.aws_iam_role_policy.ecs_task_app",
            "module.security.aws_iam_role_policy.lambda_worker_policy",
            "module.security.aws_iam_role_policy_attachment.backup_managed",
            "module.security.aws_iam_role_policy_attachment.backup_restore",
            "module.security.aws_iam_role_policy_attachment.ecs_execution_managed",
            "module.security.aws_iam_role_policy_attachment.lambda_vpc",
            "module.security.aws_secretsmanager_secret.db_credentials",
            "module.security.aws_secretsmanager_secret.redis_url",
            "module.security.aws_secretsmanager_secret_version.db_credentials",
            "module.security.aws_security_group.alb",
            "module.security.aws_security_group.ecs",
            "module.security.aws_security_group.lambda",
            "module.security.aws_security_group.rds",
            "module.security.aws_security_group.redis",
            "module.security.random_password.db_password"
          ]
        }
      ]
    },
    {
      "module": "module.async",
      "mode": "managed",
      "type": "aws_cloudwatch_metric_alarm",
      "name": "dlq_messages",
      "provider": "provider[\"registry.terraform.io/hashicorp/aws\"]",
      "instances": [
        {
          "schema_version": 1,
          "attributes": {
            "actions_enabled": true,
            "alarm_actions": [
              "arn:aws:sns:us-east-2:783111403254:ticketgo-prod-dlq-alerts"
            ],
            "alarm_description": "Hay mensajes en la DLQ de tickets - revisar errores",
            "alarm_name": "ticketgo-prod-dlq-not-empty",
            "arn": "arn:aws:cloudwatch:us-east-2:783111403254:alarm:ticketgo-prod-dlq-not-empty",
            "comparison_operator": "GreaterThanThreshold",
            "datapoints_to_alarm": 0,
            "dimensions": {
              "QueueName": "ticketgo-prod-tickets-dlq"
            },
            "evaluate_low_sample_count_percentiles": "",
            "evaluation_periods": 1,
            "extended_statistic": "",
            "id": "ticketgo-prod-dlq-not-empty",
            "insufficient_data_actions": [],
            "metric_name": "ApproximateNumberOfMessagesVisible",
            "metric_query": [],
            "namespace": "AWS/SQS",
            "ok_actions": [],
            "period": 60,
            "statistic": "Sum",
            "tags": {},
            "tags_all": {
              "Environment": "prod",
              "ManagedBy": "Terraform",
              "Owner": "infra-team",
              "Project": "TicketGo-Peru"
            },
            "threshold": 0,
            "threshold_metric_id": "",
            "treat_missing_data": "missing",
            "unit": ""
          },
          "sensitive_attributes": [],
          "identity_schema_version": 0,
          "private": "eyJzY2hlbWFfdmVyc2lvbiI6IjEifQ==",
          "dependencies": [
            "module.async.aws_sns_topic.dlq_alerts",
            "module.async.aws_sqs_queue.tickets_dlq",
            "module.networking.aws_cloudwatch_log_group.vpc_flow_logs",
            "module.networking.aws_eip.nat",
            "module.networking.aws_flow_log.main",
            "module.networking.aws_iam_role.vpc_flow_logs",
            "module.networking.aws_iam_role_policy.vpc_flow_logs",
            "module.networking.aws_internet_gateway.main",
            "module.networking.aws_nat_gateway.main",
            "module.networking.aws_route_table.private_app",
            "module.networking.aws_route_table.private_data",
            "module.networking.aws_route_table.public",
            "module.networking.aws_route_table_association.private_app",
            "module.networking.aws_route_table_association.private_data",
            "module.networking.aws_route_table_association.public",
            "module.networking.aws_security_group.vpc_endpoints",
            "module.networking.aws_subnet.private_app",
            "module.networking.aws_subnet.private_data",
            "module.networking.aws_subnet.public",
            "module.networking.aws_vpc.main",
            "module.networking.aws_vpc_endpoint.cloudwatch_logs",
            "module.networking.aws_vpc_endpoint.ecr_api",
            "module.networking.aws_vpc_endpoint.ecr_dkr",
            "module.networking.aws_vpc_endpoint.s3",
            "module.networking.aws_vpc_endpoint.secretsmanager",
            "module.security.aws_iam_role.backup",
            "module.security.aws_iam_role.ecs_task",
            "module.security.aws_iam_role.ecs_task_execution",
            "module.security.aws_iam_role.lambda_worker",
            "module.security.aws_iam_role_policy.ecs_execution_secrets",
            "module.security.aws_iam_role_policy.ecs_task_app",
            "module.security.aws_iam_role_policy.lambda_worker_policy",
            "module.security.aws_iam_role_policy_attachment.backup_managed",
            "module.security.aws_iam_role_policy_attachment.backup_restore",
            "module.security.aws_iam_role_policy_attachment.ecs_execution_managed",
            "module.security.aws_iam_role_policy_attachment.lambda_vpc",
            "module.security.aws_secretsmanager_secret.db_credentials",
            "module.security.aws_secretsmanager_secret.redis_url",
            "module.security.aws_secretsmanager_secret_version.db_credentials",
            "module.security.aws_security_group.alb",
            "module.security.aws_security_group.ecs",
            "module.security.aws_security_group.lambda",
            "module.security.aws_security_group.rds",
            "module.security.aws_security_group.redis",
            "module.security.random_password.db_password"
          ]
        }
      ]
    },
    {
      "module": "module.async",
      "mode": "managed",
      "type": "aws_lambda_event_source_mapping",
      "name": "sqs_trigger",
      "provider": "provider[\"registry.terraform.io/hashicorp/aws\"]",
      "instances": [
        {
          "schema_version": 0,
          "attributes": {
            "amazon_managed_kafka_event_source_config": [],
            "arn": "arn:aws:lambda:us-east-2:783111403254:event-source-mapping:3e5b90eb-277e-4947-b3c9-45594e9a4ad6",
            "batch_size": 10,
            "bisect_batch_on_function_error": false,
            "destination_config": [],
            "document_db_event_source_config": [],
            "enabled": true,
            "event_source_arn": "arn:aws:sqs:us-east-2:783111403254:ticketgo-prod-tickets",
            "filter_criteria": [
              {
                "filter": [
                  {
                    "pattern": "{\"body\":{\"type\":[\"ticket_purchase\"]}}"
                  }
                ]
              }
            ],
            "function_arn": "arn:aws:lambda:us-east-2:783111403254:function:ticketgo-prod-ticket-worker",
            "function_name": "arn:aws:lambda:us-east-2:783111403254:function:ticketgo-prod-ticket-worker",
            "function_response_types": [
              "ReportBatchItemFailures"
            ],
            "id": "3e5b90eb-277e-4947-b3c9-45594e9a4ad6",
            "kms_key_arn": "",
            "last_modified": "2026-06-20T16:28:57Z",
            "last_processing_result": "",
            "maximum_batching_window_in_seconds": 5,
            "maximum_record_age_in_seconds": 0,
            "maximum_retry_attempts": 0,
            "metrics_config": [],
            "parallelization_factor": 0,
            "provisioned_poller_config": [],
            "queues": [],
            "scaling_config": [],
            "self_managed_event_source": [],
            "self_managed_kafka_event_source_config": [],
            "source_access_configuration": [],
            "starting_position": "",
            "starting_position_timestamp": "",
            "state": "Enabled",
            "state_transition_reason": "USER_INITIATED",
            "tags": {},
            "tags_all": {
              "Environment": "prod",
              "ManagedBy": "Terraform",
              "Owner": "infra-team",
              "Project": "TicketGo-Peru"
            },
            "topics": [],
            "tumbling_window_in_seconds": 0,
            "uuid": "3e5b90eb-277e-4947-b3c9-45594e9a4ad6"
          },
          "sensitive_attributes": [],
          "identity_schema_version": 0,
          "private": "bnVsbA==",
          "dependencies": [
            "module.async.aws_cloudwatch_log_group.lambda",
            "module.async.aws_lambda_function.ticket_worker",
            "module.async.aws_sqs_queue.tickets",
            "module.async.aws_sqs_queue.tickets_dlq",
            "module.async.data.archive_file.placeholder",
            "module.networking.aws_cloudwatch_log_group.vpc_flow_logs",
            "module.networking.aws_eip.nat",
            "module.networking.aws_flow_log.main",
            "module.networking.aws_iam_role.vpc_flow_logs",
            "module.networking.aws_iam_role_policy.vpc_flow_logs",
            "module.networking.aws_internet_gateway.main",
            "module.networking.aws_nat_gateway.main",
            "module.networking.aws_route_table.private_app",
            "module.networking.aws_route_table.private_data",
            "module.networking.aws_route_table.public",
            "module.networking.aws_route_table_association.private_app",
            "module.networking.aws_route_table_association.private_data",
            "module.networking.aws_route_table_association.public",
            "module.networking.aws_security_group.vpc_endpoints",
            "module.networking.aws_subnet.private_app",
            "module.networking.aws_subnet.private_data",
            "module.networking.aws_subnet.public",
            "module.networking.aws_vpc.main",
            "module.networking.aws_vpc_endpoint.cloudwatch_logs",
            "module.networking.aws_vpc_endpoint.ecr_api",
            "module.networking.aws_vpc_endpoint.ecr_dkr",
            "module.networking.aws_vpc_endpoint.s3",
            "module.networking.aws_vpc_endpoint.secretsmanager",
            "module.security.aws_iam_role.backup",
            "module.security.aws_iam_role.ecs_task",
            "module.security.aws_iam_role.ecs_task_execution",
            "module.security.aws_iam_role.lambda_worker",
            "module.security.aws_iam_role_policy.ecs_execution_secrets",
            "module.security.aws_iam_role_policy.ecs_task_app",
            "module.security.aws_iam_role_policy.lambda_worker_policy",
            "module.security.aws_iam_role_policy_attachment.backup_managed",
            "module.security.aws_iam_role_policy_attachment.backup_restore",
            "module.security.aws_iam_role_policy_attachment.ecs_execution_managed",
            "module.security.aws_iam_role_policy_attachment.lambda_vpc",
            "module.security.aws_secretsmanager_secret.db_credentials",
            "module.security.aws_secretsmanager_secret.redis_url",
            "module.security.aws_secretsmanager_secret_version.db_credentials",
            "module.security.aws_security_group.alb",
            "module.security.aws_security_group.ecs",
            "module.security.aws_security_group.lambda",
            "module.security.aws_security_group.rds",
            "module.security.aws_security_group.redis",
            "module.security.random_password.db_password"
          ]
        }
      ]
    },
    {
      "module": "module.async",
      "mode": "managed",
      "type": "aws_lambda_function",
      "name": "ticket_worker",
      "provider": "provider[\"registry.terraform.io/hashicorp/aws\"]",
      "instances": [
        {
          "schema_version": 0,
          "attributes": {
            "architectures": [
              "x86_64"
            ],
            "arn": "arn:aws:lambda:us-east-2:783111403254:function:ticketgo-prod-ticket-worker",
            "code_sha256": "xoLgVvxr+o+OAWA+0+KUoP7WN03eJq0HHIpkKfYQVhc=",
            "code_signing_config_arn": "",
            "dead_letter_config": [],
            "description": "Procesa mensajes SQS de compra de tickets de forma asincrona",
            "environment": [
              {
                "variables": {
                  "DB_SECRET_ARN": "arn:aws:secretsmanager:us-east-2:783111403254:secret:ticketgo/prod/db-credentials-v2-FeSBEF",
                  "ENVIRONMENT": "prod",
                  "SENDER_EMAIL": "notificaciones@ticketgo.pe",
                  "SQS_QUEUE_URL": "https://sqs.us-east-2.amazonaws.com/783111403254/ticketgo-prod-tickets"
                }
              }
            ],
            "ephemeral_storage": [
              {
                "size": 512
              }
            ],
            "file_system_config": [],
            "filename": "../../modules/06-async/placeholder.zip",
            "function_name": "ticketgo-prod-ticket-worker",
            "handler": "index.handler",
            "id": "ticketgo-prod-ticket-worker",
            "image_config": [],
            "image_uri": "",
            "invoke_arn": "arn:aws:apigateway:us-east-2:lambda:path/2015-03-31/functions/arn:aws:lambda:us-east-2:783111403254:function:ticketgo-prod-ticket-worker/invocations",
            "kms_key_arn": "",
            "last_modified": "2026-06-20T16:28:50.410+0000",
            "layers": [],
            "logging_config": [
              {
                "application_log_level": "",
                "log_format": "Text",
                "log_group": "/aws/lambda/ticketgo-prod-ticket-worker",
                "system_log_level": ""
              }
            ],
            "memory_size": 512,
            "package_type": "Zip",
            "publish": false,
            "qualified_arn": "arn:aws:lambda:us-east-2:783111403254:function:ticketgo-prod-ticket-worker:$LATEST",
            "qualified_invoke_arn": "arn:aws:apigateway:us-east-2:lambda:path/2015-03-31/functions/arn:aws:lambda:us-east-2:783111403254:function:ticketgo-prod-ticket-worker:$LATEST/invocations",
            "replace_security_groups_on_destroy": null,
            "replacement_security_group_ids": null,
            "reserved_concurrent_executions": -1,
            "role": "arn:aws:iam::783111403254:role/ticketgo-prod-lambda-worker-role",
            "runtime": "nodejs20.x",
            "s3_bucket": null,
            "s3_key": null,
            "s3_object_version": null,
            "signing_job_arn": "",
            "signing_profile_version_arn": "",
            "skip_destroy": false,
            "snap_start": [],
            "source_code_hash": "kb9jS+UCbmRObXRijnJcZE3/J9NlAEqamGr/JZwHQ0U=",
            "source_code_size": 256,
            "tags": {
              "Name": "ticketgo-prod-ticket-worker"
            },
            "tags_all": {
              "Environment": "prod",
              "ManagedBy": "Terraform",
              "Name": "ticketgo-prod-ticket-worker",
              "Owner": "infra-team",
              "Project": "TicketGo-Peru"
            },
            "timeout": 60,
            "timeouts": null,
            "tracing_config": [
              {
                "mode": "Active"
              }
            ],
            "version": "$LATEST",
            "vpc_config": [
              {
                "ipv6_allowed_for_dual_stack": false,
                "security_group_ids": [
                  "sg-0ff4cd88367cc0f9f"
                ],
                "subnet_ids": [
                  "subnet-0c635ec3737d626b0",
                  "subnet-0fc128a8ec115c2e1"
                ],
                "vpc_id": "vpc-0fc592cefcec04842"
              }
            ]
          },
          "sensitive_attributes": [],
          "identity_schema_version": 0,
          "private": "eyJlMmJmYjczMC1lY2FhLTExZTYtOGY4OC0zNDM2M2JjN2M0YzAiOnsiY3JlYXRlIjo2MDAwMDAwMDAwMDAsImRlbGV0ZSI6NjAwMDAwMDAwMDAwLCJ1cGRhdGUiOjYwMDAwMDAwMDAwMH19",
          "dependencies": [
            "module.async.aws_cloudwatch_log_group.lambda",
            "module.async.aws_sqs_queue.tickets",
            "module.async.aws_sqs_queue.tickets_dlq",
            "module.async.data.archive_file.placeholder",
            "module.networking.aws_cloudwatch_log_group.vpc_flow_logs",
            "module.networking.aws_eip.nat",
            "module.networking.aws_flow_log.main",
            "module.networking.aws_iam_role.vpc_flow_logs",
            "module.networking.aws_iam_role_policy.vpc_flow_logs",
            "module.networking.aws_internet_gateway.main",
            "module.networking.aws_nat_gateway.main",
            "module.networking.aws_route_table.private_app",
            "module.networking.aws_route_table.private_data",
            "module.networking.aws_route_table.public",
            "module.networking.aws_route_table_association.private_app",
            "module.networking.aws_route_table_association.private_data",
            "module.networking.aws_route_table_association.public",
            "module.networking.aws_security_group.vpc_endpoints",
            "module.networking.aws_subnet.private_app",
            "module.networking.aws_subnet.private_data",
            "module.networking.aws_subnet.public",
            "module.networking.aws_vpc.main",
            "module.networking.aws_vpc_endpoint.cloudwatch_logs",
            "module.networking.aws_vpc_endpoint.ecr_api",
            "module.networking.aws_vpc_endpoint.ecr_dkr",
            "module.networking.aws_vpc_endpoint.s3",
            "module.networking.aws_vpc_endpoint.secretsmanager",
            "module.security.aws_iam_role.backup",
            "module.security.aws_iam_role.ecs_task",
            "module.security.aws_iam_role.ecs_task_execution",
            "module.security.aws_iam_role.lambda_worker",
            "module.security.aws_iam_role_policy.ecs_execution_secrets",
            "module.security.aws_iam_role_policy.ecs_task_app",
            "module.security.aws_iam_role_policy.lambda_worker_policy",
            "module.security.aws_iam_role_policy_attachment.backup_managed",
            "module.security.aws_iam_role_policy_attachment.backup_restore",
            "module.security.aws_iam_role_policy_attachment.ecs_execution_managed",
            "module.security.aws_iam_role_policy_attachment.lambda_vpc",
            "module.security.aws_secretsmanager_secret.db_credentials",
            "module.security.aws_secretsmanager_secret.redis_url",
            "module.security.aws_secretsmanager_secret_version.db_credentials",
            "module.security.aws_security_group.alb",
            "module.security.aws_security_group.ecs",
            "module.security.aws_security_group.lambda",
            "module.security.aws_security_group.rds",
            "module.security.aws_security_group.redis",
            "module.security.random_password.db_password"
          ]
        }
      ]
    },
    {
      "module": "module.async",
      "mode": "managed",
      "type": "aws_ses_email_identity",
      "name": "tickets_sender",
      "provider": "provider[\"registry.terraform.io/hashicorp/aws\"]",
      "instances": [
        {
          "schema_version": 0,
          "attributes": {
            "arn": "arn:aws:ses:us-east-2:783111403254:identity/notificaciones@ticketgo.pe",
            "email": "notificaciones@ticketgo.pe",
            "id": "notificaciones@ticketgo.pe"
          },
          "sensitive_attributes": [],
          "identity_schema_version": 0,
          "private": "bnVsbA==",
          "dependencies": [
            "module.networking.aws_cloudwatch_log_group.vpc_flow_logs",
            "module.networking.aws_eip.nat",
            "module.networking.aws_flow_log.main",
            "module.networking.aws_iam_role.vpc_flow_logs",
            "module.networking.aws_iam_role_policy.vpc_flow_logs",
            "module.networking.aws_internet_gateway.main",
            "module.networking.aws_nat_gateway.main",
            "module.networking.aws_route_table.private_app",
            "module.networking.aws_route_table.private_data",
            "module.networking.aws_route_table.public",
            "module.networking.aws_route_table_association.private_app",
            "module.networking.aws_route_table_association.private_data",
            "module.networking.aws_route_table_association.public",
            "module.networking.aws_security_group.vpc_endpoints",
            "module.networking.aws_subnet.private_app",
            "module.networking.aws_subnet.private_data",
            "module.networking.aws_subnet.public",
            "module.networking.aws_vpc.main",
            "module.networking.aws_vpc_endpoint.cloudwatch_logs",
            "module.networking.aws_vpc_endpoint.ecr_api",
            "module.networking.aws_vpc_endpoint.ecr_dkr",
            "module.networking.aws_vpc_endpoint.s3",
            "module.networking.aws_vpc_endpoint.secretsmanager",
            "module.security.aws_iam_role.backup",
            "module.security.aws_iam_role.ecs_task",
            "module.security.aws_iam_role.ecs_task_execution",
            "module.security.aws_iam_role.lambda_worker",
            "module.security.aws_iam_role_policy.ecs_execution_secrets",
            "module.security.aws_iam_role_policy.ecs_task_app",
            "module.security.aws_iam_role_policy.lambda_worker_policy",
            "module.security.aws_iam_role_policy_attachment.backup_managed",
            "module.security.aws_iam_role_policy_attachment.backup_restore",
            "module.security.aws_iam_role_policy_attachment.ecs_execution_managed",
            "module.security.aws_iam_role_policy_attachment.lambda_vpc",
            "module.security.aws_secretsmanager_secret.db_credentials",
            "module.security.aws_secretsmanager_secret.redis_url",
            "module.security.aws_secretsmanager_secret_version.db_credentials",
            "module.security.aws_security_group.alb",
            "module.security.aws_security_group.ecs",
            "module.security.aws_security_group.lambda",
            "module.security.aws_security_group.rds",
            "module.security.aws_security_group.redis",
            "module.security.random_password.db_password"
          ]
        }
      ]
    },
    {
      "module": "module.async",
      "mode": "managed",
      "type": "aws_sns_topic",
      "name": "dlq_alerts",
      "provider": "provider[\"registry.terraform.io/hashicorp/aws\"]",
      "instances": [
        {
          "schema_version": 0,
          "attributes": {
            "application_failure_feedback_role_arn": "",
            "application_success_feedback_role_arn": "",
            "application_success_feedback_sample_rate": 0,
            "archive_policy": "",
            "arn": "arn:aws:sns:us-east-2:783111403254:ticketgo-prod-dlq-alerts",
            "beginning_archive_time": "",
            "content_based_deduplication": false,
            "delivery_policy": "",
            "display_name": "",
            "fifo_throughput_scope": "",
            "fifo_topic": false,
            "firehose_failure_feedback_role_arn": "",
            "firehose_success_feedback_role_arn": "",
            "firehose_success_feedback_sample_rate": 0,
            "http_failure_feedback_role_arn": "",
            "http_success_feedback_role_arn": "",
            "http_success_feedback_sample_rate": 0,
            "id": "arn:aws:sns:us-east-2:783111403254:ticketgo-prod-dlq-alerts",
            "kms_master_key_id": "",
            "lambda_failure_feedback_role_arn": "",
            "lambda_success_feedback_role_arn": "",
            "lambda_success_feedback_sample_rate": 0,
            "name": "ticketgo-prod-dlq-alerts",
            "name_prefix": "",
            "owner": "783111403254",
            "policy": "{\"Id\":\"__default_policy_ID\",\"Statement\":[{\"Action\":[\"SNS:GetTopicAttributes\",\"SNS:SetTopicAttributes\",\"SNS:AddPermission\",\"SNS:RemovePermission\",\"SNS:DeleteTopic\",\"SNS:Subscribe\",\"SNS:ListSubscriptionsByTopic\",\"SNS:Publish\"],\"Condition\":{\"StringEquals\":{\"AWS:SourceOwner\":\"783111403254\"}},\"Effect\":\"Allow\",\"Principal\":{\"AWS\":\"*\"},\"Resource\":\"arn:aws:sns:us-east-2:783111403254:ticketgo-prod-dlq-alerts\",\"Sid\":\"__default_statement_ID\"}],\"Version\":\"2008-10-17\"}",
            "signature_version": 0,
            "sqs_failure_feedback_role_arn": "",
            "sqs_success_feedback_role_arn": "",
            "sqs_success_feedback_sample_rate": 0,
            "tags": {
              "Name": "ticketgo-prod-dlq-alerts"
            },
            "tags_all": {
              "Environment": "prod",
              "ManagedBy": "Terraform",
              "Name": "ticketgo-prod-dlq-alerts",
              "Owner": "infra-team",
              "Project": "TicketGo-Peru"
            },
            "tracing_config": ""
          },
          "sensitive_attributes": [],
          "identity_schema_version": 0,
          "private": "bnVsbA==",
          "dependencies": [
            "module.networking.aws_cloudwatch_log_group.vpc_flow_logs",
            "module.networking.aws_eip.nat",
            "module.networking.aws_flow_log.main",
            "module.networking.aws_iam_role.vpc_flow_logs",
            "module.networking.aws_iam_role_policy.vpc_flow_logs",
            "module.networking.aws_internet_gateway.main",
            "module.networking.aws_nat_gateway.main",
            "module.networking.aws_route_table.private_app",
            "module.networking.aws_route_table.private_data",
            "module.networking.aws_route_table.public",
            "module.networking.aws_route_table_association.private_app",
            "module.networking.aws_route_table_association.private_data",
            "module.networking.aws_route_table_association.public",
            "module.networking.aws_security_group.vpc_endpoints",
            "module.networking.aws_subnet.private_app",
            "module.networking.aws_subnet.private_data",
            "module.networking.aws_subnet.public",
            "module.networking.aws_vpc.main",
            "module.networking.aws_vpc_endpoint.cloudwatch_logs",
            "module.networking.aws_vpc_endpoint.ecr_api",
            "module.networking.aws_vpc_endpoint.ecr_dkr",
            "module.networking.aws_vpc_endpoint.s3",
            "module.networking.aws_vpc_endpoint.secretsmanager",
            "module.security.aws_iam_role.backup",
            "module.security.aws_iam_role.ecs_task",
            "module.security.aws_iam_role.ecs_task_execution",
            "module.security.aws_iam_role.lambda_worker",
            "module.security.aws_iam_role_policy.ecs_execution_secrets",
            "module.security.aws_iam_role_policy.ecs_task_app",
            "module.security.aws_iam_role_policy.lambda_worker_policy",
            "module.security.aws_iam_role_policy_attachment.backup_managed",
            "module.security.aws_iam_role_policy_attachment.backup_restore",
            "module.security.aws_iam_role_policy_attachment.ecs_execution_managed",
            "module.security.aws_iam_role_policy_attachment.lambda_vpc",
            "module.security.aws_secretsmanager_secret.db_credentials",
            "module.security.aws_secretsmanager_secret.redis_url",
            "module.security.aws_secretsmanager_secret_version.db_credentials",
            "module.security.aws_security_group.alb",
            "module.security.aws_security_group.ecs",
            "module.security.aws_security_group.lambda",
            "module.security.aws_security_group.rds",
            "module.security.aws_security_group.redis",
            "module.security.random_password.db_password"
          ]
        }
      ]
    },
    {
      "module": "module.async",
      "mode": "managed",
      "type": "aws_sqs_queue",
      "name": "tickets",
      "provider": "provider[\"registry.terraform.io/hashicorp/aws\"]",
      "instances": [
        {
          "schema_version": 0,
          "attributes": {
            "arn": "arn:aws:sqs:us-east-2:783111403254:ticketgo-prod-tickets",
            "content_based_deduplication": false,
            "deduplication_scope": "",
            "delay_seconds": 0,
            "fifo_queue": false,
            "fifo_throughput_limit": "",
            "id": "https://sqs.us-east-2.amazonaws.com/783111403254/ticketgo-prod-tickets",
            "kms_data_key_reuse_period_seconds": 300,
            "kms_master_key_id": "alias/aws/sqs",
            "max_message_size": 262144,
            "message_retention_seconds": 345600,
            "name": "ticketgo-prod-tickets",
            "name_prefix": "",
            "policy": "",
            "receive_wait_time_seconds": 20,
            "redrive_allow_policy": "",
            "redrive_policy": "{\"deadLetterTargetArn\":\"arn:aws:sqs:us-east-2:783111403254:ticketgo-prod-tickets-dlq\",\"maxReceiveCount\":3}",
            "sqs_managed_sse_enabled": false,
            "tags": {
              "Name": "ticketgo-prod-tickets-queue"
            },
            "tags_all": {
              "Environment": "prod",
              "ManagedBy": "Terraform",
              "Name": "ticketgo-prod-tickets-queue",
              "Owner": "infra-team",
              "Project": "TicketGo-Peru"
            },
            "timeouts": null,
            "url": "https://sqs.us-east-2.amazonaws.com/783111403254/ticketgo-prod-tickets",
            "visibility_timeout_seconds": 300
          },
          "sensitive_attributes": [],
          "identity_schema_version": 0,
          "private": "eyJlMmJmYjczMC1lY2FhLTExZTYtOGY4OC0zNDM2M2JjN2M0YzAiOnsiY3JlYXRlIjoxODAwMDAwMDAwMDAsImRlbGV0ZSI6MTgwMDAwMDAwMDAwLCJ1cGRhdGUiOjE4MDAwMDAwMDAwMH19",
          "dependencies": [
            "module.async.aws_sqs_queue.tickets_dlq",
            "module.networking.aws_cloudwatch_log_group.vpc_flow_logs",
            "module.networking.aws_eip.nat",
            "module.networking.aws_flow_log.main",
            "module.networking.aws_iam_role.vpc_flow_logs",
            "module.networking.aws_iam_role_policy.vpc_flow_logs",
            "module.networking.aws_internet_gateway.main",
            "module.networking.aws_nat_gateway.main",
            "module.networking.aws_route_table.private_app",
            "module.networking.aws_route_table.private_data",
            "module.networking.aws_route_table.public",
            "module.networking.aws_route_table_association.private_app",
            "module.networking.aws_route_table_association.private_data",
            "module.networking.aws_route_table_association.public",
            "module.networking.aws_security_group.vpc_endpoints",
            "module.networking.aws_subnet.private_app",
            "module.networking.aws_subnet.private_data",
            "module.networking.aws_subnet.public",
            "module.networking.aws_vpc.main",
            "module.networking.aws_vpc_endpoint.cloudwatch_logs",
            "module.networking.aws_vpc_endpoint.ecr_api",
            "module.networking.aws_vpc_endpoint.ecr_dkr",
            "module.networking.aws_vpc_endpoint.s3",
            "module.networking.aws_vpc_endpoint.secretsmanager",
            "module.security.aws_iam_role.backup",
            "module.security.aws_iam_role.ecs_task",
            "module.security.aws_iam_role.ecs_task_execution",
            "module.security.aws_iam_role.lambda_worker",
            "module.security.aws_iam_role_policy.ecs_execution_secrets",
            "module.security.aws_iam_role_policy.ecs_task_app",
            "module.security.aws_iam_role_policy.lambda_worker_policy",
            "module.security.aws_iam_role_policy_attachment.backup_managed",
            "module.security.aws_iam_role_policy_attachment.backup_restore",
            "module.security.aws_iam_role_policy_attachment.ecs_execution_managed",
            "module.security.aws_iam_role_policy_attachment.lambda_vpc",
            "module.security.aws_secretsmanager_secret.db_credentials",
            "module.security.aws_secretsmanager_secret.redis_url",
            "module.security.aws_secretsmanager_secret_version.db_credentials",
            "module.security.aws_security_group.alb",
            "module.security.aws_security_group.ecs",
            "module.security.aws_security_group.lambda",
            "module.security.aws_security_group.rds",
            "module.security.aws_security_group.redis",
            "module.security.random_password.db_password"
          ]
        }
      ]
    },
    {
      "module": "module.async",
      "mode": "managed",
      "type": "aws_sqs_queue",
      "name": "tickets_dlq",
      "provider": "provider[\"registry.terraform.io/hashicorp/aws\"]",
      "instances": [
        {
          "schema_version": 0,
          "attributes": {
            "arn": "arn:aws:sqs:us-east-2:783111403254:ticketgo-prod-tickets-dlq",
            "content_based_deduplication": false,
            "deduplication_scope": "",
            "delay_seconds": 0,
            "fifo_queue": false,
            "fifo_throughput_limit": "",
            "id": "https://sqs.us-east-2.amazonaws.com/783111403254/ticketgo-prod-tickets-dlq",
            "kms_data_key_reuse_period_seconds": 300,
            "kms_master_key_id": "alias/aws/sqs",
            "max_message_size": 262144,
            "message_retention_seconds": 1209600,
            "name": "ticketgo-prod-tickets-dlq",
            "name_prefix": "",
            "policy": "",
            "receive_wait_time_seconds": 0,
            "redrive_allow_policy": "",
            "redrive_policy": "",
            "sqs_managed_sse_enabled": false,
            "tags": {
              "Name": "ticketgo-prod-tickets-dlq"
            },
            "tags_all": {
              "Environment": "prod",
              "ManagedBy": "Terraform",
              "Name": "ticketgo-prod-tickets-dlq",
              "Owner": "infra-team",
              "Project": "TicketGo-Peru"
            },
            "timeouts": null,
            "url": "https://sqs.us-east-2.amazonaws.com/783111403254/ticketgo-prod-tickets-dlq",
            "visibility_timeout_seconds": 30
          },
          "sensitive_attributes": [],
          "identity_schema_version": 0,
          "private": "eyJlMmJmYjczMC1lY2FhLTExZTYtOGY4OC0zNDM2M2JjN2M0YzAiOnsiY3JlYXRlIjoxODAwMDAwMDAwMDAsImRlbGV0ZSI6MTgwMDAwMDAwMDAwLCJ1cGRhdGUiOjE4MDAwMDAwMDAwMH19",
          "dependencies": [
            "module.networking.aws_cloudwatch_log_group.vpc_flow_logs",
            "module.networking.aws_eip.nat",
            "module.networking.aws_flow_log.main",
            "module.networking.aws_iam_role.vpc_flow_logs",
            "module.networking.aws_iam_role_policy.vpc_flow_logs",
            "module.networking.aws_internet_gateway.main",
            "module.networking.aws_nat_gateway.main",
            "module.networking.aws_route_table.private_app",
            "module.networking.aws_route_table.private_data",
            "module.networking.aws_route_table.public",
            "module.networking.aws_route_table_association.private_app",
            "module.networking.aws_route_table_association.private_data",
            "module.networking.aws_route_table_association.public",
            "module.networking.aws_security_group.vpc_endpoints",
            "module.networking.aws_subnet.private_app",
            "module.networking.aws_subnet.private_data",
            "module.networking.aws_subnet.public",
            "module.networking.aws_vpc.main",
            "module.networking.aws_vpc_endpoint.cloudwatch_logs",
            "module.networking.aws_vpc_endpoint.ecr_api",
            "module.networking.aws_vpc_endpoint.ecr_dkr",
            "module.networking.aws_vpc_endpoint.s3",
            "module.networking.aws_vpc_endpoint.secretsmanager",
            "module.security.aws_iam_role.backup",
            "module.security.aws_iam_role.ecs_task",
            "module.security.aws_iam_role.ecs_task_execution",
            "module.security.aws_iam_role.lambda_worker",
            "module.security.aws_iam_role_policy.ecs_execution_secrets",
            "module.security.aws_iam_role_policy.ecs_task_app",
            "module.security.aws_iam_role_policy.lambda_worker_policy",
            "module.security.aws_iam_role_policy_attachment.backup_managed",
            "module.security.aws_iam_role_policy_attachment.backup_restore",
            "module.security.aws_iam_role_policy_attachment.ecs_execution_managed",
            "module.security.aws_iam_role_policy_attachment.lambda_vpc",
            "module.security.aws_secretsmanager_secret.db_credentials",
            "module.security.aws_secretsmanager_secret.redis_url",
            "module.security.aws_secretsmanager_secret_version.db_credentials",
            "module.security.aws_security_group.alb",
            "module.security.aws_security_group.ecs",
            "module.security.aws_security_group.lambda",
            "module.security.aws_security_group.rds",
            "module.security.aws_security_group.redis",
            "module.security.random_password.db_password"
          ]
        }
      ]
    },
    {
      "module": "module.async",
      "mode": "managed",
      "type": "local_file",
      "name": "lambda_placeholder",
      "provider": "provider[\"registry.terraform.io/hashicorp/local\"]",
      "instances": [
        {
          "schema_version": 0,
          "attributes": {
            "content": "exports.handler = async (event) =\u003e {\n  console.log('Placeholder Lambda - Deploy via CI/CD pipeline');\n  return { statusCode: 200 };\n};\n",
            "content_base64": null,
            "content_base64sha256": "uA9VBjCi3hGMuMgOTk+bAye10fzcvA+98goruUjjpU0=",
            "content_base64sha512": "zU7L0EolcMoIly8zIMxBIx77Aqe0SowLj10IWBxvwzD29F4kwviqeLzpE+8r/Y18llSKSOczr80I4dHFku4F4Q==",
            "content_md5": "691eb9176c96eec73deef52db7ec4782",
            "content_sha1": "7dfe182f564dfb0771433eca8ef2cae7847bc122",
            "content_sha256": "b80f550630a2de118cb8c80e4e4f9b0327b5d1fcdcbc0fbdf20a2bb948e3a54d",
            "content_sha512": "cd4ecbd04a2570ca08972f3320cc41231efb02a7b44a8c0b8f5d08581c6fc330f6f45e24c2f8aa78bce913ef2bfd8d7c96548a48e733afcd08e1d1c592ee05e1",
            "directory_permission": "0777",
            "file_permission": "0777",
            "filename": "../../modules/06-async/index.js",
            "id": "7dfe182f564dfb0771433eca8ef2cae7847bc122",
            "sensitive_content": null,
            "source": null
          },
          "sensitive_attributes": [
            [
              {
                "type": "get_attr",
                "value": "sensitive_content"
              }
            ]
          ],
          "identity_schema_version": 0,
          "dependencies": [
            "module.networking.aws_cloudwatch_log_group.vpc_flow_logs",
            "module.networking.aws_eip.nat",
            "module.networking.aws_flow_log.main",
            "module.networking.aws_iam_role.vpc_flow_logs",
            "module.networking.aws_iam_role_policy.vpc_flow_logs",
            "module.networking.aws_internet_gateway.main",
            "module.networking.aws_nat_gateway.main",
            "module.networking.aws_route_table.private_app",
            "module.networking.aws_route_table.private_data",
            "module.networking.aws_route_table.public",
            "module.networking.aws_route_table_association.private_app",
            "module.networking.aws_route_table_association.private_data",
            "module.networking.aws_route_table_association.public",
            "module.networking.aws_security_group.vpc_endpoints",
            "module.networking.aws_subnet.private_app",
            "module.networking.aws_subnet.private_data",
            "module.networking.aws_subnet.public",
            "module.networking.aws_vpc.main",
            "module.networking.aws_vpc_endpoint.cloudwatch_logs",
            "module.networking.aws_vpc_endpoint.ecr_api",
            "module.networking.aws_vpc_endpoint.ecr_dkr",
            "module.networking.aws_vpc_endpoint.s3",
            "module.networking.aws_vpc_endpoint.secretsmanager",
            "module.security.aws_iam_role.backup",
            "module.security.aws_iam_role.ecs_task",
            "module.security.aws_iam_role.ecs_task_execution",
            "module.security.aws_iam_role.lambda_worker",
            "module.security.aws_iam_role_policy.ecs_execution_secrets",
            "module.security.aws_iam_role_policy.ecs_task_app",
            "module.security.aws_iam_role_policy.lambda_worker_policy",
            "module.security.aws_iam_role_policy_attachment.backup_managed",
            "module.security.aws_iam_role_policy_attachment.backup_restore",
            "module.security.aws_iam_role_policy_attachment.ecs_execution_managed",
            "module.security.aws_iam_role_policy_attachment.lambda_vpc",
            "module.security.aws_secretsmanager_secret.db_credentials",
            "module.security.aws_secretsmanager_secret.redis_url",
            "module.security.aws_secretsmanager_secret_version.db_credentials",
            "module.security.aws_security_group.alb",
            "module.security.aws_security_group.ecs",
            "module.security.aws_security_group.lambda",
            "module.security.aws_security_group.rds",
            "module.security.aws_security_group.redis",
            "module.security.random_password.db_password"
          ]
        }
      ]
    },
    {
      "module": "module.cache",
      "mode": "managed",
      "type": "aws_elasticache_parameter_group",
      "name": "redis",
      "provider": "provider[\"registry.terraform.io/hashicorp/aws\"]",
      "instances": [
        {
          "schema_version": 0,
          "attributes": {
            "arn": "arn:aws:elasticache:us-east-2:783111403254:parametergroup:ticketgo-prod-redis7-params",
            "description": "Parametros optimizados para cache de eventos TicketGo",
            "family": "redis7",
            "id": "ticketgo-prod-redis7-params",
            "name": "ticketgo-prod-redis7-params",
            "parameter": [
              {
                "name": "maxmemory-policy",
                "value": "allkeys-lru"
              },
              {
                "name": "notify-keyspace-events",
                "value": "Ex"
              }
            ],
            "tags": {
              "Name": "ticketgo-prod-redis7-params"
            },
            "tags_all": {
              "Environment": "prod",
              "ManagedBy": "Terraform",
              "Name": "ticketgo-prod-redis7-params",
              "Owner": "infra-team",
              "Project": "TicketGo-Peru"
            }
          },
          "sensitive_attributes": [],
          "identity_schema_version": 0,
          "private": "bnVsbA==",
          "dependencies": [
            "module.networking.aws_cloudwatch_log_group.vpc_flow_logs",
            "module.networking.aws_eip.nat",
            "module.networking.aws_flow_log.main",
            "module.networking.aws_iam_role.vpc_flow_logs",
            "module.networking.aws_iam_role_policy.vpc_flow_logs",
            "module.networking.aws_internet_gateway.main",
            "module.networking.aws_nat_gateway.main",
            "module.networking.aws_route_table.private_app",
            "module.networking.aws_route_table.private_data",
            "module.networking.aws_route_table.public",
            "module.networking.aws_route_table_association.private_app",
            "module.networking.aws_route_table_association.private_data",
            "module.networking.aws_route_table_association.public",
            "module.networking.aws_security_group.vpc_endpoints",
            "module.networking.aws_subnet.private_app",
            "module.networking.aws_subnet.private_data",
            "module.networking.aws_subnet.public",
            "module.networking.aws_vpc.main",
            "module.networking.aws_vpc_endpoint.cloudwatch_logs",
            "module.networking.aws_vpc_endpoint.ecr_api",
            "module.networking.aws_vpc_endpoint.ecr_dkr",
            "module.networking.aws_vpc_endpoint.s3",
            "module.networking.aws_vpc_endpoint.secretsmanager",
            "module.security.aws_iam_role.backup",
            "module.security.aws_iam_role.ecs_task",
            "module.security.aws_iam_role.ecs_task_execution",
            "module.security.aws_iam_role.lambda_worker",
            "module.security.aws_iam_role_policy.ecs_execution_secrets",
            "module.security.aws_iam_role_policy.ecs_task_app",
            "module.security.aws_iam_role_policy.lambda_worker_policy",
            "module.security.aws_iam_role_policy_attachment.backup_managed",
            "module.security.aws_iam_role_policy_attachment.backup_restore",
            "module.security.aws_iam_role_policy_attachment.ecs_execution_managed",
            "module.security.aws_iam_role_policy_attachment.lambda_vpc",
            "module.security.aws_secretsmanager_secret.db_credentials",
            "module.security.aws_secretsmanager_secret.redis_url",
            "module.security.aws_secretsmanager_secret_version.db_credentials",
            "module.security.aws_security_group.alb",
            "module.security.aws_security_group.ecs",
            "module.security.aws_security_group.lambda",
            "module.security.aws_security_group.rds",
            "module.security.aws_security_group.redis",
            "module.security.random_password.db_password"
          ]
        }
      ]
    },
    {
      "module": "module.cache",
      "mode": "managed",
      "type": "aws_elasticache_replication_group",
      "name": "main",
      "provider": "provider[\"registry.terraform.io/hashicorp/aws\"]",
      "instances": [
        {
          "schema_version": 2,
          "attributes": {
            "apply_immediately": false,
            "arn": "arn:aws:elasticache:us-east-2:783111403254:replicationgroup:ticketgo-prod-redis",
            "at_rest_encryption_enabled": "true",
            "auth_token": "",
            "auth_token_update_strategy": "ROTATE",
            "auto_minor_version_upgrade": "true",
            "automatic_failover_enabled": false,
            "cluster_enabled": false,
            "cluster_mode": "disabled",
            "configuration_endpoint_address": null,
            "data_tiering_enabled": false,
            "description": "Redis cache para catalogo de eventos y sesiones - TicketGo",
            "engine": "redis",
            "engine_version": "7.1",
            "engine_version_actual": "7.1.0",
            "final_snapshot_identifier": "ticketgo-prod-redis-final",
            "global_replication_group_id": null,
            "id": "ticketgo-prod-redis",
            "ip_discovery": "ipv4",
            "kms_key_id": "",
            "log_delivery_configuration": [],
            "maintenance_window": "sun:05:00-sun:06:00",
            "member_clusters": [
              "ticketgo-prod-redis-001"
            ],
            "multi_az_enabled": false,
            "network_type": "ipv4",
            "node_type": "cache.t4g.micro",
            "notification_topic_arn": null,
            "num_cache_clusters": 1,
            "num_node_groups": 1,
            "parameter_group_name": "ticketgo-prod-redis7-params",
            "port": 6379,
            "preferred_cache_cluster_azs": null,
            "primary_endpoint_address": "master.ticketgo-prod-redis.emor7u.use2.cache.amazonaws.com",
            "reader_endpoint_address": "replica.ticketgo-prod-redis.emor7u.use2.cache.amazonaws.com",
            "replicas_per_node_group": 0,
            "replication_group_id": "ticketgo-prod-redis",
            "security_group_ids": [
              "sg-057e8bed4c58eda2f"
            ],
            "security_group_names": [],
            "snapshot_arns": null,
            "snapshot_name": null,
            "snapshot_retention_limit": 7,
            "snapshot_window": "03:00-04:00",
            "subnet_group_name": "ticketgo-prod-redis-subnet-group",
            "tags": {
              "Name": "ticketgo-prod-redis"
            },
            "tags_all": {
              "Environment": "prod",
              "ManagedBy": "Terraform",
              "Name": "ticketgo-prod-redis",
              "Owner": "infra-team",
              "Project": "TicketGo-Peru"
            },
            "timeouts": null,
            "transit_encryption_enabled": true,
            "transit_encryption_mode": "required",
            "user_group_ids": []
          },
          "sensitive_attributes": [
            [
              {
                "type": "get_attr",
                "value": "auth_token"
              }
            ]
          ],
          "identity_schema_version": 0,
          "private": "eyJlMmJmYjczMC1lY2FhLTExZTYtOGY4OC0zNDM2M2JjN2M0YzAiOnsiY3JlYXRlIjozNjAwMDAwMDAwMDAwLCJkZWxldGUiOjI3MDAwMDAwMDAwMDAsInVwZGF0ZSI6MjQwMDAwMDAwMDAwMH0sInNjaGVtYV92ZXJzaW9uIjoiMiJ9",
          "dependencies": [
            "module.cache.aws_elasticache_parameter_group.redis",
            "module.cache.aws_elasticache_subnet_group.main",
            "module.networking.aws_cloudwatch_log_group.vpc_flow_logs",
            "module.networking.aws_eip.nat",
            "module.networking.aws_flow_log.main",
            "module.networking.aws_iam_role.vpc_flow_logs",
            "module.networking.aws_iam_role_policy.vpc_flow_logs",
            "module.networking.aws_internet_gateway.main",
            "module.networking.aws_nat_gateway.main",
            "module.networking.aws_route_table.private_app",
            "module.networking.aws_route_table.private_data",
            "module.networking.aws_route_table.public",
            "module.networking.aws_route_table_association.private_app",
            "module.networking.aws_route_table_association.private_data",
            "module.networking.aws_route_table_association.public",
            "module.networking.aws_security_group.vpc_endpoints",
            "module.networking.aws_subnet.private_app",
            "module.networking.aws_subnet.private_data",
            "module.networking.aws_subnet.public",
            "module.networking.aws_vpc.main",
            "module.networking.aws_vpc_endpoint.cloudwatch_logs",
            "module.networking.aws_vpc_endpoint.ecr_api",
            "module.networking.aws_vpc_endpoint.ecr_dkr",
            "module.networking.aws_vpc_endpoint.s3",
            "module.networking.aws_vpc_endpoint.secretsmanager",
            "module.security.aws_iam_role.backup",
            "module.security.aws_iam_role.ecs_task",
            "module.security.aws_iam_role.ecs_task_execution",
            "module.security.aws_iam_role.lambda_worker",
            "module.security.aws_iam_role_policy.ecs_execution_secrets",
            "module.security.aws_iam_role_policy.ecs_task_app",
            "module.security.aws_iam_role_policy.lambda_worker_policy",
            "module.security.aws_iam_role_policy_attachment.backup_managed",
            "module.security.aws_iam_role_policy_attachment.backup_restore",
            "module.security.aws_iam_role_policy_attachment.ecs_execution_managed",
            "module.security.aws_iam_role_policy_attachment.lambda_vpc",
            "module.security.aws_secretsmanager_secret.db_credentials",
            "module.security.aws_secretsmanager_secret.redis_url",
            "module.security.aws_secretsmanager_secret_version.db_credentials",
            "module.security.aws_security_group.alb",
            "module.security.aws_security_group.ecs",
            "module.security.aws_security_group.lambda",
            "module.security.aws_security_group.rds",
            "module.security.aws_security_group.redis",
            "module.security.random_password.db_password"
          ]
        }
      ]
    },
    {
      "module": "module.cache",
      "mode": "managed",
      "type": "aws_elasticache_subnet_group",
      "name": "main",
      "provider": "provider[\"registry.terraform.io/hashicorp/aws\"]",
      "instances": [
        {
          "schema_version": 0,
          "attributes": {
            "arn": "arn:aws:elasticache:us-east-2:783111403254:subnetgroup:ticketgo-prod-redis-subnet-group",
            "description": "Subnet group para Redis en subredes privadas de datos",
            "id": "ticketgo-prod-redis-subnet-group",
            "name": "ticketgo-prod-redis-subnet-group",
            "subnet_ids": [
              "subnet-065c7554e5bb19ac3",
              "subnet-0d46d4b2ceb3c358e"
            ],
            "tags": {
              "Name": "ticketgo-prod-redis-subnet-group"
            },
            "tags_all": {
              "Environment": "prod",
              "ManagedBy": "Terraform",
              "Name": "ticketgo-prod-redis-subnet-group",
              "Owner": "infra-team",
              "Project": "TicketGo-Peru"
            },
            "vpc_id": "vpc-0fc592cefcec04842"
          },
          "sensitive_attributes": [],
          "identity_schema_version": 0,
          "private": "bnVsbA==",
          "dependencies": [
            "module.networking.aws_cloudwatch_log_group.vpc_flow_logs",
            "module.networking.aws_eip.nat",
            "module.networking.aws_flow_log.main",
            "module.networking.aws_iam_role.vpc_flow_logs",
            "module.networking.aws_iam_role_policy.vpc_flow_logs",
            "module.networking.aws_internet_gateway.main",
            "module.networking.aws_nat_gateway.main",
            "module.networking.aws_route_table.private_app",
            "module.networking.aws_route_table.private_data",
            "module.networking.aws_route_table.public",
            "module.networking.aws_route_table_association.private_app",
            "module.networking.aws_route_table_association.private_data",
            "module.networking.aws_route_table_association.public",
            "module.networking.aws_security_group.vpc_endpoints",
            "module.networking.aws_subnet.private_app",
            "module.networking.aws_subnet.private_data",
            "module.networking.aws_subnet.public",
            "module.networking.aws_vpc.main",
            "module.networking.aws_vpc_endpoint.cloudwatch_logs",
            "module.networking.aws_vpc_endpoint.ecr_api",
            "module.networking.aws_vpc_endpoint.ecr_dkr",
            "module.networking.aws_vpc_endpoint.s3",
            "module.networking.aws_vpc_endpoint.secretsmanager",
            "module.security.aws_iam_role.backup",
            "module.security.aws_iam_role.ecs_task",
            "module.security.aws_iam_role.ecs_task_execution",
            "module.security.aws_iam_role.lambda_worker",
            "module.security.aws_iam_role_policy.ecs_execution_secrets",
            "module.security.aws_iam_role_policy.ecs_task_app",
            "module.security.aws_iam_role_policy.lambda_worker_policy",
            "module.security.aws_iam_role_policy_attachment.backup_managed",
            "module.security.aws_iam_role_policy_attachment.backup_restore",
            "module.security.aws_iam_role_policy_attachment.ecs_execution_managed",
            "module.security.aws_iam_role_policy_attachment.lambda_vpc",
            "module.security.aws_secretsmanager_secret.db_credentials",
            "module.security.aws_secretsmanager_secret.redis_url",
            "module.security.aws_secretsmanager_secret_version.db_credentials",
            "module.security.aws_security_group.alb",
            "module.security.aws_security_group.ecs",
            "module.security.aws_security_group.lambda",
            "module.security.aws_security_group.rds",
            "module.security.aws_security_group.redis",
            "module.security.random_password.db_password"
          ]
        }
      ]
    },
    {
      "module": "module.compute",
      "mode": "data",
      "type": "aws_caller_identity",
      "name": "current",
      "provider": "provider[\"registry.terraform.io/hashicorp/aws\"]",
      "instances": [
        {
          "schema_version": 0,
          "attributes": {
            "account_id": "783111403254",
            "arn": "arn:aws:sts::783111403254:assumed-role/AWSReservedSSO_AdministratorAccess_c672c7d460d5474c/FernandoBenites",
            "id": "783111403254",
            "user_id": "AROA3MVITW33ISZO7GX2C:FernandoBenites"
          },
          "sensitive_attributes": [],
          "identity_schema_version": 0
        }
      ]
    },
    {
      "module": "module.compute",
      "mode": "data",
      "type": "aws_elb_service_account",
      "name": "main",
      "provider": "provider[\"registry.terraform.io/hashicorp/aws\"]",
      "instances": [
        {
          "schema_version": 0,
          "attributes": {
            "arn": "arn:aws:iam::033677994240:root",
            "id": "033677994240",
            "region": null
          },
          "sensitive_attributes": [],
          "identity_schema_version": 0
        }
      ]
    },
    {
      "module": "module.compute",
      "mode": "managed",
      "type": "aws_cloudwatch_log_group",
      "name": "ecs",
      "provider": "provider[\"registry.terraform.io/hashicorp/aws\"]",
      "instances": [
        {
          "schema_version": 0,
          "attributes": {
            "arn": "arn:aws:logs:us-east-2:783111403254:log-group:/ecs/ticketgo-prod/api",
            "id": "/ecs/ticketgo-prod/api",
            "kms_key_id": "",
            "log_group_class": "STANDARD",
            "name": "/ecs/ticketgo-prod/api",
            "name_prefix": "",
            "retention_in_days": 30,
            "skip_destroy": false,
            "tags": {
              "Name": "ticketgo-prod-ecs-logs"
            },
            "tags_all": {
              "Environment": "prod",
              "ManagedBy": "Terraform",
              "Name": "ticketgo-prod-ecs-logs",
              "Owner": "infra-team",
              "Project": "TicketGo-Peru"
            }
          },
          "sensitive_attributes": [],
          "identity_schema_version": 0,
          "private": "bnVsbA==",
          "dependencies": [
            "aws_iam_role.rds_monitoring",
            "module.cache.aws_elasticache_parameter_group.redis",
            "module.cache.aws_elasticache_replication_group.main",
            "module.cache.aws_elasticache_subnet_group.main",
            "module.database.aws_backup_plan.rds",
            "module.database.aws_backup_selection.rds",
            "module.database.aws_backup_vault.main",
            "module.database.aws_db_instance.primary",
            "module.database.aws_db_parameter_group.postgres",
            "module.database.aws_db_subnet_group.main",
            "module.database.aws_kms_alias.backup",
            "module.database.aws_kms_key.backup",
            "module.networking.aws_cloudwatch_log_group.vpc_flow_logs",
            "module.networking.aws_eip.nat",
            "module.networking.aws_flow_log.main",
            "module.networking.aws_iam_role.vpc_flow_logs",
            "module.networking.aws_iam_role_policy.vpc_flow_logs",
            "module.networking.aws_internet_gateway.main",
            "module.networking.aws_nat_gateway.main",
            "module.networking.aws_route_table.private_app",
            "module.networking.aws_route_table.private_data",
            "module.networking.aws_route_table.public",
            "module.networking.aws_route_table_association.private_app",
            "module.networking.aws_route_table_association.private_data",
            "module.networking.aws_route_table_association.public",
            "module.networking.aws_security_group.vpc_endpoints",
            "module.networking.aws_subnet.private_app",
            "module.networking.aws_subnet.private_data",
            "module.networking.aws_subnet.public",
            "module.networking.aws_vpc.main",
            "module.networking.aws_vpc_endpoint.cloudwatch_logs",
            "module.networking.aws_vpc_endpoint.ecr_api",
            "module.networking.aws_vpc_endpoint.ecr_dkr",
            "module.networking.aws_vpc_endpoint.s3",
            "module.networking.aws_vpc_endpoint.secretsmanager",
            "module.security.aws_iam_role.backup",
            "module.security.aws_iam_role.ecs_task",
            "module.security.aws_iam_role.ecs_task_execution",
            "module.security.aws_iam_role.lambda_worker",
            "module.security.aws_iam_role_policy.ecs_execution_secrets",
            "module.security.aws_iam_role_policy.ecs_task_app",
            "module.security.aws_iam_role_policy.lambda_worker_policy",
            "module.security.aws_iam_role_policy_attachment.backup_managed",
            "module.security.aws_iam_role_policy_attachment.backup_restore",
            "module.security.aws_iam_role_policy_attachment.ecs_execution_managed",
            "module.security.aws_iam_role_policy_attachment.lambda_vpc",
            "module.security.aws_secretsmanager_secret.db_credentials",
            "module.security.aws_secretsmanager_secret.redis_url",
            "module.security.aws_secretsmanager_secret_version.db_credentials",
            "module.security.aws_security_group.alb",
            "module.security.aws_security_group.ecs",
            "module.security.aws_security_group.lambda",
            "module.security.aws_security_group.rds",
            "module.security.aws_security_group.redis",
            "module.security.random_password.db_password"
          ]
        }
      ]
    },
    {
      "module": "module.compute",
      "mode": "managed",
      "type": "aws_ecr_lifecycle_policy",
      "name": "api",
      "provider": "provider[\"registry.terraform.io/hashicorp/aws\"]",
      "instances": [
        {
          "schema_version": 0,
          "attributes": {
            "id": "ticketgo-prod-api",
            "policy": "{\"rules\":[{\"action\":{\"type\":\"expire\"},\"description\":\"Mantener las ultimas 10 imagenes tagged\",\"rulePriority\":1,\"selection\":{\"countNumber\":10,\"countType\":\"imageCountMoreThan\",\"tagPrefixList\":[\"v\",\"latest\"],\"tagStatus\":\"tagged\"}},{\"action\":{\"type\":\"expire\"},\"description\":\"Eliminar imagenes sin tag mayores a 7 dias\",\"rulePriority\":2,\"selection\":{\"countNumber\":7,\"countType\":\"sinceImagePushed\",\"countUnit\":\"days\",\"tagStatus\":\"untagged\"}}]}",
            "registry_id": "783111403254",
            "repository": "ticketgo-prod-api"
          },
          "sensitive_attributes": [],
          "identity_schema_version": 0,
          "private": "bnVsbA==",
          "dependencies": [
            "aws_iam_role.rds_monitoring",
            "module.cache.aws_elasticache_parameter_group.redis",
            "module.cache.aws_elasticache_replication_group.main",
            "module.cache.aws_elasticache_subnet_group.main",
            "module.compute.aws_ecr_repository.api",
            "module.database.aws_backup_plan.rds",
            "module.database.aws_backup_selection.rds",
            "module.database.aws_backup_vault.main",
            "module.database.aws_db_instance.primary",
            "module.database.aws_db_parameter_group.postgres",
            "module.database.aws_db_subnet_group.main",
            "module.database.aws_kms_alias.backup",
            "module.database.aws_kms_key.backup",
            "module.networking.aws_cloudwatch_log_group.vpc_flow_logs",
            "module.networking.aws_eip.nat",
            "module.networking.aws_flow_log.main",
            "module.networking.aws_iam_role.vpc_flow_logs",
            "module.networking.aws_iam_role_policy.vpc_flow_logs",
            "module.networking.aws_internet_gateway.main",
            "module.networking.aws_nat_gateway.main",
            "module.networking.aws_route_table.private_app",
            "module.networking.aws_route_table.private_data",
            "module.networking.aws_route_table.public",
            "module.networking.aws_route_table_association.private_app",
            "module.networking.aws_route_table_association.private_data",
            "module.networking.aws_route_table_association.public",
            "module.networking.aws_security_group.vpc_endpoints",
            "module.networking.aws_subnet.private_app",
            "module.networking.aws_subnet.private_data",
            "module.networking.aws_subnet.public",
            "module.networking.aws_vpc.main",
            "module.networking.aws_vpc_endpoint.cloudwatch_logs",
            "module.networking.aws_vpc_endpoint.ecr_api",
            "module.networking.aws_vpc_endpoint.ecr_dkr",
            "module.networking.aws_vpc_endpoint.s3",
            "module.networking.aws_vpc_endpoint.secretsmanager",
            "module.security.aws_iam_role.backup",
            "module.security.aws_iam_role.ecs_task",
            "module.security.aws_iam_role.ecs_task_execution",
            "module.security.aws_iam_role.lambda_worker",
            "module.security.aws_iam_role_policy.ecs_execution_secrets",
            "module.security.aws_iam_role_policy.ecs_task_app",
            "module.security.aws_iam_role_policy.lambda_worker_policy",
            "module.security.aws_iam_role_policy_attachment.backup_managed",
            "module.security.aws_iam_role_policy_attachment.backup_restore",
            "module.security.aws_iam_role_policy_attachment.ecs_execution_managed",
            "module.security.aws_iam_role_policy_attachment.lambda_vpc",
            "module.security.aws_secretsmanager_secret.db_credentials",
            "module.security.aws_secretsmanager_secret.redis_url",
            "module.security.aws_secretsmanager_secret_version.db_credentials",
            "module.security.aws_security_group.alb",
            "module.security.aws_security_group.ecs",
            "module.security.aws_security_group.lambda",
            "module.security.aws_security_group.rds",
            "module.security.aws_security_group.redis",
            "module.security.random_password.db_password"
          ]
        }
      ]
    },
    {
      "module": "module.compute",
      "mode": "managed",
      "type": "aws_ecr_repository",
      "name": "api",
      "provider": "provider[\"registry.terraform.io/hashicorp/aws\"]",
      "instances": [
        {
          "schema_version": 0,
          "attributes": {
            "arn": "arn:aws:ecr:us-east-2:783111403254:repository/ticketgo-prod-api",
            "encryption_configuration": [
              {
                "encryption_type": "KMS",
                "kms_key": "arn:aws:kms:us-east-2:783111403254:key/f5f2f49a-74dc-4023-accd-f1d865724c5e"
              }
            ],
            "force_delete": null,
            "id": "ticketgo-prod-api",
            "image_scanning_configuration": [
              {
                "scan_on_push": true
              }
            ],
            "image_tag_mutability": "MUTABLE",
            "name": "ticketgo-prod-api",
            "registry_id": "783111403254",
            "repository_url": "783111403254.dkr.ecr.us-east-2.amazonaws.com/ticketgo-prod-api",
            "tags": {
              "Name": "ticketgo-prod-ecr-api"
            },
            "tags_all": {
              "Environment": "prod",
              "ManagedBy": "Terraform",
              "Name": "ticketgo-prod-ecr-api",
              "Owner": "infra-team",
              "Project": "TicketGo-Peru"
            },
            "timeouts": null
          },
          "sensitive_attributes": [],
          "identity_schema_version": 0,
          "private": "eyJlMmJmYjczMC1lY2FhLTExZTYtOGY4OC0zNDM2M2JjN2M0YzAiOnsiZGVsZXRlIjoxMjAwMDAwMDAwMDAwfX0=",
          "dependencies": [
            "aws_iam_role.rds_monitoring",
            "module.cache.aws_elasticache_parameter_group.redis",
            "module.cache.aws_elasticache_replication_group.main",
            "module.cache.aws_elasticache_subnet_group.main",
            "module.database.aws_backup_plan.rds",
            "module.database.aws_backup_selection.rds",
            "module.database.aws_backup_vault.main",
            "module.database.aws_db_instance.primary",
            "module.database.aws_db_parameter_group.postgres",
            "module.database.aws_db_subnet_group.main",
            "module.database.aws_kms_alias.backup",
            "module.database.aws_kms_key.backup",
            "module.networking.aws_cloudwatch_log_group.vpc_flow_logs",
            "module.networking.aws_eip.nat",
            "module.networking.aws_flow_log.main",
            "module.networking.aws_iam_role.vpc_flow_logs",
            "module.networking.aws_iam_role_policy.vpc_flow_logs",
            "module.networking.aws_internet_gateway.main",
            "module.networking.aws_nat_gateway.main",
            "module.networking.aws_route_table.private_app",
            "module.networking.aws_route_table.private_data",
            "module.networking.aws_route_table.public",
            "module.networking.aws_route_table_association.private_app",
            "module.networking.aws_route_table_association.private_data",
            "module.networking.aws_route_table_association.public",
            "module.networking.aws_security_group.vpc_endpoints",
            "module.networking.aws_subnet.private_app",
            "module.networking.aws_subnet.private_data",
            "module.networking.aws_subnet.public",
            "module.networking.aws_vpc.main",
            "module.networking.aws_vpc_endpoint.cloudwatch_logs",
            "module.networking.aws_vpc_endpoint.ecr_api",
            "module.networking.aws_vpc_endpoint.ecr_dkr",
            "module.networking.aws_vpc_endpoint.s3",
            "module.networking.aws_vpc_endpoint.secretsmanager",
            "module.security.aws_iam_role.backup",
            "module.security.aws_iam_role.ecs_task",
            "module.security.aws_iam_role.ecs_task_execution",
            "module.security.aws_iam_role.lambda_worker",
            "module.security.aws_iam_role_policy.ecs_execution_secrets",
            "module.security.aws_iam_role_policy.ecs_task_app",
            "module.security.aws_iam_role_policy.lambda_worker_policy",
            "module.security.aws_iam_role_policy_attachment.backup_managed",
            "module.security.aws_iam_role_policy_attachment.backup_restore",
            "module.security.aws_iam_role_policy_attachment.ecs_execution_managed",
            "module.security.aws_iam_role_policy_attachment.lambda_vpc",
            "module.security.aws_secretsmanager_secret.db_credentials",
            "module.security.aws_secretsmanager_secret.redis_url",
            "module.security.aws_secretsmanager_secret_version.db_credentials",
            "module.security.aws_security_group.alb",
            "module.security.aws_security_group.ecs",
            "module.security.aws_security_group.lambda",
            "module.security.aws_security_group.rds",
            "module.security.aws_security_group.redis",
            "module.security.random_password.db_password"
          ]
        }
      ]
    },
    {
      "module": "module.compute",
      "mode": "managed",
      "type": "aws_ecs_cluster",
      "name": "main",
      "provider": "provider[\"registry.terraform.io/hashicorp/aws\"]",
      "instances": [
        {
          "schema_version": 0,
          "attributes": {
            "arn": "arn:aws:ecs:us-east-2:783111403254:cluster/ticketgo-prod-cluster",
            "configuration": [],
            "id": "arn:aws:ecs:us-east-2:783111403254:cluster/ticketgo-prod-cluster",
            "name": "ticketgo-prod-cluster",
            "service_connect_defaults": [],
            "setting": [
              {
                "name": "containerInsights",
                "value": "enabled"
              }
            ],
            "tags": {
              "Name": "ticketgo-prod-ecs-cluster"
            },
            "tags_all": {
              "Environment": "prod",
              "ManagedBy": "Terraform",
              "Name": "ticketgo-prod-ecs-cluster",
              "Owner": "infra-team",
              "Project": "TicketGo-Peru"
            }
          },
          "sensitive_attributes": [],
          "identity_schema_version": 0,
          "private": "bnVsbA==",
          "dependencies": [
            "aws_iam_role.rds_monitoring",
            "module.cache.aws_elasticache_parameter_group.redis",
            "module.cache.aws_elasticache_replication_group.main",
            "module.cache.aws_elasticache_subnet_group.main",
            "module.database.aws_backup_plan.rds",
            "module.database.aws_backup_selection.rds",
            "module.database.aws_backup_vault.main",
            "module.database.aws_db_instance.primary",
            "module.database.aws_db_parameter_group.postgres",
            "module.database.aws_db_subnet_group.main",
            "module.database.aws_kms_alias.backup",
            "module.database.aws_kms_key.backup",
            "module.networking.aws_cloudwatch_log_group.vpc_flow_logs",
            "module.networking.aws_eip.nat",
            "module.networking.aws_flow_log.main",
            "module.networking.aws_iam_role.vpc_flow_logs",
            "module.networking.aws_iam_role_policy.vpc_flow_logs",
            "module.networking.aws_internet_gateway.main",
            "module.networking.aws_nat_gateway.main",
            "module.networking.aws_route_table.private_app",
            "module.networking.aws_route_table.private_data",
            "module.networking.aws_route_table.public",
            "module.networking.aws_route_table_association.private_app",
            "module.networking.aws_route_table_association.private_data",
            "module.networking.aws_route_table_association.public",
            "module.networking.aws_security_group.vpc_endpoints",
            "module.networking.aws_subnet.private_app",
            "module.networking.aws_subnet.private_data",
            "module.networking.aws_subnet.public",
            "module.networking.aws_vpc.main",
            "module.networking.aws_vpc_endpoint.cloudwatch_logs",
            "module.networking.aws_vpc_endpoint.ecr_api",
            "module.networking.aws_vpc_endpoint.ecr_dkr",
            "module.networking.aws_vpc_endpoint.s3",
            "module.networking.aws_vpc_endpoint.secretsmanager",
            "module.security.aws_iam_role.backup",
            "module.security.aws_iam_role.ecs_task",
            "module.security.aws_iam_role.ecs_task_execution",
            "module.security.aws_iam_role.lambda_worker",
            "module.security.aws_iam_role_policy.ecs_execution_secrets",
            "module.security.aws_iam_role_policy.ecs_task_app",
            "module.security.aws_iam_role_policy.lambda_worker_policy",
            "module.security.aws_iam_role_policy_attachment.backup_managed",
            "module.security.aws_iam_role_policy_attachment.backup_restore",
            "module.security.aws_iam_role_policy_attachment.ecs_execution_managed",
            "module.security.aws_iam_role_policy_attachment.lambda_vpc",
            "module.security.aws_secretsmanager_secret.db_credentials",
            "module.security.aws_secretsmanager_secret.redis_url",
            "module.security.aws_secretsmanager_secret_version.db_credentials",
            "module.security.aws_security_group.alb",
            "module.security.aws_security_group.ecs",
            "module.security.aws_security_group.lambda",
            "module.security.aws_security_group.rds",
            "module.security.aws_security_group.redis",
            "module.security.random_password.db_password"
          ]
        }
      ]
    },
    {
      "module": "module.compute",
      "mode": "managed",
      "type": "aws_ecs_cluster_capacity_providers",
      "name": "main",
      "provider": "provider[\"registry.terraform.io/hashicorp/aws\"]",
      "instances": [
        {
          "schema_version": 0,
          "attributes": {
            "capacity_providers": [
              "FARGATE",
              "FARGATE_SPOT"
            ],
            "cluster_name": "ticketgo-prod-cluster",
            "default_capacity_provider_strategy": [
              {
                "base": 1,
                "capacity_provider": "FARGATE",
                "weight": 1
              }
            ],
            "id": "ticketgo-prod-cluster"
          },
          "sensitive_attributes": [],
          "identity_schema_version": 0,
          "private": "bnVsbA==",
          "dependencies": [
            "aws_iam_role.rds_monitoring",
            "module.cache.aws_elasticache_parameter_group.redis",
            "module.cache.aws_elasticache_replication_group.main",
            "module.cache.aws_elasticache_subnet_group.main",
            "module.compute.aws_ecs_cluster.main",
            "module.database.aws_backup_plan.rds",
            "module.database.aws_backup_selection.rds",
            "module.database.aws_backup_vault.main",
            "module.database.aws_db_instance.primary",
            "module.database.aws_db_parameter_group.postgres",
            "module.database.aws_db_subnet_group.main",
            "module.database.aws_kms_alias.backup",
            "module.database.aws_kms_key.backup",
            "module.networking.aws_cloudwatch_log_group.vpc_flow_logs",
            "module.networking.aws_eip.nat",
            "module.networking.aws_flow_log.main",
            "module.networking.aws_iam_role.vpc_flow_logs",
            "module.networking.aws_iam_role_policy.vpc_flow_logs",
            "module.networking.aws_internet_gateway.main",
            "module.networking.aws_nat_gateway.main",
            "module.networking.aws_route_table.private_app",
            "module.networking.aws_route_table.private_data",
            "module.networking.aws_route_table.public",
            "module.networking.aws_route_table_association.private_app",
            "module.networking.aws_route_table_association.private_data",
            "module.networking.aws_route_table_association.public",
            "module.networking.aws_security_group.vpc_endpoints",
            "module.networking.aws_subnet.private_app",
            "module.networking.aws_subnet.private_data",
            "module.networking.aws_subnet.public",
            "module.networking.aws_vpc.main",
            "module.networking.aws_vpc_endpoint.cloudwatch_logs",
            "module.networking.aws_vpc_endpoint.ecr_api",
            "module.networking.aws_vpc_endpoint.ecr_dkr",
            "module.networking.aws_vpc_endpoint.s3",
            "module.networking.aws_vpc_endpoint.secretsmanager",
            "module.security.aws_iam_role.backup",
            "module.security.aws_iam_role.ecs_task",
            "module.security.aws_iam_role.ecs_task_execution",
            "module.security.aws_iam_role.lambda_worker",
            "module.security.aws_iam_role_policy.ecs_execution_secrets",
            "module.security.aws_iam_role_policy.ecs_task_app",
            "module.security.aws_iam_role_policy.lambda_worker_policy",
            "module.security.aws_iam_role_policy_attachment.backup_managed",
            "module.security.aws_iam_role_policy_attachment.backup_restore",
            "module.security.aws_iam_role_policy_attachment.ecs_execution_managed",
            "module.security.aws_iam_role_policy_attachment.lambda_vpc",
            "module.security.aws_secretsmanager_secret.db_credentials",
            "module.security.aws_secretsmanager_secret.redis_url",
            "module.security.aws_secretsmanager_secret_version.db_credentials",
            "module.security.aws_security_group.alb",
            "module.security.aws_security_group.ecs",
            "module.security.aws_security_group.lambda",
            "module.security.aws_security_group.rds",
            "module.security.aws_security_group.redis",
            "module.security.random_password.db_password"
          ]
        }
      ]
    },
    {
      "module": "module.compute",
      "mode": "managed",
      "type": "aws_ecs_task_definition",
      "name": "api",
      "provider": "provider[\"registry.terraform.io/hashicorp/aws\"]",
      "instances": [
        {
          "schema_version": 1,
          "attributes": {
            "arn": "arn:aws:ecs:us-east-2:783111403254:task-definition/ticketgo-prod-api:1",
            "arn_without_revision": "arn:aws:ecs:us-east-2:783111403254:task-definition/ticketgo-prod-api",
            "container_definitions": "[{\"environment\":[{\"name\":\"ASPNETCORE_ENVIRONMENT\",\"value\":\"Production\"},{\"name\":\"ASPNETCORE_URLS\",\"value\":\"http://+:8080\"},{\"name\":\"REDIS_ENDPOINT\",\"value\":\"master.ticketgo-prod-redis.emor7u.use2.cache.amazonaws.com\"}],\"essential\":true,\"healthCheck\":{\"command\":[\"CMD-SHELL\",\"curl -f http://localhost:8080/health || exit 1\"],\"interval\":30,\"retries\":3,\"startPeriod\":60,\"timeout\":10},\"image\":\"PLACEHOLDER_ACCOUNT.dkr.ecr.us-east-2.amazonaws.com/ticketgo-api:latest\",\"logConfiguration\":{\"logDriver\":\"awslogs\",\"options\":{\"awslogs-region\":\"us-east-2\",\"awslogs-stream-prefix\":\"ecs\",\"awslogs-group\":\"/ecs/ticketgo-prod/api\"}},\"mountPoints\":[],\"name\":\"ticketgo-api\",\"portMappings\":[{\"containerPort\":8080,\"hostPort\":8080,\"protocol\":\"tcp\"}],\"secrets\":[{\"name\":\"DB_CONNECTION_STRING\",\"valueFrom\":\"arn:aws:secretsmanager:us-east-2:783111403254:secret:ticketgo/prod/db-credentials-v2-FeSBEF:::\"}],\"systemControls\":[],\"volumesFrom\":[]}]",
            "cpu": "256",
            "enable_fault_injection": false,
            "ephemeral_storage": [],
            "execution_role_arn": "arn:aws:iam::783111403254:role/ticketgo-prod-ecs-execution-role",
            "family": "ticketgo-prod-api",
            "id": "ticketgo-prod-api",
            "inference_accelerator": [],
            "ipc_mode": "",
            "memory": "512",
            "network_mode": "awsvpc",
            "pid_mode": "",
            "placement_constraints": [],
            "proxy_configuration": [],
            "requires_compatibilities": [
              "FARGATE"
            ],
            "revision": 1,
            "runtime_platform": [],
            "skip_destroy": false,
            "tags": {
              "Name": "ticketgo-prod-task-def"
            },
            "tags_all": {
              "Environment": "prod",
              "ManagedBy": "Terraform",
              "Name": "ticketgo-prod-task-def",
              "Owner": "infra-team",
              "Project": "TicketGo-Peru"
            },
            "task_role_arn": "arn:aws:iam::783111403254:role/ticketgo-prod-ecs-task-role",
            "track_latest": false,
            "volume": []
          },
          "sensitive_attributes": [],
          "identity_schema_version": 0,
          "private": "eyJzY2hlbWFfdmVyc2lvbiI6IjEifQ==",
          "dependencies": [
            "aws_iam_role.rds_monitoring",
            "module.cache.aws_elasticache_parameter_group.redis",
            "module.cache.aws_elasticache_replication_group.main",
            "module.cache.aws_elasticache_subnet_group.main",
            "module.compute.aws_cloudwatch_log_group.ecs",
            "module.database.aws_backup_plan.rds",
            "module.database.aws_backup_selection.rds",
            "module.database.aws_backup_vault.main",
            "module.database.aws_db_instance.primary",
            "module.database.aws_db_parameter_group.postgres",
            "module.database.aws_db_subnet_group.main",
            "module.database.aws_kms_alias.backup",
            "module.database.aws_kms_key.backup",
            "module.networking.aws_cloudwatch_log_group.vpc_flow_logs",
            "module.networking.aws_eip.nat",
            "module.networking.aws_flow_log.main",
            "module.networking.aws_iam_role.vpc_flow_logs",
            "module.networking.aws_iam_role_policy.vpc_flow_logs",
            "module.networking.aws_internet_gateway.main",
            "module.networking.aws_nat_gateway.main",
            "module.networking.aws_route_table.private_app",
            "module.networking.aws_route_table.private_data",
            "module.networking.aws_route_table.public",
            "module.networking.aws_route_table_association.private_app",
            "module.networking.aws_route_table_association.private_data",
            "module.networking.aws_route_table_association.public",
            "module.networking.aws_security_group.vpc_endpoints",
            "module.networking.aws_subnet.private_app",
            "module.networking.aws_subnet.private_data",
            "module.networking.aws_subnet.public",
            "module.networking.aws_vpc.main",
            "module.networking.aws_vpc_endpoint.cloudwatch_logs",
            "module.networking.aws_vpc_endpoint.ecr_api",
            "module.networking.aws_vpc_endpoint.ecr_dkr",
            "module.networking.aws_vpc_endpoint.s3",
            "module.networking.aws_vpc_endpoint.secretsmanager",
            "module.security.aws_iam_role.backup",
            "module.security.aws_iam_role.ecs_task",
            "module.security.aws_iam_role.ecs_task_execution",
            "module.security.aws_iam_role.lambda_worker",
            "module.security.aws_iam_role_policy.ecs_execution_secrets",
            "module.security.aws_iam_role_policy.ecs_task_app",
            "module.security.aws_iam_role_policy.lambda_worker_policy",
            "module.security.aws_iam_role_policy_attachment.backup_managed",
            "module.security.aws_iam_role_policy_attachment.backup_restore",
            "module.security.aws_iam_role_policy_attachment.ecs_execution_managed",
            "module.security.aws_iam_role_policy_attachment.lambda_vpc",
            "module.security.aws_secretsmanager_secret.db_credentials",
            "module.security.aws_secretsmanager_secret.redis_url",
            "module.security.aws_secretsmanager_secret_version.db_credentials",
            "module.security.aws_security_group.alb",
            "module.security.aws_security_group.ecs",
            "module.security.aws_security_group.lambda",
            "module.security.aws_security_group.rds",
            "module.security.aws_security_group.redis",
            "module.security.random_password.db_password"
          ]
        }
      ]
    },
    {
      "module": "module.compute",
      "mode": "managed",
      "type": "aws_lb",
      "name": "main",
      "provider": "provider[\"registry.terraform.io/hashicorp/aws\"]",
      "instances": [
        {
          "status": "tainted",
          "schema_version": 0,
          "attributes": {
            "access_logs": [
              {
                "bucket": "ticketgo-prod-alb-logs-783111403254",
                "enabled": true,
                "prefix": "alb-logs"
              }
            ],
            "arn": null,
            "arn_suffix": null,
            "client_keep_alive": 3600,
            "connection_logs": [],
            "customer_owned_ipv4_pool": null,
            "desync_mitigation_mode": "defensive",
            "dns_name": null,
            "dns_record_client_routing_policy": null,
            "drop_invalid_header_fields": false,
            "enable_cross_zone_load_balancing": null,
            "enable_deletion_protection": true,
            "enable_http2": true,
            "enable_tls_version_and_cipher_suite_headers": false,
            "enable_waf_fail_open": false,
            "enable_xff_client_port": false,
            "enable_zonal_shift": false,
            "enforce_security_group_inbound_rules_on_private_link_traffic": null,
            "id": "arn:aws:elasticloadbalancing:us-east-2:783111403254:loadbalancer/app/ticketgo-prod-alb/dc858de230f81371",
            "idle_timeout": 60,
            "internal": false,
            "ip_address_type": null,
            "ipam_pools": [],
            "load_balancer_type": "application",
            "minimum_load_balancer_capacity": [],
            "name": "ticketgo-prod-alb",
            "name_prefix": null,
            "preserve_host_header": false,
            "security_groups": [
              "sg-0121be11807d406b8"
            ],
            "subnet_mapping": [],
            "subnets": [
              "subnet-069842242683f46c3",
              "subnet-0a796061da929cca9"
            ],
            "tags": {
              "Name": "ticketgo-prod-alb"
            },
            "tags_all": {
              "Environment": "prod",
              "ManagedBy": "Terraform",
              "Name": "ticketgo-prod-alb",
              "Owner": "infra-team",
              "Project": "TicketGo-Peru"
            },
            "timeouts": null,
            "vpc_id": null,
            "xff_header_processing_mode": "append",
            "zone_id": null
          },
          "sensitive_attributes": [],
          "identity_schema_version": 0,
          "private": "eyJlMmJmYjczMC1lY2FhLTExZTYtOGY4OC0zNDM2M2JjN2M0YzAiOnsiY3JlYXRlIjo2MDAwMDAwMDAwMDAsImRlbGV0ZSI6NjAwMDAwMDAwMDAwLCJ1cGRhdGUiOjYwMDAwMDAwMDAwMH19",
          "dependencies": [
            "aws_iam_role.rds_monitoring",
            "module.cache.aws_elasticache_parameter_group.redis",
            "module.cache.aws_elasticache_replication_group.main",
            "module.cache.aws_elasticache_subnet_group.main",
            "module.compute.aws_s3_bucket.alb_logs",
            "module.compute.data.aws_caller_identity.current",
            "module.database.aws_backup_plan.rds",
            "module.database.aws_backup_selection.rds",
            "module.database.aws_backup_vault.main",
            "module.database.aws_db_instance.primary",
            "module.database.aws_db_parameter_group.postgres",
            "module.database.aws_db_subnet_group.main",
            "module.database.aws_kms_alias.backup",
            "module.database.aws_kms_key.backup",
            "module.networking.aws_cloudwatch_log_group.vpc_flow_logs",
            "module.networking.aws_eip.nat",
            "module.networking.aws_flow_log.main",
            "module.networking.aws_iam_role.vpc_flow_logs",
            "module.networking.aws_iam_role_policy.vpc_flow_logs",
            "module.networking.aws_internet_gateway.main",
            "module.networking.aws_nat_gateway.main",
            "module.networking.aws_route_table.private_app",
            "module.networking.aws_route_table.private_data",
            "module.networking.aws_route_table.public",
            "module.networking.aws_route_table_association.private_app",
            "module.networking.aws_route_table_association.private_data",
            "module.networking.aws_route_table_association.public",
            "module.networking.aws_security_group.vpc_endpoints",
            "module.networking.aws_subnet.private_app",
            "module.networking.aws_subnet.private_data",
            "module.networking.aws_subnet.public",
            "module.networking.aws_vpc.main",
            "module.networking.aws_vpc_endpoint.cloudwatch_logs",
            "module.networking.aws_vpc_endpoint.ecr_api",
            "module.networking.aws_vpc_endpoint.ecr_dkr",
            "module.networking.aws_vpc_endpoint.s3",
            "module.networking.aws_vpc_endpoint.secretsmanager",
            "module.security.aws_iam_role.backup",
            "module.security.aws_iam_role.ecs_task",
            "module.security.aws_iam_role.ecs_task_execution",
            "module.security.aws_iam_role.lambda_worker",
            "module.security.aws_iam_role_policy.ecs_execution_secrets",
            "module.security.aws_iam_role_policy.ecs_task_app",
            "module.security.aws_iam_role_policy.lambda_worker_policy",
            "module.security.aws_iam_role_policy_attachment.backup_managed",
            "module.security.aws_iam_role_policy_attachment.backup_restore",
            "module.security.aws_iam_role_policy_attachment.ecs_execution_managed",
            "module.security.aws_iam_role_policy_attachment.lambda_vpc",
            "module.security.aws_secretsmanager_secret.db_credentials",
            "module.security.aws_secretsmanager_secret.redis_url",
            "module.security.aws_secretsmanager_secret_version.db_credentials",
            "module.security.aws_security_group.alb",
            "module.security.aws_security_group.ecs",
            "module.security.aws_security_group.lambda",
            "module.security.aws_security_group.rds",
            "module.security.aws_security_group.redis",
            "module.security.random_password.db_password"
          ]
        }
      ]
    },
    {
      "module": "module.compute",
      "mode": "managed",
      "type": "aws_lb_target_group",
      "name": "api",
      "provider": "provider[\"registry.terraform.io/hashicorp/aws\"]",
      "instances": [
        {
          "schema_version": 0,
          "attributes": {
            "arn": "arn:aws:elasticloadbalancing:us-east-2:783111403254:targetgroup/ticketgo-prod-tg-api/1171252b319c80d2",
            "arn_suffix": "targetgroup/ticketgo-prod-tg-api/1171252b319c80d2",
            "connection_termination": null,
            "deregistration_delay": "30",
            "health_check": [
              {
                "enabled": true,
                "healthy_threshold": 2,
                "interval": 30,
                "matcher": "200",
                "path": "/health",
                "port": "traffic-port",
                "protocol": "HTTP",
                "timeout": 10,
                "unhealthy_threshold": 3
              }
            ],
            "id": "arn:aws:elasticloadbalancing:us-east-2:783111403254:targetgroup/ticketgo-prod-tg-api/1171252b319c80d2",
            "ip_address_type": "ipv4",
            "lambda_multi_value_headers_enabled": false,
            "load_balancer_arns": [],
            "load_balancing_algorithm_type": "round_robin",
            "load_balancing_anomaly_mitigation": "off",
            "load_balancing_cross_zone_enabled": "use_load_balancer_configuration",
            "name": "ticketgo-prod-tg-api",
            "name_prefix": "",
            "port": 8080,
            "preserve_client_ip": null,
            "protocol": "HTTP",
            "protocol_version": "HTTP1",
            "proxy_protocol_v2": false,
            "slow_start": 0,
            "stickiness": [
              {
                "cookie_duration": 86400,
                "cookie_name": "",
                "enabled": false,
                "type": "lb_cookie"
              }
            ],
            "tags": {
              "Name": "ticketgo-prod-tg-api"
            },
            "tags_all": {
              "Environment": "prod",
              "ManagedBy": "Terraform",
              "Name": "ticketgo-prod-tg-api",
              "Owner": "infra-team",
              "Project": "TicketGo-Peru"
            },
            "target_failover": [
              {
                "on_deregistration": null,
                "on_unhealthy": null
              }
            ],
            "target_group_health": [
              {
                "dns_failover": [
                  {
                    "minimum_healthy_targets_count": "1",
                    "minimum_healthy_targets_percentage": "off"
                  }
                ],
                "unhealthy_state_routing": [
                  {
                    "minimum_healthy_targets_count": 1,
                    "minimum_healthy_targets_percentage": "off"
                  }
                ]
              }
            ],
            "target_health_state": [
              {
                "enable_unhealthy_connection_termination": null,
                "unhealthy_draining_interval": null
              }
            ],
            "target_type": "ip",
            "vpc_id": "vpc-0fc592cefcec04842"
          },
          "sensitive_attributes": [],
          "identity_schema_version": 0,
          "private": "bnVsbA==",
          "dependencies": [
            "aws_iam_role.rds_monitoring",
            "module.cache.aws_elasticache_parameter_group.redis",
            "module.cache.aws_elasticache_replication_group.main",
            "module.cache.aws_elasticache_subnet_group.main",
            "module.database.aws_backup_plan.rds",
            "module.database.aws_backup_selection.rds",
            "module.database.aws_backup_vault.main",
            "module.database.aws_db_instance.primary",
            "module.database.aws_db_parameter_group.postgres",
            "module.database.aws_db_subnet_group.main",
            "module.database.aws_kms_alias.backup",
            "module.database.aws_kms_key.backup",
            "module.networking.aws_cloudwatch_log_group.vpc_flow_logs",
            "module.networking.aws_eip.nat",
            "module.networking.aws_flow_log.main",
            "module.networking.aws_iam_role.vpc_flow_logs",
            "module.networking.aws_iam_role_policy.vpc_flow_logs",
            "module.networking.aws_internet_gateway.main",
            "module.networking.aws_nat_gateway.main",
            "module.networking.aws_route_table.private_app",
            "module.networking.aws_route_table.private_data",
            "module.networking.aws_route_table.public",
            "module.networking.aws_route_table_association.private_app",
            "module.networking.aws_route_table_association.private_data",
            "module.networking.aws_route_table_association.public",
            "module.networking.aws_security_group.vpc_endpoints",
            "module.networking.aws_subnet.private_app",
            "module.networking.aws_subnet.private_data",
            "module.networking.aws_subnet.public",
            "module.networking.aws_vpc.main",
            "module.networking.aws_vpc_endpoint.cloudwatch_logs",
            "module.networking.aws_vpc_endpoint.ecr_api",
            "module.networking.aws_vpc_endpoint.ecr_dkr",
            "module.networking.aws_vpc_endpoint.s3",
            "module.networking.aws_vpc_endpoint.secretsmanager",
            "module.security.aws_iam_role.backup",
            "module.security.aws_iam_role.ecs_task",
            "module.security.aws_iam_role.ecs_task_execution",
            "module.security.aws_iam_role.lambda_worker",
            "module.security.aws_iam_role_policy.ecs_execution_secrets",
            "module.security.aws_iam_role_policy.ecs_task_app",
            "module.security.aws_iam_role_policy.lambda_worker_policy",
            "module.security.aws_iam_role_policy_attachment.backup_managed",
            "module.security.aws_iam_role_policy_attachment.backup_restore",
            "module.security.aws_iam_role_policy_attachment.ecs_execution_managed",
            "module.security.aws_iam_role_policy_attachment.lambda_vpc",
            "module.security.aws_secretsmanager_secret.db_credentials",
            "module.security.aws_secretsmanager_secret.redis_url",
            "module.security.aws_secretsmanager_secret_version.db_credentials",
            "module.security.aws_security_group.alb",
            "module.security.aws_security_group.ecs",
            "module.security.aws_security_group.lambda",
            "module.security.aws_security_group.rds",
            "module.security.aws_security_group.redis",
            "module.security.random_password.db_password"
          ]
        }
      ]
    },
    {
      "module": "module.compute",
      "mode": "managed",
      "type": "aws_s3_bucket",
      "name": "alb_logs",
      "provider": "provider[\"registry.terraform.io/hashicorp/aws\"]",
      "instances": [
        {
          "schema_version": 0,
          "attributes": {
            "acceleration_status": "",
            "acl": null,
            "arn": "arn:aws:s3:::ticketgo-prod-alb-logs-783111403254",
            "bucket": "ticketgo-prod-alb-logs-783111403254",
            "bucket_domain_name": "ticketgo-prod-alb-logs-783111403254.s3.amazonaws.com",
            "bucket_prefix": "",
            "bucket_regional_domain_name": "ticketgo-prod-alb-logs-783111403254.s3.us-east-2.amazonaws.com",
            "cors_rule": [],
            "force_destroy": false,
            "grant": [
              {
                "id": "038f1597b68aeb08f55f24ceb9b3abd5be15282d4db6c038db9145e958345068",
                "permissions": [
                  "FULL_CONTROL"
                ],
                "type": "CanonicalUser",
                "uri": ""
              }
            ],
            "hosted_zone_id": "Z2O1EMRO9K5GLX",
            "id": "ticketgo-prod-alb-logs-783111403254",
            "lifecycle_rule": [],
            "logging": [],
            "object_lock_configuration": [],
            "object_lock_enabled": false,
            "policy": "",
            "region": "us-east-2",
            "replication_configuration": [],
            "request_payer": "BucketOwner",
            "server_side_encryption_configuration": [
              {
                "rule": [
                  {
                    "apply_server_side_encryption_by_default": [
                      {
                        "kms_master_key_id": "",
                        "sse_algorithm": "AES256"
                      }
                    ],
                    "bucket_key_enabled": false
                  }
                ]
              }
            ],
            "tags": {
              "Name": "ticketgo-prod-alb-logs"
            },
            "tags_all": {
              "Environment": "prod",
              "ManagedBy": "Terraform",
              "Name": "ticketgo-prod-alb-logs",
              "Owner": "infra-team",
              "Project": "TicketGo-Peru"
            },
            "timeouts": null,
            "versioning": [
              {
                "enabled": false,
                "mfa_delete": false
              }
            ],
            "website": [],
            "website_domain": null,
            "website_endpoint": null
          },
          "sensitive_attributes": [],
          "identity_schema_version": 0,
          "private": "eyJlMmJmYjczMC1lY2FhLTExZTYtOGY4OC0zNDM2M2JjN2M0YzAiOnsiY3JlYXRlIjoxMjAwMDAwMDAwMDAwLCJkZWxldGUiOjM2MDAwMDAwMDAwMDAsInJlYWQiOjEyMDAwMDAwMDAwMDAsInVwZGF0ZSI6MTIwMDAwMDAwMDAwMH19",
          "dependencies": [
            "aws_iam_role.rds_monitoring",
            "module.cache.aws_elasticache_parameter_group.redis",
            "module.cache.aws_elasticache_replication_group.main",
            "module.cache.aws_elasticache_subnet_group.main",
            "module.compute.data.aws_caller_identity.current",
            "module.database.aws_backup_plan.rds",
            "module.database.aws_backup_selection.rds",
            "module.database.aws_backup_vault.main",
            "module.database.aws_db_instance.primary",
            "module.database.aws_db_parameter_group.postgres",
            "module.database.aws_db_subnet_group.main",
            "module.database.aws_kms_alias.backup",
            "module.database.aws_kms_key.backup",
            "module.networking.aws_cloudwatch_log_group.vpc_flow_logs",
            "module.networking.aws_eip.nat",
            "module.networking.aws_flow_log.main",
            "module.networking.aws_iam_role.vpc_flow_logs",
            "module.networking.aws_iam_role_policy.vpc_flow_logs",
            "module.networking.aws_internet_gateway.main",
            "module.networking.aws_nat_gateway.main",
            "module.networking.aws_route_table.private_app",
            "module.networking.aws_route_table.private_data",
            "module.networking.aws_route_table.public",
            "module.networking.aws_route_table_association.private_app",
            "module.networking.aws_route_table_association.private_data",
            "module.networking.aws_route_table_association.public",
            "module.networking.aws_security_group.vpc_endpoints",
            "module.networking.aws_subnet.private_app",
            "module.networking.aws_subnet.private_data",
            "module.networking.aws_subnet.public",
            "module.networking.aws_vpc.main",
            "module.networking.aws_vpc_endpoint.cloudwatch_logs",
            "module.networking.aws_vpc_endpoint.ecr_api",
            "module.networking.aws_vpc_endpoint.ecr_dkr",
            "module.networking.aws_vpc_endpoint.s3",
            "module.networking.aws_vpc_endpoint.secretsmanager",
            "module.security.aws_iam_role.backup",
            "module.security.aws_iam_role.ecs_task",
            "module.security.aws_iam_role.ecs_task_execution",
            "module.security.aws_iam_role.lambda_worker",
            "module.security.aws_iam_role_policy.ecs_execution_secrets",
            "module.security.aws_iam_role_policy.ecs_task_app",
            "module.security.aws_iam_role_policy.lambda_worker_policy",
            "module.security.aws_iam_role_policy_attachment.backup_managed",
            "module.security.aws_iam_role_policy_attachment.backup_restore",
            "module.security.aws_iam_role_policy_attachment.ecs_execution_managed",
            "module.security.aws_iam_role_policy_attachment.lambda_vpc",
            "module.security.aws_secretsmanager_secret.db_credentials",
            "module.security.aws_secretsmanager_secret.redis_url",
            "module.security.aws_secretsmanager_secret_version.db_credentials",
            "module.security.aws_security_group.alb",
            "module.security.aws_security_group.ecs",
            "module.security.aws_security_group.lambda",
            "module.security.aws_security_group.rds",
            "module.security.aws_security_group.redis",
            "module.security.random_password.db_password"
          ]
        }
      ]
    },
    {
      "module": "module.compute",
      "mode": "managed",
      "type": "aws_s3_bucket_lifecycle_configuration",
      "name": "alb_logs",
      "provider": "provider[\"registry.terraform.io/hashicorp/aws\"]",
      "instances": [
        {
          "schema_version": 1,
          "attributes": {
            "bucket": "ticketgo-prod-alb-logs-783111403254",
            "expected_bucket_owner": "",
            "id": "ticketgo-prod-alb-logs-783111403254",
            "rule": [
              {
                "abort_incomplete_multipart_upload": [],
                "expiration": [
                  {
                    "date": null,
                    "days": 90,
                    "expired_object_delete_marker": false
                  }
                ],
                "filter": [
                  {
                    "and": [],
                    "object_size_greater_than": null,
                    "object_size_less_than": null,
                    "prefix": "alb-logs/",
                    "tag": []
                  }
                ],
                "id": "expire-old-logs",
                "noncurrent_version_expiration": [],
                "noncurrent_version_transition": [],
                "prefix": "",
                "status": "Enabled",
                "transition": []
              }
            ],
            "timeouts": null,
            "transition_default_minimum_object_size": "all_storage_classes_128K"
          },
          "sensitive_attributes": [],
          "identity_schema_version": 0,
          "dependencies": [
            "aws_iam_role.rds_monitoring",
            "module.cache.aws_elasticache_parameter_group.redis",
            "module.cache.aws_elasticache_replication_group.main",
            "module.cache.aws_elasticache_subnet_group.main",
            "module.compute.aws_s3_bucket.alb_logs",
            "module.compute.data.aws_caller_identity.current",
            "module.database.aws_backup_plan.rds",
            "module.database.aws_backup_selection.rds",
            "module.database.aws_backup_vault.main",
            "module.database.aws_db_instance.primary",
            "module.database.aws_db_parameter_group.postgres",
            "module.database.aws_db_subnet_group.main",
            "module.database.aws_kms_alias.backup",
            "module.database.aws_kms_key.backup",
            "module.networking.aws_cloudwatch_log_group.vpc_flow_logs",
            "module.networking.aws_eip.nat",
            "module.networking.aws_flow_log.main",
            "module.networking.aws_iam_role.vpc_flow_logs",
            "module.networking.aws_iam_role_policy.vpc_flow_logs",
            "module.networking.aws_internet_gateway.main",
            "module.networking.aws_nat_gateway.main",
            "module.networking.aws_route_table.private_app",
            "module.networking.aws_route_table.private_data",
            "module.networking.aws_route_table.public",
            "module.networking.aws_route_table_association.private_app",
            "module.networking.aws_route_table_association.private_data",
            "module.networking.aws_route_table_association.public",
            "module.networking.aws_security_group.vpc_endpoints",
            "module.networking.aws_subnet.private_app",
            "module.networking.aws_subnet.private_data",
            "module.networking.aws_subnet.public",
            "module.networking.aws_vpc.main",
            "module.networking.aws_vpc_endpoint.cloudwatch_logs",
            "module.networking.aws_vpc_endpoint.ecr_api",
            "module.networking.aws_vpc_endpoint.ecr_dkr",
            "module.networking.aws_vpc_endpoint.s3",
            "module.networking.aws_vpc_endpoint.secretsmanager",
            "module.security.aws_iam_role.backup",
            "module.security.aws_iam_role.ecs_task",
            "module.security.aws_iam_role.ecs_task_execution",
            "module.security.aws_iam_role.lambda_worker",
            "module.security.aws_iam_role_policy.ecs_execution_secrets",
            "module.security.aws_iam_role_policy.ecs_task_app",
            "module.security.aws_iam_role_policy.lambda_worker_policy",
            "module.security.aws_iam_role_policy_attachment.backup_managed",
            "module.security.aws_iam_role_policy_attachment.backup_restore",
            "module.security.aws_iam_role_policy_attachment.ecs_execution_managed",
            "module.security.aws_iam_role_policy_attachment.lambda_vpc",
            "module.security.aws_secretsmanager_secret.db_credentials",
            "module.security.aws_secretsmanager_secret.redis_url",
            "module.security.aws_secretsmanager_secret_version.db_credentials",
            "module.security.aws_security_group.alb",
            "module.security.aws_security_group.ecs",
            "module.security.aws_security_group.lambda",
            "module.security.aws_security_group.rds",
            "module.security.aws_security_group.redis",
            "module.security.random_password.db_password"
          ]
        }
      ]
    },
    {
      "module": "module.compute",
      "mode": "managed",
      "type": "aws_s3_bucket_policy",
      "name": "alb_logs",
      "provider": "provider[\"registry.terraform.io/hashicorp/aws\"]",
      "instances": [
        {
          "schema_version": 0,
          "attributes": {
            "bucket": "ticketgo-prod-alb-logs-783111403254",
            "id": "ticketgo-prod-alb-logs-783111403254",
            "policy": "{\"Statement\":[{\"Action\":\"s3:PutObject\",\"Effect\":\"Allow\",\"Principal\":{\"AWS\":\"arn:aws:iam::033677994240:root\"},\"Resource\":\"arn:aws:s3:::ticketgo-prod-alb-logs-783111403254/alb-logs/AWSLogs/783111403254/*\"}],\"Version\":\"2012-10-17\"}"
          },
          "sensitive_attributes": [],
          "identity_schema_version": 0,
          "private": "bnVsbA==",
          "dependencies": [
            "aws_iam_role.rds_monitoring",
            "module.cache.aws_elasticache_parameter_group.redis",
            "module.cache.aws_elasticache_replication_group.main",
            "module.cache.aws_elasticache_subnet_group.main",
            "module.compute.aws_s3_bucket.alb_logs",
            "module.compute.data.aws_caller_identity.current",
            "module.compute.data.aws_elb_service_account.main",
            "module.database.aws_backup_plan.rds",
            "module.database.aws_backup_selection.rds",
            "module.database.aws_backup_vault.main",
            "module.database.aws_db_instance.primary",
            "module.database.aws_db_parameter_group.postgres",
            "module.database.aws_db_subnet_group.main",
            "module.database.aws_kms_alias.backup",
            "module.database.aws_kms_key.backup",
            "module.networking.aws_cloudwatch_log_group.vpc_flow_logs",
            "module.networking.aws_eip.nat",
            "module.networking.aws_flow_log.main",
            "module.networking.aws_iam_role.vpc_flow_logs",
            "module.networking.aws_iam_role_policy.vpc_flow_logs",
            "module.networking.aws_internet_gateway.main",
            "module.networking.aws_nat_gateway.main",
            "module.networking.aws_route_table.private_app",
            "module.networking.aws_route_table.private_data",
            "module.networking.aws_route_table.public",
            "module.networking.aws_route_table_association.private_app",
            "module.networking.aws_route_table_association.private_data",
            "module.networking.aws_route_table_association.public",
            "module.networking.aws_security_group.vpc_endpoints",
            "module.networking.aws_subnet.private_app",
            "module.networking.aws_subnet.private_data",
            "module.networking.aws_subnet.public",
            "module.networking.aws_vpc.main",
            "module.networking.aws_vpc_endpoint.cloudwatch_logs",
            "module.networking.aws_vpc_endpoint.ecr_api",
            "module.networking.aws_vpc_endpoint.ecr_dkr",
            "module.networking.aws_vpc_endpoint.s3",
            "module.networking.aws_vpc_endpoint.secretsmanager",
            "module.security.aws_iam_role.backup",
            "module.security.aws_iam_role.ecs_task",
            "module.security.aws_iam_role.ecs_task_execution",
            "module.security.aws_iam_role.lambda_worker",
            "module.security.aws_iam_role_policy.ecs_execution_secrets",
            "module.security.aws_iam_role_policy.ecs_task_app",
            "module.security.aws_iam_role_policy.lambda_worker_policy",
            "module.security.aws_iam_role_policy_attachment.backup_managed",
            "module.security.aws_iam_role_policy_attachment.backup_restore",
            "module.security.aws_iam_role_policy_attachment.ecs_execution_managed",
            "module.security.aws_iam_role_policy_attachment.lambda_vpc",
            "module.security.aws_secretsmanager_secret.db_credentials",
            "module.security.aws_secretsmanager_secret.redis_url",
            "module.security.aws_secretsmanager_secret_version.db_credentials",
            "module.security.aws_security_group.alb",
            "module.security.aws_security_group.ecs",
            "module.security.aws_security_group.lambda",
            "module.security.aws_security_group.rds",
            "module.security.aws_security_group.redis",
            "module.security.random_password.db_password"
          ]
        }
      ]
    },
    {
      "module": "module.compute",
      "mode": "managed",
      "type": "aws_s3_bucket_public_access_block",
      "name": "alb_logs",
      "provider": "provider[\"registry.terraform.io/hashicorp/aws\"]",
      "instances": [
        {
          "schema_version": 0,
          "attributes": {
            "block_public_acls": true,
            "block_public_policy": true,
            "bucket": "ticketgo-prod-alb-logs-783111403254",
            "id": "ticketgo-prod-alb-logs-783111403254",
            "ignore_public_acls": true,
            "restrict_public_buckets": true
          },
          "sensitive_attributes": [],
          "identity_schema_version": 0,
          "private": "bnVsbA==",
          "dependencies": [
            "aws_iam_role.rds_monitoring",
            "module.cache.aws_elasticache_parameter_group.redis",
            "module.cache.aws_elasticache_replication_group.main",
            "module.cache.aws_elasticache_subnet_group.main",
            "module.compute.aws_s3_bucket.alb_logs",
            "module.compute.data.aws_caller_identity.current",
            "module.database.aws_backup_plan.rds",
            "module.database.aws_backup_selection.rds",
            "module.database.aws_backup_vault.main",
            "module.database.aws_db_instance.primary",
            "module.database.aws_db_parameter_group.postgres",
            "module.database.aws_db_subnet_group.main",
            "module.database.aws_kms_alias.backup",
            "module.database.aws_kms_key.backup",
            "module.networking.aws_cloudwatch_log_group.vpc_flow_logs",
            "module.networking.aws_eip.nat",
            "module.networking.aws_flow_log.main",
            "module.networking.aws_iam_role.vpc_flow_logs",
            "module.networking.aws_iam_role_policy.vpc_flow_logs",
            "module.networking.aws_internet_gateway.main",
            "module.networking.aws_nat_gateway.main",
            "module.networking.aws_route_table.private_app",
            "module.networking.aws_route_table.private_data",
            "module.networking.aws_route_table.public",
            "module.networking.aws_route_table_association.private_app",
            "module.networking.aws_route_table_association.private_data",
            "module.networking.aws_route_table_association.public",
            "module.networking.aws_security_group.vpc_endpoints",
            "module.networking.aws_subnet.private_app",
            "module.networking.aws_subnet.private_data",
            "module.networking.aws_subnet.public",
            "module.networking.aws_vpc.main",
            "module.networking.aws_vpc_endpoint.cloudwatch_logs",
            "module.networking.aws_vpc_endpoint.ecr_api",
            "module.networking.aws_vpc_endpoint.ecr_dkr",
            "module.networking.aws_vpc_endpoint.s3",
            "module.networking.aws_vpc_endpoint.secretsmanager",
            "module.security.aws_iam_role.backup",
            "module.security.aws_iam_role.ecs_task",
            "module.security.aws_iam_role.ecs_task_execution",
            "module.security.aws_iam_role.lambda_worker",
            "module.security.aws_iam_role_policy.ecs_execution_secrets",
            "module.security.aws_iam_role_policy.ecs_task_app",
            "module.security.aws_iam_role_policy.lambda_worker_policy",
            "module.security.aws_iam_role_policy_attachment.backup_managed",
            "module.security.aws_iam_role_policy_attachment.backup_restore",
            "module.security.aws_iam_role_policy_attachment.ecs_execution_managed",
            "module.security.aws_iam_role_policy_attachment.lambda_vpc",
            "module.security.aws_secretsmanager_secret.db_credentials",
            "module.security.aws_secretsmanager_secret.redis_url",
            "module.security.aws_secretsmanager_secret_version.db_credentials",
            "module.security.aws_security_group.alb",
            "module.security.aws_security_group.ecs",
            "module.security.aws_security_group.lambda",
            "module.security.aws_security_group.rds",
            "module.security.aws_security_group.redis",
            "module.security.random_password.db_password"
          ]
        }
      ]
    },
    {
      "module": "module.compute",
      "mode": "managed",
      "type": "aws_s3_bucket_server_side_encryption_configuration",
      "name": "alb_logs",
      "provider": "provider[\"registry.terraform.io/hashicorp/aws\"]",
      "instances": [
        {
          "schema_version": 0,
          "attributes": {
            "bucket": "ticketgo-prod-alb-logs-783111403254",
            "expected_bucket_owner": "",
            "id": "ticketgo-prod-alb-logs-783111403254",
            "rule": [
              {
                "apply_server_side_encryption_by_default": [
                  {
                    "kms_master_key_id": "",
                    "sse_algorithm": "AES256"
                  }
                ],
                "bucket_key_enabled": null
              }
            ]
          },
          "sensitive_attributes": [],
          "identity_schema_version": 0,
          "private": "bnVsbA==",
          "dependencies": [
            "aws_iam_role.rds_monitoring",
            "module.cache.aws_elasticache_parameter_group.redis",
            "module.cache.aws_elasticache_replication_group.main",
            "module.cache.aws_elasticache_subnet_group.main",
            "module.compute.aws_s3_bucket.alb_logs",
            "module.compute.data.aws_caller_identity.current",
            "module.database.aws_backup_plan.rds",
            "module.database.aws_backup_selection.rds",
            "module.database.aws_backup_vault.main",
            "module.database.aws_db_instance.primary",
            "module.database.aws_db_parameter_group.postgres",
            "module.database.aws_db_subnet_group.main",
            "module.database.aws_kms_alias.backup",
            "module.database.aws_kms_key.backup",
            "module.networking.aws_cloudwatch_log_group.vpc_flow_logs",
            "module.networking.aws_eip.nat",
            "module.networking.aws_flow_log.main",
            "module.networking.aws_iam_role.vpc_flow_logs",
            "module.networking.aws_iam_role_policy.vpc_flow_logs",
            "module.networking.aws_internet_gateway.main",
            "module.networking.aws_nat_gateway.main",
            "module.networking.aws_route_table.private_app",
            "module.networking.aws_route_table.private_data",
            "module.networking.aws_route_table.public",
            "module.networking.aws_route_table_association.private_app",
            "module.networking.aws_route_table_association.private_data",
            "module.networking.aws_route_table_association.public",
            "module.networking.aws_security_group.vpc_endpoints",
            "module.networking.aws_subnet.private_app",
            "module.networking.aws_subnet.private_data",
            "module.networking.aws_subnet.public",
            "module.networking.aws_vpc.main",
            "module.networking.aws_vpc_endpoint.cloudwatch_logs",
            "module.networking.aws_vpc_endpoint.ecr_api",
            "module.networking.aws_vpc_endpoint.ecr_dkr",
            "module.networking.aws_vpc_endpoint.s3",
            "module.networking.aws_vpc_endpoint.secretsmanager",
            "module.security.aws_iam_role.backup",
            "module.security.aws_iam_role.ecs_task",
            "module.security.aws_iam_role.ecs_task_execution",
            "module.security.aws_iam_role.lambda_worker",
            "module.security.aws_iam_role_policy.ecs_execution_secrets",
            "module.security.aws_iam_role_policy.ecs_task_app",
            "module.security.aws_iam_role_policy.lambda_worker_policy",
            "module.security.aws_iam_role_policy_attachment.backup_managed",
            "module.security.aws_iam_role_policy_attachment.backup_restore",
            "module.security.aws_iam_role_policy_attachment.ecs_execution_managed",
            "module.security.aws_iam_role_policy_attachment.lambda_vpc",
            "module.security.aws_secretsmanager_secret.db_credentials",
            "module.security.aws_secretsmanager_secret.redis_url",
            "module.security.aws_secretsmanager_secret_version.db_credentials",
            "module.security.aws_security_group.alb",
            "module.security.aws_security_group.ecs",
            "module.security.aws_security_group.lambda",
            "module.security.aws_security_group.rds",
            "module.security.aws_security_group.redis",
            "module.security.random_password.db_password"
          ]
        }
      ]
    },
    {
      "module": "module.compute",
      "mode": "managed",
      "type": "aws_s3_bucket_versioning",
      "name": "alb_logs",
      "provider": "provider[\"registry.terraform.io/hashicorp/aws\"]",
      "instances": [
        {
          "schema_version": 0,
          "attributes": {
            "bucket": "ticketgo-prod-alb-logs-783111403254",
            "expected_bucket_owner": "",
            "id": "ticketgo-prod-alb-logs-783111403254",
            "mfa": null,
            "versioning_configuration": [
              {
                "mfa_delete": "",
                "status": "Enabled"
              }
            ]
          },
          "sensitive_attributes": [],
          "identity_schema_version": 0,
          "private": "bnVsbA==",
          "dependencies": [
            "aws_iam_role.rds_monitoring",
            "module.cache.aws_elasticache_parameter_group.redis",
            "module.cache.aws_elasticache_replication_group.main",
            "module.cache.aws_elasticache_subnet_group.main",
            "module.compute.aws_s3_bucket.alb_logs",
            "module.compute.data.aws_caller_identity.current",
            "module.database.aws_backup_plan.rds",
            "module.database.aws_backup_selection.rds",
            "module.database.aws_backup_vault.main",
            "module.database.aws_db_instance.primary",
            "module.database.aws_db_parameter_group.postgres",
            "module.database.aws_db_subnet_group.main",
            "module.database.aws_kms_alias.backup",
            "module.database.aws_kms_key.backup",
            "module.networking.aws_cloudwatch_log_group.vpc_flow_logs",
            "module.networking.aws_eip.nat",
            "module.networking.aws_flow_log.main",
            "module.networking.aws_iam_role.vpc_flow_logs",
            "module.networking.aws_iam_role_policy.vpc_flow_logs",
            "module.networking.aws_internet_gateway.main",
            "module.networking.aws_nat_gateway.main",
            "module.networking.aws_route_table.private_app",
            "module.networking.aws_route_table.private_data",
            "module.networking.aws_route_table.public",
            "module.networking.aws_route_table_association.private_app",
            "module.networking.aws_route_table_association.private_data",
            "module.networking.aws_route_table_association.public",
            "module.networking.aws_security_group.vpc_endpoints",
            "module.networking.aws_subnet.private_app",
            "module.networking.aws_subnet.private_data",
            "module.networking.aws_subnet.public",
            "module.networking.aws_vpc.main",
            "module.networking.aws_vpc_endpoint.cloudwatch_logs",
            "module.networking.aws_vpc_endpoint.ecr_api",
            "module.networking.aws_vpc_endpoint.ecr_dkr",
            "module.networking.aws_vpc_endpoint.s3",
            "module.networking.aws_vpc_endpoint.secretsmanager",
            "module.security.aws_iam_role.backup",
            "module.security.aws_iam_role.ecs_task",
            "module.security.aws_iam_role.ecs_task_execution",
            "module.security.aws_iam_role.lambda_worker",
            "module.security.aws_iam_role_policy.ecs_execution_secrets",
            "module.security.aws_iam_role_policy.ecs_task_app",
            "module.security.aws_iam_role_policy.lambda_worker_policy",
            "module.security.aws_iam_role_policy_attachment.backup_managed",
            "module.security.aws_iam_role_policy_attachment.backup_restore",
            "module.security.aws_iam_role_policy_attachment.ecs_execution_managed",
            "module.security.aws_iam_role_policy_attachment.lambda_vpc",
            "module.security.aws_secretsmanager_secret.db_credentials",
            "module.security.aws_secretsmanager_secret.redis_url",
            "module.security.aws_secretsmanager_secret_version.db_credentials",
            "module.security.aws_security_group.alb",
            "module.security.aws_security_group.ecs",
            "module.security.aws_security_group.lambda",
            "module.security.aws_security_group.rds",
            "module.security.aws_security_group.redis",
            "module.security.random_password.db_password"
          ]
        }
      ]
    },
    {
      "module": "module.database",
      "mode": "managed",
      "type": "aws_backup_plan",
      "name": "rds",
      "provider": "provider[\"registry.terraform.io/hashicorp/aws\"]",
      "instances": [
        {
          "schema_version": 1,
          "attributes": {
            "advanced_backup_setting": [],
            "arn": "arn:aws:backup:us-east-2:783111403254:backup-plan:c7044ad0-afb7-4463-8c05-f57078581d75",
            "id": "c7044ad0-afb7-4463-8c05-f57078581d75",
            "name": "ticketgo-prod-rds-backup-plan",
            "rule": [
              {
                "completion_window": 180,
                "copy_action": [],
                "enable_continuous_backup": false,
                "lifecycle": [
                  {
                    "cold_storage_after": 0,
                    "delete_after": 35,
                    "opt_in_to_archive_for_supported_resources": false
                  }
                ],
                "recovery_point_tags": {},
                "rule_name": "daily-backup-35-days",
                "schedule": "cron(0 1 * * ? *)",
                "schedule_expression_timezone": "Etc/UTC",
                "start_window": 60,
                "target_vault_name": "ticketgo-prod-backup-vault"
              },
              {
                "completion_window": 180,
                "copy_action": [],
                "enable_continuous_backup": false,
                "lifecycle": [
                  {
                    "cold_storage_after": 0,
                    "delete_after": 365,
                    "opt_in_to_archive_for_supported_resources": false
                  }
                ],
                "recovery_point_tags": {},
                "rule_name": "monthly-backup-1-year",
                "schedule": "cron(0 1 1 * ? *)",
                "schedule_expression_timezone": "Etc/UTC",
                "start_window": 60,
                "target_vault_name": "ticketgo-prod-backup-vault"
              },
              {
                "completion_window": 180,
                "copy_action": [],
                "enable_continuous_backup": false,
                "lifecycle": [
                  {
                    "cold_storage_after": 0,
                    "delete_after": 90,
                    "opt_in_to_archive_for_supported_resources": false
                  }
                ],
                "recovery_point_tags": {},
                "rule_name": "weekly-backup-90-days",
                "schedule": "cron(0 1 ? * SUN *)",
                "schedule_expression_timezone": "Etc/UTC",
                "start_window": 60,
                "target_vault_name": "ticketgo-prod-backup-vault"
              }
            ],
            "tags": {
              "Name": "ticketgo-prod-rds-backup-plan"
            },
            "tags_all": {
              "Environment": "prod",
              "ManagedBy": "Terraform",
              "Name": "ticketgo-prod-rds-backup-plan",
              "Owner": "infra-team",
              "Project": "TicketGo-Peru"
            },
            "version": "YzVkYWIzNmMtYTczYi00YTM1LTk4YjctNmFmNmZlZDEyZjJm"
          },
          "sensitive_attributes": [],
          "identity_schema_version": 0,
          "private": "eyJzY2hlbWFfdmVyc2lvbiI6IjEifQ==",
          "dependencies": [
            "module.database.aws_backup_vault.main",
            "module.networking.aws_cloudwatch_log_group.vpc_flow_logs",
            "module.networking.aws_eip.nat",
            "module.networking.aws_flow_log.main",
            "module.networking.aws_iam_role.vpc_flow_logs",
            "module.networking.aws_iam_role_policy.vpc_flow_logs",
            "module.networking.aws_internet_gateway.main",
            "module.networking.aws_nat_gateway.main",
            "module.networking.aws_route_table.private_app",
            "module.networking.aws_route_table.private_data",
            "module.networking.aws_route_table.public",
            "module.networking.aws_route_table_association.private_app",
            "module.networking.aws_route_table_association.private_data",
            "module.networking.aws_route_table_association.public",
            "module.networking.aws_security_group.vpc_endpoints",
            "module.networking.aws_subnet.private_app",
            "module.networking.aws_subnet.private_data",
            "module.networking.aws_subnet.public",
            "module.networking.aws_vpc.main",
            "module.networking.aws_vpc_endpoint.cloudwatch_logs",
            "module.networking.aws_vpc_endpoint.ecr_api",
            "module.networking.aws_vpc_endpoint.ecr_dkr",
            "module.networking.aws_vpc_endpoint.s3",
            "module.networking.aws_vpc_endpoint.secretsmanager",
            "module.security.aws_iam_role.backup",
            "module.security.aws_iam_role.ecs_task",
            "module.security.aws_iam_role.ecs_task_execution",
            "module.security.aws_iam_role.lambda_worker",
            "module.security.aws_iam_role_policy.ecs_execution_secrets",
            "module.security.aws_iam_role_policy.ecs_task_app",
            "module.security.aws_iam_role_policy.lambda_worker_policy",
            "module.security.aws_iam_role_policy_attachment.backup_managed",
            "module.security.aws_iam_role_policy_attachment.backup_restore",
            "module.security.aws_iam_role_policy_attachment.ecs_execution_managed",
            "module.security.aws_iam_role_policy_attachment.lambda_vpc",
            "module.security.aws_secretsmanager_secret.db_credentials",
            "module.security.aws_secretsmanager_secret.redis_url",
            "module.security.aws_secretsmanager_secret_version.db_credentials",
            "module.security.aws_security_group.alb",
            "module.security.aws_security_group.ecs",
            "module.security.aws_security_group.lambda",
            "module.security.aws_security_group.rds",
            "module.security.aws_security_group.redis",
            "module.security.random_password.db_password"
          ]
        }
      ]
    },
    {
      "module": "module.database",
      "mode": "managed",
      "type": "aws_backup_selection",
      "name": "rds",
      "provider": "provider[\"registry.terraform.io/hashicorp/aws\"]",
      "instances": [
        {
          "schema_version": 0,
          "attributes": {
            "condition": [
              {
                "string_equals": [],
                "string_like": [],
                "string_not_equals": [],
                "string_not_like": []
              }
            ],
            "iam_role_arn": "arn:aws:iam::783111403254:role/ticketgo-prod-backup-role",
            "id": "90b2b430-bb47-4c01-94e6-092a9ee43cd1",
            "name": "rds-primary-selection",
            "not_resources": [],
            "plan_id": "c7044ad0-afb7-4463-8c05-f57078581d75",
            "resources": [
              "arn:aws:rds:us-east-2:783111403254:db:ticketgo-prod-postgres-primary"
            ],
            "selection_tag": []
          },
          "sensitive_attributes": [],
          "identity_schema_version": 0,
          "private": "bnVsbA==",
          "dependencies": [
            "aws_iam_role.rds_monitoring",
            "module.database.aws_backup_plan.rds",
            "module.database.aws_backup_vault.main",
            "module.database.aws_db_instance.primary",
            "module.database.aws_db_parameter_group.postgres",
            "module.database.aws_db_subnet_group.main",
            "module.networking.aws_cloudwatch_log_group.vpc_flow_logs",
            "module.networking.aws_eip.nat",
            "module.networking.aws_flow_log.main",
            "module.networking.aws_iam_role.vpc_flow_logs",
            "module.networking.aws_iam_role_policy.vpc_flow_logs",
            "module.networking.aws_internet_gateway.main",
            "module.networking.aws_nat_gateway.main",
            "module.networking.aws_route_table.private_app",
            "module.networking.aws_route_table.private_data",
            "module.networking.aws_route_table.public",
            "module.networking.aws_route_table_association.private_app",
            "module.networking.aws_route_table_association.private_data",
            "module.networking.aws_route_table_association.public",
            "module.networking.aws_security_group.vpc_endpoints",
            "module.networking.aws_subnet.private_app",
            "module.networking.aws_subnet.private_data",
            "module.networking.aws_subnet.public",
            "module.networking.aws_vpc.main",
            "module.networking.aws_vpc_endpoint.cloudwatch_logs",
            "module.networking.aws_vpc_endpoint.ecr_api",
            "module.networking.aws_vpc_endpoint.ecr_dkr",
            "module.networking.aws_vpc_endpoint.s3",
            "module.networking.aws_vpc_endpoint.secretsmanager",
            "module.security.aws_iam_role.backup",
            "module.security.aws_iam_role.ecs_task",
            "module.security.aws_iam_role.ecs_task_execution",
            "module.security.aws_iam_role.lambda_worker",
            "module.security.aws_iam_role_policy.ecs_execution_secrets",
            "module.security.aws_iam_role_policy.ecs_task_app",
            "module.security.aws_iam_role_policy.lambda_worker_policy",
            "module.security.aws_iam_role_policy_attachment.backup_managed",
            "module.security.aws_iam_role_policy_attachment.backup_restore",
            "module.security.aws_iam_role_policy_attachment.ecs_execution_managed",
            "module.security.aws_iam_role_policy_attachment.lambda_vpc",
            "module.security.aws_secretsmanager_secret.db_credentials",
            "module.security.aws_secretsmanager_secret.redis_url",
            "module.security.aws_secretsmanager_secret_version.db_credentials",
            "module.security.aws_security_group.alb",
            "module.security.aws_security_group.ecs",
            "module.security.aws_security_group.lambda",
            "module.security.aws_security_group.rds",
            "module.security.aws_security_group.redis",
            "module.security.random_password.db_password"
          ]
        }
      ]
    },
    {
      "module": "module.database",
      "mode": "managed",
      "type": "aws_backup_vault",
      "name": "main",
      "provider": "provider[\"registry.terraform.io/hashicorp/aws\"]",
      "instances": [
        {
          "schema_version": 0,
          "attributes": {
            "arn": "arn:aws:backup:us-east-2:783111403254:backup-vault:ticketgo-prod-backup-vault",
            "force_destroy": false,
            "id": "ticketgo-prod-backup-vault",
            "kms_key_arn": "arn:aws:kms:us-east-2:783111403254:key/ab26ec64-054a-49a1-bdde-43b9203335c3",
            "name": "ticketgo-prod-backup-vault",
            "recovery_points": 0,
            "tags": {
              "Name": "ticketgo-prod-backup-vault"
            },
            "tags_all": {
              "Environment": "prod",
              "ManagedBy": "Terraform",
              "Name": "ticketgo-prod-backup-vault",
              "Owner": "infra-team",
              "Project": "TicketGo-Peru"
            },
            "timeouts": null
          },
          "sensitive_attributes": [],
          "identity_schema_version": 0,
          "private": "eyJlMmJmYjczMC1lY2FhLTExZTYtOGY4OC0zNDM2M2JjN2M0YzAiOnsiZGVsZXRlIjo2MDAwMDAwMDAwMDB9fQ==",
          "dependencies": [
            "module.networking.aws_cloudwatch_log_group.vpc_flow_logs",
            "module.networking.aws_eip.nat",
            "module.networking.aws_flow_log.main",
            "module.networking.aws_iam_role.vpc_flow_logs",
            "module.networking.aws_iam_role_policy.vpc_flow_logs",
            "module.networking.aws_internet_gateway.main",
            "module.networking.aws_nat_gateway.main",
            "module.networking.aws_route_table.private_app",
            "module.networking.aws_route_table.private_data",
            "module.networking.aws_route_table.public",
            "module.networking.aws_route_table_association.private_app",
            "module.networking.aws_route_table_association.private_data",
            "module.networking.aws_route_table_association.public",
            "module.networking.aws_security_group.vpc_endpoints",
            "module.networking.aws_subnet.private_app",
            "module.networking.aws_subnet.private_data",
            "module.networking.aws_subnet.public",
            "module.networking.aws_vpc.main",
            "module.networking.aws_vpc_endpoint.cloudwatch_logs",
            "module.networking.aws_vpc_endpoint.ecr_api",
            "module.networking.aws_vpc_endpoint.ecr_dkr",
            "module.networking.aws_vpc_endpoint.s3",
            "module.networking.aws_vpc_endpoint.secretsmanager",
            "module.security.aws_iam_role.backup",
            "module.security.aws_iam_role.ecs_task",
            "module.security.aws_iam_role.ecs_task_execution",
            "module.security.aws_iam_role.lambda_worker",
            "module.security.aws_iam_role_policy.ecs_execution_secrets",
            "module.security.aws_iam_role_policy.ecs_task_app",
            "module.security.aws_iam_role_policy.lambda_worker_policy",
            "module.security.aws_iam_role_policy_attachment.backup_managed",
            "module.security.aws_iam_role_policy_attachment.backup_restore",
            "module.security.aws_iam_role_policy_attachment.ecs_execution_managed",
            "module.security.aws_iam_role_policy_attachment.lambda_vpc",
            "module.security.aws_secretsmanager_secret.db_credentials",
            "module.security.aws_secretsmanager_secret.redis_url",
            "module.security.aws_secretsmanager_secret_version.db_credentials",
            "module.security.aws_security_group.alb",
            "module.security.aws_security_group.ecs",
            "module.security.aws_security_group.lambda",
            "module.security.aws_security_group.rds",
            "module.security.aws_security_group.redis",
            "module.security.random_password.db_password"
          ]
        }
      ]
    },
    {
      "module": "module.database",
      "mode": "managed",
      "type": "aws_db_instance",
      "name": "primary",
      "provider": "provider[\"registry.terraform.io/hashicorp/aws\"]",
      "instances": [
        {
          "schema_version": 2,
          "attributes": {
            "address": "ticketgo-prod-postgres-primary.cns0cmewuai4.us-east-2.rds.amazonaws.com",
            "allocated_storage": 20,
            "allow_major_version_upgrade": null,
            "apply_immediately": false,
            "arn": "arn:aws:rds:us-east-2:783111403254:db:ticketgo-prod-postgres-primary",
            "auto_minor_version_upgrade": true,
            "availability_zone": "us-east-2a",
            "backup_retention_period": 35,
            "backup_target": "region",
            "backup_window": "02:00-03:00",
            "blue_green_update": [],
            "ca_cert_identifier": "rds-ca-rsa2048-g1",
            "character_set_name": "",
            "copy_tags_to_snapshot": false,
            "custom_iam_instance_profile": "",
            "customer_owned_ip_enabled": false,
            "database_insights_mode": "standard",
            "db_name": "ticketgo_db",
            "db_subnet_group_name": "ticketgo-prod-db-subnet-group",
            "dedicated_log_volume": false,
            "delete_automated_backups": true,
            "deletion_protection": false,
            "domain": "",
            "domain_auth_secret_arn": "",
            "domain_dns_ips": null,
            "domain_fqdn": "",
            "domain_iam_role_name": "",
            "domain_ou": "",
            "enabled_cloudwatch_logs_exports": null,
            "endpoint": "ticketgo-prod-postgres-primary.cns0cmewuai4.us-east-2.rds.amazonaws.com:5432",
            "engine": "postgres",
            "engine_lifecycle_support": "open-source-rds-extended-support",
            "engine_version": "16",
            "engine_version_actual": "16.13",
            "final_snapshot_identifier": "ticketgo-prod-final-snapshot",
            "hosted_zone_id": "Z2XHWR1WZ565X2",
            "iam_database_authentication_enabled": false,
            "id": "db-CHTDZRLMOWLQX63Q6ZO5IWQL5I",
            "identifier": "ticketgo-prod-postgres-primary",
            "identifier_prefix": "",
            "instance_class": "db.t4g.micro",
            "iops": 3000,
            "kms_key_id": "arn:aws:kms:us-east-2:783111403254:key/76f219a5-3b5b-45fb-ae93-841444925b77",
            "latest_restorable_time": "2026-06-20T16:37:00Z",
            "license_model": "postgresql-license",
            "listener_endpoint": [],
            "maintenance_window": "sun:04:00-sun:05:00",
            "manage_master_user_password": null,
            "master_user_secret": [],
            "master_user_secret_kms_key_id": null,
            "max_allocated_storage": 100,
            "monitoring_interval": 60,
            "monitoring_role_arn": "arn:aws:iam::783111403254:role/ticketgo-prod-rds-monitoring-role",
            "multi_az": false,
            "nchar_character_set_name": "",
            "network_type": "IPV4",
            "option_group_name": "default:postgres-16",
            "parameter_group_name": "ticketgo-prod-pg16-params",
            "password": "-R+ewK=1CX^u7TcWkqHTkbsaEyG9hGM3",
            "password_wo": null,
            "password_wo_version": null,
            "performance_insights_enabled": true,
            "performance_insights_kms_key_id": "arn:aws:kms:us-east-2:783111403254:key/76f219a5-3b5b-45fb-ae93-841444925b77",
            "performance_insights_retention_period": 7,
            "port": 5432,
            "publicly_accessible": false,
            "replica_mode": "",
            "replicas": [],
            "replicate_source_db": "",
            "resource_id": "db-CHTDZRLMOWLQX63Q6ZO5IWQL5I",
            "restore_to_point_in_time": [],
            "s3_import": [],
            "skip_final_snapshot": true,
            "snapshot_identifier": null,
            "status": "available",
            "storage_encrypted": true,
            "storage_throughput": 125,
            "storage_type": "gp3",
            "tags": {
              "Name": "ticketgo-prod-postgres-primary"
            },
            "tags_all": {
              "Environment": "prod",
              "ManagedBy": "Terraform",
              "Name": "ticketgo-prod-postgres-primary",
              "Owner": "infra-team",
              "Project": "TicketGo-Peru"
            },
            "timeouts": null,
            "timezone": "",
            "upgrade_storage_config": null,
            "username": "ticketgo_admin",
            "vpc_security_group_ids": [
              "sg-0d5eb4e56631480e3"
            ]
          },
          "sensitive_attributes": [
            [
              {
                "type": "get_attr",
                "value": "password"
              }
            ],
            [
              {
                "type": "get_attr",
                "value": "password_wo"
              }
            ],
            [
              {
                "type": "get_attr",
                "value": "username"
              }
            ]
          ],
          "identity_schema_version": 0,
          "private": "eyJlMmJmYjczMC1lY2FhLTExZTYtOGY4OC0zNDM2M2JjN2M0YzAiOnsiY3JlYXRlIjozMDAwMDAwMDAwMDAwLCJkZWxldGUiOjM2MDAwMDAwMDAwMDAsInVwZGF0ZSI6NDgwMDAwMDAwMDAwMH0sInNjaGVtYV92ZXJzaW9uIjoiMiJ9",
          "dependencies": [
            "aws_iam_role.rds_monitoring",
            "module.database.aws_db_parameter_group.postgres",
            "module.database.aws_db_subnet_group.main",
            "module.networking.aws_cloudwatch_log_group.vpc_flow_logs",
            "module.networking.aws_eip.nat",
            "module.networking.aws_flow_log.main",
            "module.networking.aws_iam_role.vpc_flow_logs",
            "module.networking.aws_iam_role_policy.vpc_flow_logs",
            "module.networking.aws_internet_gateway.main",
            "module.networking.aws_nat_gateway.main",
            "module.networking.aws_route_table.private_app",
            "module.networking.aws_route_table.private_data",
            "module.networking.aws_route_table.public",
            "module.networking.aws_route_table_association.private_app",
            "module.networking.aws_route_table_association.private_data",
            "module.networking.aws_route_table_association.public",
            "module.networking.aws_security_group.vpc_endpoints",
            "module.networking.aws_subnet.private_app",
            "module.networking.aws_subnet.private_data",
            "module.networking.aws_subnet.public",
            "module.networking.aws_vpc.main",
            "module.networking.aws_vpc_endpoint.cloudwatch_logs",
            "module.networking.aws_vpc_endpoint.ecr_api",
            "module.networking.aws_vpc_endpoint.ecr_dkr",
            "module.networking.aws_vpc_endpoint.s3",
            "module.networking.aws_vpc_endpoint.secretsmanager",
            "module.security.aws_iam_role.backup",
            "module.security.aws_iam_role.ecs_task",
            "module.security.aws_iam_role.ecs_task_execution",
            "module.security.aws_iam_role.lambda_worker",
            "module.security.aws_iam_role_policy.ecs_execution_secrets",
            "module.security.aws_iam_role_policy.ecs_task_app",
            "module.security.aws_iam_role_policy.lambda_worker_policy",
            "module.security.aws_iam_role_policy_attachment.backup_managed",
            "module.security.aws_iam_role_policy_attachment.backup_restore",
            "module.security.aws_iam_role_policy_attachment.ecs_execution_managed",
            "module.security.aws_iam_role_policy_attachment.lambda_vpc",
            "module.security.aws_secretsmanager_secret.db_credentials",
            "module.security.aws_secretsmanager_secret.redis_url",
            "module.security.aws_secretsmanager_secret_version.db_credentials",
            "module.security.aws_security_group.alb",
            "module.security.aws_security_group.ecs",
            "module.security.aws_security_group.lambda",
            "module.security.aws_security_group.rds",
            "module.security.aws_security_group.redis",
            "module.security.random_password.db_password"
          ]
        }
      ]
    },
    {
      "module": "module.database",
      "mode": "managed",
      "type": "aws_db_parameter_group",
      "name": "postgres",
      "provider": "provider[\"registry.terraform.io/hashicorp/aws\"]",
      "instances": [
        {
          "schema_version": 0,
          "attributes": {
            "arn": "arn:aws:rds:us-east-2:783111403254:pg:ticketgo-prod-pg16-params",
            "description": "Parametros optimizados para alta concurrencia en TicketGo",
            "family": "postgres16",
            "id": "ticketgo-prod-pg16-params",
            "name": "ticketgo-prod-pg16-params",
            "name_prefix": "",
            "parameter": [
              {
                "apply_method": "immediate",
                "name": "checkpoint_completion_target",
                "value": "0.9"
              },
              {
                "apply_method": "immediate",
                "name": "log_min_duration_statement",
                "value": "500"
              },
              {
                "apply_method": "immediate",
                "name": "rds.force_ssl",
                "value": "1"
              }
            ],
            "skip_destroy": false,
            "tags": {
              "Name": "ticketgo-prod-pg16-params"
            },
            "tags_all": {
              "Environment": "prod",
              "ManagedBy": "Terraform",
              "Name": "ticketgo-prod-pg16-params",
              "Owner": "infra-team",
              "Project": "TicketGo-Peru"
            }
          },
          "sensitive_attributes": [],
          "identity_schema_version": 0,
          "private": "bnVsbA==",
          "dependencies": [
            "module.networking.aws_cloudwatch_log_group.vpc_flow_logs",
            "module.networking.aws_eip.nat",
            "module.networking.aws_flow_log.main",
            "module.networking.aws_iam_role.vpc_flow_logs",
            "module.networking.aws_iam_role_policy.vpc_flow_logs",
            "module.networking.aws_internet_gateway.main",
            "module.networking.aws_nat_gateway.main",
            "module.networking.aws_route_table.private_app",
            "module.networking.aws_route_table.private_data",
            "module.networking.aws_route_table.public",
            "module.networking.aws_route_table_association.private_app",
            "module.networking.aws_route_table_association.private_data",
            "module.networking.aws_route_table_association.public",
            "module.networking.aws_security_group.vpc_endpoints",
            "module.networking.aws_subnet.private_app",
            "module.networking.aws_subnet.private_data",
            "module.networking.aws_subnet.public",
            "module.networking.aws_vpc.main",
            "module.networking.aws_vpc_endpoint.cloudwatch_logs",
            "module.networking.aws_vpc_endpoint.ecr_api",
            "module.networking.aws_vpc_endpoint.ecr_dkr",
            "module.networking.aws_vpc_endpoint.s3",
            "module.networking.aws_vpc_endpoint.secretsmanager",
            "module.security.aws_iam_role.backup",
            "module.security.aws_iam_role.ecs_task",
            "module.security.aws_iam_role.ecs_task_execution",
            "module.security.aws_iam_role.lambda_worker",
            "module.security.aws_iam_role_policy.ecs_execution_secrets",
            "module.security.aws_iam_role_policy.ecs_task_app",
            "module.security.aws_iam_role_policy.lambda_worker_policy",
            "module.security.aws_iam_role_policy_attachment.backup_managed",
            "module.security.aws_iam_role_policy_attachment.backup_restore",
            "module.security.aws_iam_role_policy_attachment.ecs_execution_managed",
            "module.security.aws_iam_role_policy_attachment.lambda_vpc",
            "module.security.aws_secretsmanager_secret.db_credentials",
            "module.security.aws_secretsmanager_secret.redis_url",
            "module.security.aws_secretsmanager_secret_version.db_credentials",
            "module.security.aws_security_group.alb",
            "module.security.aws_security_group.ecs",
            "module.security.aws_security_group.lambda",
            "module.security.aws_security_group.rds",
            "module.security.aws_security_group.redis",
            "module.security.random_password.db_password"
          ]
        }
      ]
    },
    {
      "module": "module.database",
      "mode": "managed",
      "type": "aws_db_subnet_group",
      "name": "main",
      "provider": "provider[\"registry.terraform.io/hashicorp/aws\"]",
      "instances": [
        {
          "schema_version": 0,
          "attributes": {
            "arn": "arn:aws:rds:us-east-2:783111403254:subgrp:ticketgo-prod-db-subnet-group",
            "description": "Subnet group para RDS PostgreSQL en subredes privadas de datos",
            "id": "ticketgo-prod-db-subnet-group",
            "name": "ticketgo-prod-db-subnet-group",
            "name_prefix": "",
            "subnet_ids": [
              "subnet-065c7554e5bb19ac3",
              "subnet-0d46d4b2ceb3c358e"
            ],
            "supported_network_types": [
              "IPV4"
            ],
            "tags": {
              "Name": "ticketgo-prod-db-subnet-group"
            },
            "tags_all": {
              "Environment": "prod",
              "ManagedBy": "Terraform",
              "Name": "ticketgo-prod-db-subnet-group",
              "Owner": "infra-team",
              "Project": "TicketGo-Peru"
            },
            "vpc_id": "vpc-0fc592cefcec04842"
          },
          "sensitive_attributes": [],
          "identity_schema_version": 0,
          "private": "bnVsbA==",
          "dependencies": [
            "module.networking.aws_cloudwatch_log_group.vpc_flow_logs",
            "module.networking.aws_eip.nat",
            "module.networking.aws_flow_log.main",
            "module.networking.aws_iam_role.vpc_flow_logs",
            "module.networking.aws_iam_role_policy.vpc_flow_logs",
            "module.networking.aws_internet_gateway.main",
            "module.networking.aws_nat_gateway.main",
            "module.networking.aws_route_table.private_app",
            "module.networking.aws_route_table.private_data",
            "module.networking.aws_route_table.public",
            "module.networking.aws_route_table_association.private_app",
            "module.networking.aws_route_table_association.private_data",
            "module.networking.aws_route_table_association.public",
            "module.networking.aws_security_group.vpc_endpoints",
            "module.networking.aws_subnet.private_app",
            "module.networking.aws_subnet.private_data",
            "module.networking.aws_subnet.public",
            "module.networking.aws_vpc.main",
            "module.networking.aws_vpc_endpoint.cloudwatch_logs",
            "module.networking.aws_vpc_endpoint.ecr_api",
            "module.networking.aws_vpc_endpoint.ecr_dkr",
            "module.networking.aws_vpc_endpoint.s3",
            "module.networking.aws_vpc_endpoint.secretsmanager",
            "module.security.aws_iam_role.backup",
            "module.security.aws_iam_role.ecs_task",
            "module.security.aws_iam_role.ecs_task_execution",
            "module.security.aws_iam_role.lambda_worker",
            "module.security.aws_iam_role_policy.ecs_execution_secrets",
            "module.security.aws_iam_role_policy.ecs_task_app",
            "module.security.aws_iam_role_policy.lambda_worker_policy",
            "module.security.aws_iam_role_policy_attachment.backup_managed",
            "module.security.aws_iam_role_policy_attachment.backup_restore",
            "module.security.aws_iam_role_policy_attachment.ecs_execution_managed",
            "module.security.aws_iam_role_policy_attachment.lambda_vpc",
            "module.security.aws_secretsmanager_secret.db_credentials",
            "module.security.aws_secretsmanager_secret.redis_url",
            "module.security.aws_secretsmanager_secret_version.db_credentials",
            "module.security.aws_security_group.alb",
            "module.security.aws_security_group.ecs",
            "module.security.aws_security_group.lambda",
            "module.security.aws_security_group.rds",
            "module.security.aws_security_group.redis",
            "module.security.random_password.db_password"
          ]
        }
      ]
    },
    {
      "module": "module.database",
      "mode": "managed",
      "type": "aws_kms_alias",
      "name": "backup",
      "provider": "provider[\"registry.terraform.io/hashicorp/aws\"]",
      "instances": [
        {
          "index_key": 0,
          "schema_version": 0,
          "attributes": {
            "arn": "arn:aws:kms:us-east-2:783111403254:alias/ticketgo-prod-backup",
            "id": "alias/ticketgo-prod-backup",
            "name": "alias/ticketgo-prod-backup",
            "name_prefix": "",
            "target_key_arn": "arn:aws:kms:us-east-2:783111403254:key/92b0175b-59d2-4f52-aabf-c60f9f71c98f",
            "target_key_id": "92b0175b-59d2-4f52-aabf-c60f9f71c98f"
          },
          "sensitive_attributes": [],
          "identity_schema_version": 0,
          "private": "bnVsbA==",
          "dependencies": [
            "module.database.aws_kms_key.backup",
            "module.networking.aws_cloudwatch_log_group.vpc_flow_logs",
            "module.networking.aws_eip.nat",
            "module.networking.aws_flow_log.main",
            "module.networking.aws_iam_role.vpc_flow_logs",
            "module.networking.aws_iam_role_policy.vpc_flow_logs",
            "module.networking.aws_internet_gateway.main",
            "module.networking.aws_nat_gateway.main",
            "module.networking.aws_route_table.private_app",
            "module.networking.aws_route_table.private_data",
            "module.networking.aws_route_table.public",
            "module.networking.aws_route_table_association.private_app",
            "module.networking.aws_route_table_association.private_data",
            "module.networking.aws_route_table_association.public",
            "module.networking.aws_security_group.vpc_endpoints",
            "module.networking.aws_subnet.private_app",
            "module.networking.aws_subnet.private_data",
            "module.networking.aws_subnet.public",
            "module.networking.aws_vpc.main",
            "module.networking.aws_vpc_endpoint.cloudwatch_logs",
            "module.networking.aws_vpc_endpoint.ecr_api",
            "module.networking.aws_vpc_endpoint.ecr_dkr",
            "module.networking.aws_vpc_endpoint.s3",
            "module.networking.aws_vpc_endpoint.secretsmanager",
            "module.security.aws_iam_role.backup",
            "module.security.aws_iam_role.ecs_task",
            "module.security.aws_iam_role.ecs_task_execution",
            "module.security.aws_iam_role.lambda_worker",
            "module.security.aws_iam_role_policy.ecs_execution_secrets",
            "module.security.aws_iam_role_policy.ecs_task_app",
            "module.security.aws_iam_role_policy.lambda_worker_policy",
            "module.security.aws_iam_role_policy_attachment.backup_managed",
            "module.security.aws_iam_role_policy_attachment.backup_restore",
            "module.security.aws_iam_role_policy_attachment.ecs_execution_managed",
            "module.security.aws_iam_role_policy_attachment.lambda_vpc",
            "module.security.aws_secretsmanager_secret.db_credentials",
            "module.security.aws_secretsmanager_secret.redis_url",
            "module.security.aws_secretsmanager_secret_version.db_credentials",
            "module.security.aws_security_group.alb",
            "module.security.aws_security_group.ecs",
            "module.security.aws_security_group.lambda",
            "module.security.aws_security_group.rds",
            "module.security.aws_security_group.redis",
            "module.security.random_password.db_password"
          ]
        }
      ]
    },
    {
      "module": "module.database",
      "mode": "managed",
      "type": "aws_kms_key",
      "name": "backup",
      "provider": "provider[\"registry.terraform.io/hashicorp/aws\"]",
      "instances": [
        {
          "index_key": 0,
          "schema_version": 0,
          "attributes": {
            "arn": "arn:aws:kms:us-east-2:783111403254:key/92b0175b-59d2-4f52-aabf-c60f9f71c98f",
            "bypass_policy_lockout_safety_check": false,
            "custom_key_store_id": "",
            "customer_master_key_spec": "SYMMETRIC_DEFAULT",
            "deletion_window_in_days": 30,
            "description": "KMS Key para cifrado de AWS Backup Vault - ticketgo",
            "enable_key_rotation": true,
            "id": "92b0175b-59d2-4f52-aabf-c60f9f71c98f",
            "is_enabled": true,
            "key_id": "92b0175b-59d2-4f52-aabf-c60f9f71c98f",
            "key_usage": "ENCRYPT_DECRYPT",
            "multi_region": false,
            "policy": "{\"Id\":\"key-default-1\",\"Statement\":[{\"Action\":\"kms:*\",\"Effect\":\"Allow\",\"Principal\":{\"AWS\":\"arn:aws:iam::783111403254:root\"},\"Resource\":\"*\",\"Sid\":\"Enable IAM User Permissions\"}],\"Version\":\"2012-10-17\"}",
            "rotation_period_in_days": 365,
            "tags": {
              "Name": "ticketgo-prod-backup-kms"
            },
            "tags_all": {
              "Environment": "prod",
              "ManagedBy": "Terraform",
              "Name": "ticketgo-prod-backup-kms",
              "Owner": "infra-team",
              "Project": "TicketGo-Peru"
            },
            "timeouts": null,
            "xks_key_id": ""
          },
          "sensitive_attributes": [],
          "identity_schema_version": 0,
          "private": "eyJlMmJmYjczMC1lY2FhLTExZTYtOGY4OC0zNDM2M2JjN2M0YzAiOnsiY3JlYXRlIjoxMjAwMDAwMDAwMDB9fQ==",
          "dependencies": [
            "module.networking.aws_cloudwatch_log_group.vpc_flow_logs",
            "module.networking.aws_eip.nat",
            "module.networking.aws_flow_log.main",
            "module.networking.aws_iam_role.vpc_flow_logs",
            "module.networking.aws_iam_role_policy.vpc_flow_logs",
            "module.networking.aws_internet_gateway.main",
            "module.networking.aws_nat_gateway.main",
            "module.networking.aws_route_table.private_app",
            "module.networking.aws_route_table.private_data",
            "module.networking.aws_route_table.public",
            "module.networking.aws_route_table_association.private_app",
            "module.networking.aws_route_table_association.private_data",
            "module.networking.aws_route_table_association.public",
            "module.networking.aws_security_group.vpc_endpoints",
            "module.networking.aws_subnet.private_app",
            "module.networking.aws_subnet.private_data",
            "module.networking.aws_subnet.public",
            "module.networking.aws_vpc.main",
            "module.networking.aws_vpc_endpoint.cloudwatch_logs",
            "module.networking.aws_vpc_endpoint.ecr_api",
            "module.networking.aws_vpc_endpoint.ecr_dkr",
            "module.networking.aws_vpc_endpoint.s3",
            "module.networking.aws_vpc_endpoint.secretsmanager",
            "module.security.aws_iam_role.backup",
            "module.security.aws_iam_role.ecs_task",
            "module.security.aws_iam_role.ecs_task_execution",
            "module.security.aws_iam_role.lambda_worker",
            "module.security.aws_iam_role_policy.ecs_execution_secrets",
            "module.security.aws_iam_role_policy.ecs_task_app",
            "module.security.aws_iam_role_policy.lambda_worker_policy",
            "module.security.aws_iam_role_policy_attachment.backup_managed",
            "module.security.aws_iam_role_policy_attachment.backup_restore",
            "module.security.aws_iam_role_policy_attachment.ecs_execution_managed",
            "module.security.aws_iam_role_policy_attachment.lambda_vpc",
            "module.security.aws_secretsmanager_secret.db_credentials",
            "module.security.aws_secretsmanager_secret.redis_url",
            "module.security.aws_secretsmanager_secret_version.db_credentials",
            "module.security.aws_security_group.alb",
            "module.security.aws_security_group.ecs",
            "module.security.aws_security_group.lambda",
            "module.security.aws_security_group.rds",
            "module.security.aws_security_group.redis",
            "module.security.random_password.db_password"
          ]
        }
      ]
    },
    {
      "module": "module.frontend",
      "mode": "data",
      "type": "aws_caller_identity",
      "name": "current",
      "provider": "provider[\"registry.terraform.io/hashicorp/aws\"]",
      "instances": [
        {
          "schema_version": 0,
          "attributes": {
            "account_id": "783111403254",
            "arn": "arn:aws:sts::783111403254:assumed-role/AWSReservedSSO_AdministratorAccess_c672c7d460d5474c/FernandoBenites",
            "id": "783111403254",
            "user_id": "AROA3MVITW33ISZO7GX2C:FernandoBenites"
          },
          "sensitive_attributes": [],
          "identity_schema_version": 0
        }
      ]
    },
    {
      "module": "module.frontend",
      "mode": "data",
      "type": "aws_route53_zone",
      "name": "primary",
      "provider": "provider[\"registry.terraform.io/hashicorp/aws\"]",
      "instances": []
    },
    {
      "module": "module.frontend",
      "mode": "managed",
      "type": "aws_cloudfront_distribution",
      "name": "frontend",
      "provider": "provider[\"registry.terraform.io/hashicorp/aws\"]",
      "instances": [
        {
          "schema_version": 1,
          "attributes": {
            "aliases": [],
            "arn": "arn:aws:cloudfront::783111403254:distribution/E3J8XX1B9QY7SP",
            "caller_reference": "terraform-20260620161144883900000008",
            "comment": "CDN para frontend TicketGo prod - React/Vue",
            "continuous_deployment_policy_id": "",
            "custom_error_response": [
              {
                "error_caching_min_ttl": 10,
                "error_code": 403,
                "response_code": 200,
                "response_page_path": "/index.html"
              },
              {
                "error_caching_min_ttl": 10,
                "error_code": 404,
                "response_code": 200,
                "response_page_path": "/index.html"
              }
            ],
            "default_cache_behavior": [
              {
                "allowed_methods": [
                  "GET",
                  "HEAD",
                  "OPTIONS"
                ],
                "cache_policy_id": "658327ea-f89d-4fab-a63d-7e88639e58f6",
                "cached_methods": [
                  "GET",
                  "HEAD"
                ],
                "compress": false,
                "default_ttl": 0,
                "field_level_encryption_id": "",
                "forwarded_values": [],
                "function_association": [
                  {
                    "event_type": "viewer-response",
                    "function_arn": "arn:aws:cloudfront::783111403254:function/ticketgo-prod-security-headers"
                  }
                ],
                "grpc_config": [
                  {
                    "enabled": false
                  }
                ],
                "lambda_function_association": [],
                "max_ttl": 0,
                "min_ttl": 0,
                "origin_request_policy_id": "",
                "realtime_log_config_arn": "",
                "response_headers_policy_id": "b78dfc3a-d2d5-4a15-aa86-ee44882af697",
                "smooth_streaming": false,
                "target_origin_id": "S3-ticketgo-prod-frontend-783111403254",
                "trusted_key_groups": [],
                "trusted_signers": [],
                "viewer_protocol_policy": "redirect-to-https"
              }
            ],
            "default_root_object": "index.html",
            "domain_name": "d27bgpf1pkioa5.cloudfront.net",
            "enabled": true,
            "etag": "E23ZP02F085DFQ",
            "hosted_zone_id": "Z2FDTNDATAQYW2",
            "http_version": "http2",
            "id": "E3J8XX1B9QY7SP",
            "in_progress_validation_batches": 0,
            "is_ipv6_enabled": false,
            "last_modified_time": "2026-06-20 16:11:45.637 +0000 UTC",
            "logging_config": [],
            "ordered_cache_behavior": [
              {
                "allowed_methods": [
                  "GET",
                  "HEAD"
                ],
                "cache_policy_id": "",
                "cached_methods": [
                  "GET",
                  "HEAD"
                ],
                "compress": true,
                "default_ttl": 31536000,
                "field_level_encryption_id": "",
                "forwarded_values": [
                  {
                    "cookies": [
                      {
                        "forward": "none",
                        "whitelisted_names": []
                      }
                    ],
                    "headers": [],
                    "query_string": false,
                    "query_string_cache_keys": []
                  }
                ],
                "function_association": [],
                "grpc_config": [
                  {
                    "enabled": false
                  }
                ],
                "lambda_function_association": [],
                "max_ttl": 31536000,
                "min_ttl": 31536000,
                "origin_request_policy_id": "",
                "path_pattern": "/static/*",
                "realtime_log_config_arn": "",
                "response_headers_policy_id": "",
                "smooth_streaming": false,
                "target_origin_id": "S3-ticketgo-prod-frontend-783111403254",
                "trusted_key_groups": [],
                "trusted_signers": [],
                "viewer_protocol_policy": "redirect-to-https"
              }
            ],
            "origin": [
              {
                "connection_attempts": 3,
                "connection_timeout": 10,
                "custom_header": [],
                "custom_origin_config": [],
                "domain_name": "ticketgo-prod-frontend-783111403254.s3.us-east-2.amazonaws.com",
                "origin_access_control_id": "E33YGEE7VA8KU5",
                "origin_id": "S3-ticketgo-prod-frontend-783111403254",
                "origin_path": "",
                "origin_shield": [],
                "s3_origin_config": [],
                "vpc_origin_config": []
              }
            ],
            "origin_group": [],
            "price_class": "PriceClass_100",
            "restrictions": [
              {
                "geo_restriction": [
                  {
                    "locations": [],
                    "restriction_type": "none"
                  }
                ]
              }
            ],
            "retain_on_delete": false,
            "staging": false,
            "status": "Deployed",
            "tags": {
              "Name": "ticketgo-prod-cloudfront"
            },
            "tags_all": {
              "Environment": "prod",
              "ManagedBy": "Terraform",
              "Name": "ticketgo-prod-cloudfront",
              "Owner": "infra-team",
              "Project": "TicketGo-Peru"
            },
            "trusted_key_groups": [
              {
                "enabled": false,
                "items": []
              }
            ],
            "trusted_signers": [
              {
                "enabled": false,
                "items": []
              }
            ],
            "viewer_certificate": [
              {
                "acm_certificate_arn": "",
                "cloudfront_default_certificate": true,
                "iam_certificate_id": "",
                "minimum_protocol_version": "TLSv1",
                "ssl_support_method": ""
              }
            ],
            "wait_for_deployment": true,
            "web_acl_id": "arn:aws:wafv2:us-east-1:783111403254:global/webacl/ticketgo-prod-waf-cloudfront/7ecdd2d0-efdb-4ecd-86d6-bc6cbe8c74aa"
          },
          "sensitive_attributes": [],
          "identity_schema_version": 0,
          "private": "eyJzY2hlbWFfdmVyc2lvbiI6IjEifQ==",
          "dependencies": [
            "module.frontend.aws_cloudfront_function.security_headers",
            "module.frontend.aws_cloudfront_origin_access_control.frontend",
            "module.frontend.aws_cloudfront_response_headers_policy.security",
            "module.frontend.aws_s3_bucket.frontend",
            "module.frontend.aws_wafv2_web_acl.cloudfront",
            "module.frontend.data.aws_caller_identity.current"
          ]
        }
      ]
    },
    {
      "module": "module.frontend",
      "mode": "managed",
      "type": "aws_cloudfront_function",
      "name": "security_headers",
      "provider": "provider[\"registry.terraform.io/hashicorp/aws\"]",
      "instances": [
        {
          "schema_version": 0,
          "attributes": {
            "arn": "arn:aws:cloudfront::783111403254:function/ticketgo-prod-security-headers",
            "code": "async function handler(event) {\n  const response = event.response;\n  const headers = response.headers;\n\n  // HSTS: fuerza HTTPS por 1 año, incluye subdominios\n  headers['strict-transport-security'] = { value: 'max-age=31536000; includeSubdomains; preload' };\n\n  // Previene clickjacking\n  headers['x-frame-options'] = { value: 'DENY' };\n\n  // Previene MIME sniffing\n  headers['x-content-type-options'] = { value: 'nosniff' };\n\n  // Referrer Policy seguro\n  headers['referrer-policy'] = { value: 'strict-origin-when-cross-origin' };\n\n  // Permissions Policy: deshabilita APIs no usadas\n  headers['permissions-policy'] = { value: 'camera=(), microphone=(), geolocation=()' };\n\n  // Content Security Policy básico (ajustar según la app)\n  headers['content-security-policy'] = {\n    value: \"default-src 'self'; script-src 'self' 'unsafe-inline'; style-src 'self' 'unsafe-inline'; img-src 'self' data: https:; connect-src 'self' https://*.amazonaws.com\"\n  };\n\n  return response;\n}\n",
            "comment": "Agrega headers de seguridad HTTP a todas las respuestas",
            "etag": "ETVPDKIKX0DER",
            "id": "ticketgo-prod-security-headers",
            "key_value_store_associations": [],
            "live_stage_etag": "ETVPDKIKX0DER",
            "name": "ticketgo-prod-security-headers",
            "publish": true,
            "runtime": "cloudfront-js-2.0",
            "status": "DEPLOYED"
          },
          "sensitive_attributes": [],
          "identity_schema_version": 0,
          "private": "bnVsbA=="
        }
      ]
    },
    {
      "module": "module.frontend",
      "mode": "managed",
      "type": "aws_cloudfront_origin_access_control",
      "name": "frontend",
      "provider": "provider[\"registry.terraform.io/hashicorp/aws\"]",
      "instances": [
        {
          "schema_version": 0,
          "attributes": {
            "arn": "arn:aws:cloudfront::783111403254:origin-access-control/E33YGEE7VA8KU5",
            "description": "OAC para acceso de CloudFront a S3 frontend de TicketGo",
            "etag": "ETVPDKIKX0DER",
            "id": "E33YGEE7VA8KU5",
            "name": "ticketgo-prod-oac",
            "origin_access_control_origin_type": "s3",
            "signing_behavior": "always",
            "signing_protocol": "sigv4"
          },
          "sensitive_attributes": [],
          "identity_schema_version": 0,
          "private": "bnVsbA=="
        }
      ]
    },
    {
      "module": "module.frontend",
      "mode": "managed",
      "type": "aws_cloudfront_response_headers_policy",
      "name": "security",
      "provider": "provider[\"registry.terraform.io/hashicorp/aws\"]",
      "instances": [
        {
          "schema_version": 0,
          "attributes": {
            "arn": "arn:aws:cloudfront::783111403254:response-headers-policy/b78dfc3a-d2d5-4a15-aa86-ee44882af697",
            "comment": "Security headers para CloudFront de TicketGo",
            "cors_config": [],
            "custom_headers_config": [],
            "etag": "E23ZP02F085DFQ",
            "id": "b78dfc3a-d2d5-4a15-aa86-ee44882af697",
            "name": "ticketgo-prod-security-headers-policy",
            "remove_headers_config": [],
            "security_headers_config": [
              {
                "content_security_policy": [],
                "content_type_options": [
                  {
                    "override": true
                  }
                ],
                "frame_options": [
                  {
                    "frame_option": "DENY",
                    "override": true
                  }
                ],
                "referrer_policy": [
                  {
                    "override": true,
                    "referrer_policy": "strict-origin-when-cross-origin"
                  }
                ],
                "strict_transport_security": [
                  {
                    "access_control_max_age_sec": 31536000,
                    "include_subdomains": true,
                    "override": true,
                    "preload": true
                  }
                ],
                "xss_protection": [
                  {
                    "mode_block": true,
                    "override": true,
                    "protection": true,
                    "report_uri": ""
                  }
                ]
              }
            ],
            "server_timing_headers_config": []
          },
          "sensitive_attributes": [],
          "identity_schema_version": 0,
          "private": "bnVsbA=="
        }
      ]
    },
    {
      "module": "module.frontend",
      "mode": "managed",
      "type": "aws_route53_record",
      "name": "apex",
      "provider": "provider[\"registry.terraform.io/hashicorp/aws\"]",
      "instances": []
    },
    {
      "module": "module.frontend",
      "mode": "managed",
      "type": "aws_route53_record",
      "name": "www",
      "provider": "provider[\"registry.terraform.io/hashicorp/aws\"]",
      "instances": []
    },
    {
      "module": "module.frontend",
      "mode": "managed",
      "type": "aws_s3_bucket",
      "name": "frontend",
      "provider": "provider[\"registry.terraform.io/hashicorp/aws\"]",
      "instances": [
        {
          "schema_version": 0,
          "attributes": {
            "acceleration_status": "",
            "acl": null,
            "arn": "arn:aws:s3:::ticketgo-prod-frontend-783111403254",
            "bucket": "ticketgo-prod-frontend-783111403254",
            "bucket_domain_name": "ticketgo-prod-frontend-783111403254.s3.amazonaws.com",
            "bucket_prefix": "",
            "bucket_regional_domain_name": "ticketgo-prod-frontend-783111403254.s3.us-east-2.amazonaws.com",
            "cors_rule": [],
            "force_destroy": false,
            "grant": [
              {
                "id": "038f1597b68aeb08f55f24ceb9b3abd5be15282d4db6c038db9145e958345068",
                "permissions": [
                  "FULL_CONTROL"
                ],
                "type": "CanonicalUser",
                "uri": ""
              }
            ],
            "hosted_zone_id": "Z2O1EMRO9K5GLX",
            "id": "ticketgo-prod-frontend-783111403254",
            "lifecycle_rule": [
              {
                "abort_incomplete_multipart_upload_days": 0,
                "enabled": true,
                "expiration": [],
                "id": "cleanup-old-versions",
                "noncurrent_version_expiration": [
                  {
                    "days": 30
                  }
                ],
                "noncurrent_version_transition": [],
                "prefix": "",
                "tags": {},
                "transition": []
              }
            ],
            "logging": [],
            "object_lock_configuration": [],
            "object_lock_enabled": false,
            "policy": "{\"Statement\":[{\"Action\":\"s3:GetObject\",\"Condition\":{\"StringEquals\":{\"AWS:SourceArn\":\"arn:aws:cloudfront::783111403254:distribution/E3J8XX1B9QY7SP\"}},\"Effect\":\"Allow\",\"Principal\":{\"Service\":\"cloudfront.amazonaws.com\"},\"Resource\":\"arn:aws:s3:::ticketgo-prod-frontend-783111403254/*\",\"Sid\":\"AllowCloudFrontOAC\"}],\"Version\":\"2012-10-17\"}",
            "region": "us-east-2",
            "replication_configuration": [],
            "request_payer": "BucketOwner",
            "server_side_encryption_configuration": [
              {
                "rule": [
                  {
                    "apply_server_side_encryption_by_default": [
                      {
                        "kms_master_key_id": "",
                        "sse_algorithm": "AES256"
                      }
                    ],
                    "bucket_key_enabled": false
                  }
                ]
              }
            ],
            "tags": {
              "Name": "ticketgo-prod-frontend"
            },
            "tags_all": {
              "Environment": "prod",
              "ManagedBy": "Terraform",
              "Name": "ticketgo-prod-frontend",
              "Owner": "infra-team",
              "Project": "TicketGo-Peru"
            },
            "timeouts": null,
            "versioning": [
              {
                "enabled": true,
                "mfa_delete": false
              }
            ],
            "website": [],
            "website_domain": null,
            "website_endpoint": null
          },
          "sensitive_attributes": [],
          "identity_schema_version": 0,
          "private": "eyJlMmJmYjczMC1lY2FhLTExZTYtOGY4OC0zNDM2M2JjN2M0YzAiOnsiY3JlYXRlIjoxMjAwMDAwMDAwMDAwLCJkZWxldGUiOjM2MDAwMDAwMDAwMDAsInJlYWQiOjEyMDAwMDAwMDAwMDAsInVwZGF0ZSI6MTIwMDAwMDAwMDAwMH19",
          "dependencies": [
            "module.frontend.data.aws_caller_identity.current"
          ]
        }
      ]
    },
    {
      "module": "module.frontend",
      "mode": "managed",
      "type": "aws_s3_bucket_lifecycle_configuration",
      "name": "frontend",
      "provider": "provider[\"registry.terraform.io/hashicorp/aws\"]",
      "instances": [
        {
          "schema_version": 1,
          "attributes": {
            "bucket": "ticketgo-prod-frontend-783111403254",
            "expected_bucket_owner": "",
            "id": "ticketgo-prod-frontend-783111403254",
            "rule": [
              {
                "abort_incomplete_multipart_upload": [],
                "expiration": [],
                "filter": [
                  {
                    "and": [],
                    "object_size_greater_than": null,
                    "object_size_less_than": null,
                    "prefix": "",
                    "tag": []
                  }
                ],
                "id": "cleanup-old-versions",
                "noncurrent_version_expiration": [
                  {
                    "newer_noncurrent_versions": null,
                    "noncurrent_days": 30
                  }
                ],
                "noncurrent_version_transition": [],
                "prefix": "",
                "status": "Enabled",
                "transition": []
              }
            ],
            "timeouts": null,
            "transition_default_minimum_object_size": "all_storage_classes_128K"
          },
          "sensitive_attributes": [],
          "identity_schema_version": 0,
          "dependencies": [
            "module.frontend.aws_s3_bucket.frontend",
            "module.frontend.data.aws_caller_identity.current"
          ]
        }
      ]
    },
    {
      "module": "module.frontend",
      "mode": "managed",
      "type": "aws_s3_bucket_policy",
      "name": "frontend",
      "provider": "provider[\"registry.terraform.io/hashicorp/aws\"]",
      "instances": [
        {
          "schema_version": 0,
          "attributes": {
            "bucket": "ticketgo-prod-frontend-783111403254",
            "id": "ticketgo-prod-frontend-783111403254",
            "policy": "{\"Statement\":[{\"Action\":\"s3:GetObject\",\"Condition\":{\"StringEquals\":{\"AWS:SourceArn\":\"arn:aws:cloudfront::783111403254:distribution/E3J8XX1B9QY7SP\"}},\"Effect\":\"Allow\",\"Principal\":{\"Service\":\"cloudfront.amazonaws.com\"},\"Resource\":\"arn:aws:s3:::ticketgo-prod-frontend-783111403254/*\",\"Sid\":\"AllowCloudFrontOAC\"}],\"Version\":\"2012-10-17\"}"
          },
          "sensitive_attributes": [],
          "identity_schema_version": 0,
          "private": "bnVsbA==",
          "dependencies": [
            "module.frontend.aws_cloudfront_distribution.frontend",
            "module.frontend.aws_cloudfront_function.security_headers",
            "module.frontend.aws_cloudfront_origin_access_control.frontend",
            "module.frontend.aws_cloudfront_response_headers_policy.security",
            "module.frontend.aws_s3_bucket.frontend",
            "module.frontend.aws_wafv2_web_acl.cloudfront",
            "module.frontend.data.aws_caller_identity.current"
          ]
        }
      ]
    },
    {
      "module": "module.frontend",
      "mode": "managed",
      "type": "aws_s3_bucket_public_access_block",
      "name": "frontend",
      "provider": "provider[\"registry.terraform.io/hashicorp/aws\"]",
      "instances": [
        {
          "schema_version": 0,
          "attributes": {
            "block_public_acls": true,
            "block_public_policy": true,
            "bucket": "ticketgo-prod-frontend-783111403254",
            "id": "ticketgo-prod-frontend-783111403254",
            "ignore_public_acls": true,
            "restrict_public_buckets": true
          },
          "sensitive_attributes": [],
          "identity_schema_version": 0,
          "private": "bnVsbA==",
          "dependencies": [
            "module.frontend.aws_s3_bucket.frontend",
            "module.frontend.data.aws_caller_identity.current"
          ]
        }
      ]
    },
    {
      "module": "module.frontend",
      "mode": "managed",
      "type": "aws_s3_bucket_server_side_encryption_configuration",
      "name": "frontend",
      "provider": "provider[\"registry.terraform.io/hashicorp/aws\"]",
      "instances": [
        {
          "schema_version": 0,
          "attributes": {
            "bucket": "ticketgo-prod-frontend-783111403254",
            "expected_bucket_owner": "",
            "id": "ticketgo-prod-frontend-783111403254",
            "rule": [
              {
                "apply_server_side_encryption_by_default": [
                  {
                    "kms_master_key_id": "",
                    "sse_algorithm": "AES256"
                  }
                ],
                "bucket_key_enabled": false
              }
            ]
          },
          "sensitive_attributes": [],
          "identity_schema_version": 0,
          "private": "bnVsbA==",
          "dependencies": [
            "module.frontend.aws_s3_bucket.frontend",
            "module.frontend.data.aws_caller_identity.current"
          ]
        }
      ]
    },
    {
      "module": "module.frontend",
      "mode": "managed",
      "type": "aws_s3_bucket_versioning",
      "name": "frontend",
      "provider": "provider[\"registry.terraform.io/hashicorp/aws\"]",
      "instances": [
        {
          "schema_version": 0,
          "attributes": {
            "bucket": "ticketgo-prod-frontend-783111403254",
            "expected_bucket_owner": "",
            "id": "ticketgo-prod-frontend-783111403254",
            "mfa": null,
            "versioning_configuration": [
              {
                "mfa_delete": "",
                "status": "Enabled"
              }
            ]
          },
          "sensitive_attributes": [],
          "identity_schema_version": 0,
          "private": "bnVsbA==",
          "dependencies": [
            "module.frontend.aws_s3_bucket.frontend",
            "module.frontend.data.aws_caller_identity.current"
          ]
        }
      ]
    },
    {
      "module": "module.frontend",
      "mode": "managed",
      "type": "aws_wafv2_web_acl",
      "name": "cloudfront",
      "provider": "provider[\"registry.terraform.io/hashicorp/aws\"].us_east_1",
      "instances": [
        {
          "schema_version": 0,
          "attributes": {
            "application_integration_url": "",
            "arn": "arn:aws:wafv2:us-east-1:783111403254:global/webacl/ticketgo-prod-waf-cloudfront/7ecdd2d0-efdb-4ecd-86d6-bc6cbe8c74aa",
            "association_config": [],
            "capacity": 952,
            "captcha_config": [],
            "challenge_config": [],
            "custom_response_body": [],
            "data_protection_config": [],
            "default_action": [
              {
                "allow": [
                  {
                    "custom_request_handling": []
                  }
                ],
                "block": []
              }
            ],
            "description": "WAF para CloudFront de TicketGo - proteccion OWASP + bots",
            "id": "7ecdd2d0-efdb-4ecd-86d6-bc6cbe8c74aa",
            "lock_token": "f180ee20-876d-4a28-a981-01a53b3fb34d",
            "name": "ticketgo-prod-waf-cloudfront",
            "name_prefix": "",
            "rule": [
              {
                "action": [
                  {
                    "allow": [],
                    "block": [
                      {
                        "custom_response": []
                      }
                    ],
                    "captcha": [],
                    "challenge": [],
                    "count": []
                  }
                ],
                "captcha_config": [],
                "challenge_config": [],
                "name": "RateLimitRule",
                "override_action": [],
                "priority": 40,
                "rule_label": [],
                "statement": [
                  {
                    "and_statement": [],
                    "asn_match_statement": [],
                    "byte_match_statement": [],
                    "geo_match_statement": [],
                    "ip_set_reference_statement": [],
                    "label_match_statement": [],
                    "managed_rule_group_statement": [],
                    "not_statement": [],
                    "or_statement": [],
                    "rate_based_statement": [
                      {
                        "aggregate_key_type": "IP",
                        "custom_key": [],
                        "evaluation_window_sec": 300,
                        "forwarded_ip_config": [],
                        "limit": 2000,
                        "scope_down_statement": []
                      }
                    ],
                    "regex_match_statement": [],
                    "regex_pattern_set_reference_statement": [],
                    "rule_group_reference_statement": [],
                    "size_constraint_statement": [],
                    "sqli_match_statement": [],
                    "xss_match_statement": []
                  }
                ],
                "visibility_config": [
                  {
                    "cloudwatch_metrics_enabled": true,
                    "metric_name": "RateLimitRuleMetric",
                    "sampled_requests_enabled": true
                  }
                ]
              },
              {
                "action": [],
                "captcha_config": [],
                "challenge_config": [],
                "name": "AWSManagedRulesBotControlRuleSet",
                "override_action": [
                  {
                    "count": [],
                    "none": [
                      {}
                    ]
                  }
                ],
                "priority": 30,
                "rule_label": [],
                "statement": [
                  {
                    "and_statement": [],
                    "asn_match_statement": [],
                    "byte_match_statement": [],
                    "geo_match_statement": [],
                    "ip_set_reference_statement": [],
                    "label_match_statement": [],
                    "managed_rule_group_statement": [
                      {
                        "managed_rule_group_configs": [
                          {
                            "aws_managed_rules_acfp_rule_set": [],
                            "aws_managed_rules_atp_rule_set": [],
                            "aws_managed_rules_bot_control_rule_set": [
                              {
                                "enable_machine_learning": true,
                                "inspection_level": "COMMON"
                              }
                            ],
                            "login_path": "",
                            "password_field": [],
                            "payload_type": "",
                            "username_field": []
                          }
                        ],
                        "name": "AWSManagedRulesBotControlRuleSet",
                        "rule_action_override": [],
                        "scope_down_statement": [],
                        "vendor_name": "AWS",
                        "version": ""
                      }
                    ],
                    "not_statement": [],
                    "or_statement": [],
                    "rate_based_statement": [],
                    "regex_match_statement": [],
                    "regex_pattern_set_reference_statement": [],
                    "rule_group_reference_statement": [],
                    "size_constraint_statement": [],
                    "sqli_match_statement": [],
                    "xss_match_statement": []
                  }
                ],
                "visibility_config": [
                  {
                    "cloudwatch_metrics_enabled": true,
                    "metric_name": "BotControlRuleSetMetric",
                    "sampled_requests_enabled": true
                  }
                ]
              },
              {
                "action": [],
                "captcha_config": [],
                "challenge_config": [],
                "name": "AWSManagedRulesCommonRuleSet",
                "override_action": [
                  {
                    "count": [],
                    "none": [
                      {}
                    ]
                  }
                ],
                "priority": 10,
                "rule_label": [],
                "statement": [
                  {
                    "and_statement": [],
                    "asn_match_statement": [],
                    "byte_match_statement": [],
                    "geo_match_statement": [],
                    "ip_set_reference_statement": [],
                    "label_match_statement": [],
                    "managed_rule_group_statement": [
                      {
                        "managed_rule_group_configs": [],
                        "name": "AWSManagedRulesCommonRuleSet",
                        "rule_action_override": [],
                        "scope_down_statement": [],
                        "vendor_name": "AWS",
                        "version": null
                      }
                    ],
                    "not_statement": [],
                    "or_statement": [],
                    "rate_based_statement": [],
                    "regex_match_statement": [],
                    "regex_pattern_set_reference_statement": [],
                    "rule_group_reference_statement": [],
                    "size_constraint_statement": [],
                    "sqli_match_statement": [],
                    "xss_match_statement": []
                  }
                ],
                "visibility_config": [
                  {
                    "cloudwatch_metrics_enabled": true,
                    "metric_name": "AWSManagedRulesCommonRuleSetMetric",
                    "sampled_requests_enabled": true
                  }
                ]
              },
              {
                "action": [],
                "captcha_config": [],
                "challenge_config": [],
                "name": "AWSManagedRulesKnownBadInputsRuleSet",
                "override_action": [
                  {
                    "count": [],
                    "none": [
                      {}
                    ]
                  }
                ],
                "priority": 20,
                "rule_label": [],
                "statement": [
                  {
                    "and_statement": [],
                    "asn_match_statement": [],
                    "byte_match_statement": [],
                    "geo_match_statement": [],
                    "ip_set_reference_statement": [],
                    "label_match_statement": [],
                    "managed_rule_group_statement": [
                      {
                        "managed_rule_group_configs": [],
                        "name": "AWSManagedRulesKnownBadInputsRuleSet",
                        "rule_action_override": [],
                        "scope_down_statement": [],
                        "vendor_name": "AWS",
                        "version": null
                      }
                    ],
                    "not_statement": [],
                    "or_statement": [],
                    "rate_based_statement": [],
                    "regex_match_statement": [],
                    "regex_pattern_set_reference_statement": [],
                    "rule_group_reference_statement": [],
                    "size_constraint_statement": [],
                    "sqli_match_statement": [],
                    "xss_match_statement": []
                  }
                ],
                "visibility_config": [
                  {
                    "cloudwatch_metrics_enabled": true,
                    "metric_name": "KnownBadInputsRuleSetMetric",
                    "sampled_requests_enabled": true
                  }
                ]
              }
            ],
            "rule_json": null,
            "scope": "CLOUDFRONT",
            "tags": {
              "Name": "ticketgo-prod-waf-cloudfront"
            },
            "tags_all": {
              "Environment": "prod",
              "ManagedBy": "Terraform",
              "Name": "ticketgo-prod-waf-cloudfront",
              "Owner": "infra-team",
              "Project": "TicketGo-Peru"
            },
            "token_domains": [],
            "visibility_config": [
              {
                "cloudwatch_metrics_enabled": true,
                "metric_name": "ticketgo-prod-waf-cloudfront",
                "sampled_requests_enabled": true
              }
            ]
          },
          "sensitive_attributes": [],
          "identity_schema_version": 0,
          "private": "bnVsbA=="
        }
      ]
    },
    {
      "module": "module.networking",
      "mode": "managed",
      "type": "aws_cloudwatch_log_group",
      "name": "vpc_flow_logs",
      "provider": "provider[\"registry.terraform.io/hashicorp/aws\"]",
      "instances": [
        {
          "schema_version": 0,
          "attributes": {
            "arn": "arn:aws:logs:us-east-2:783111403254:log-group:/aws/vpc/flowlogs/ticketgo-prod-v3",
            "id": "/aws/vpc/flowlogs/ticketgo-prod-v3",
            "kms_key_id": "",
            "log_group_class": "STANDARD",
            "name": "/aws/vpc/flowlogs/ticketgo-prod-v3",
            "name_prefix": "",
            "retention_in_days": 90,
            "skip_destroy": false,
            "tags": {
              "Name": "ticketgo-prod-vpc-flow-logs"
            },
            "tags_all": {
              "Environment": "prod",
              "ManagedBy": "Terraform",
              "Name": "ticketgo-prod-vpc-flow-logs",
              "Owner": "infra-team",
              "Project": "TicketGo-Peru"
            }
          },
          "sensitive_attributes": [],
          "identity_schema_version": 0,
          "private": "bnVsbA=="
        }
      ]
    },
    {
      "module": "module.networking",
      "mode": "managed",
      "type": "aws_eip",
      "name": "nat",
      "provider": "provider[\"registry.terraform.io/hashicorp/aws\"]",
      "instances": [
        {
          "index_key": 0,
          "schema_version": 0,
          "attributes": {
            "address": null,
            "allocation_id": "eipalloc-037f39b8e23b9042d",
            "arn": "arn:aws:ec2:us-east-2:783111403254:elastic-ip/eipalloc-037f39b8e23b9042d",
            "associate_with_private_ip": null,
            "association_id": "eipassoc-0a1a2c4794a73da76",
            "carrier_ip": "",
            "customer_owned_ip": "",
            "customer_owned_ipv4_pool": "",
            "domain": "vpc",
            "id": "eipalloc-037f39b8e23b9042d",
            "instance": "",
            "ipam_pool_id": null,
            "network_border_group": "us-east-2",
            "network_interface": "eni-088e7e99d30428030",
            "private_dns": "ip-10-0-1-54.us-east-2.compute.internal",
            "private_ip": "10.0.1.54",
            "ptr_record": "",
            "public_dns": "ec2-52-14-117-39.us-east-2.compute.amazonaws.com",
            "public_ip": "52.14.117.39",
            "public_ipv4_pool": "amazon",
            "tags": {
              "Name": "ticketgo-prod-eip-nat-1"
            },
            "tags_all": {
              "Environment": "prod",
              "ManagedBy": "Terraform",
              "Name": "ticketgo-prod-eip-nat-1",
              "Owner": "infra-team",
              "Project": "TicketGo-Peru"
            },
            "timeouts": null,
            "vpc": true
          },
          "sensitive_attributes": [],
          "identity_schema_version": 0,
          "private": "eyJlMmJmYjczMC1lY2FhLTExZTYtOGY4OC0zNDM2M2JjN2M0YzAiOnsiZGVsZXRlIjoxODAwMDAwMDAwMDAsInJlYWQiOjkwMDAwMDAwMDAwMCwidXBkYXRlIjozMDAwMDAwMDAwMDB9fQ==",
          "dependencies": [
            "module.networking.aws_internet_gateway.main",
            "module.networking.aws_vpc.main"
          ]
        },
        {
          "index_key": 1,
          "schema_version": 0,
          "attributes": {
            "address": null,
            "allocation_id": "eipalloc-0db95e250e847496b",
            "arn": "arn:aws:ec2:us-east-2:783111403254:elastic-ip/eipalloc-0db95e250e847496b",
            "associate_with_private_ip": null,
            "association_id": "eipassoc-0eb56a6b8096c9b15",
            "carrier_ip": "",
            "customer_owned_ip": "",
            "customer_owned_ipv4_pool": "",
            "domain": "vpc",
            "id": "eipalloc-0db95e250e847496b",
            "instance": "",
            "ipam_pool_id": null,
            "network_border_group": "us-east-2",
            "network_interface": "eni-0a72f2145461f67ad",
            "private_dns": "ip-10-0-2-242.us-east-2.compute.internal",
            "private_ip": "10.0.2.242",
            "ptr_record": "",
            "public_dns": "ec2-3-136-133-183.us-east-2.compute.amazonaws.com",
            "public_ip": "3.136.133.183",
            "public_ipv4_pool": "amazon",
            "tags": {
              "Name": "ticketgo-prod-eip-nat-2"
            },
            "tags_all": {
              "Environment": "prod",
              "ManagedBy": "Terraform",
              "Name": "ticketgo-prod-eip-nat-2",
              "Owner": "infra-team",
              "Project": "TicketGo-Peru"
            },
            "timeouts": null,
            "vpc": true
          },
          "sensitive_attributes": [],
          "identity_schema_version": 0,
          "private": "eyJlMmJmYjczMC1lY2FhLTExZTYtOGY4OC0zNDM2M2JjN2M0YzAiOnsiZGVsZXRlIjoxODAwMDAwMDAwMDAsInJlYWQiOjkwMDAwMDAwMDAwMCwidXBkYXRlIjozMDAwMDAwMDAwMDB9fQ==",
          "dependencies": [
            "module.networking.aws_internet_gateway.main",
            "module.networking.aws_vpc.main"
          ]
        }
      ]
    },
    {
      "module": "module.networking",
      "mode": "managed",
      "type": "aws_flow_log",
      "name": "main",
      "provider": "provider[\"registry.terraform.io/hashicorp/aws\"]",
      "instances": [
        {
          "schema_version": 0,
          "attributes": {
            "arn": "arn:aws:ec2:us-east-2:783111403254:vpc-flow-log/fl-03535a6eb7f735ba0",
            "deliver_cross_account_role": "",
            "destination_options": [],
            "eni_id": null,
            "iam_role_arn": "arn:aws:iam::783111403254:role/ticketgo-prod-vpc-flow-logs-role",
            "id": "fl-03535a6eb7f735ba0",
            "log_destination": "arn:aws:logs:us-east-2:783111403254:log-group:/aws/vpc/flowlogs/ticketgo-prod-v3",
            "log_destination_type": "cloud-watch-logs",
            "log_format": "${version} ${account-id} ${interface-id} ${srcaddr} ${dstaddr} ${srcport} ${dstport} ${protocol} ${packets} ${bytes} ${start} ${end} ${action} ${log-status}",
            "log_group_name": "/aws/vpc/flowlogs/ticketgo-prod-v3",
            "max_aggregation_interval": 600,
            "subnet_id": null,
            "tags": {
              "Name": "ticketgo-prod-flow-log"
            },
            "tags_all": {
              "Environment": "prod",
              "ManagedBy": "Terraform",
              "Name": "ticketgo-prod-flow-log",
              "Owner": "infra-team",
              "Project": "TicketGo-Peru"
            },
            "traffic_type": "ALL",
            "transit_gateway_attachment_id": null,
            "transit_gateway_id": null,
            "vpc_id": "vpc-0fc592cefcec04842"
          },
          "sensitive_attributes": [],
          "identity_schema_version": 0,
          "private": "bnVsbA==",
          "dependencies": [
            "module.networking.aws_cloudwatch_log_group.vpc_flow_logs",
            "module.networking.aws_iam_role.vpc_flow_logs",
            "module.networking.aws_vpc.main"
          ]
        }
      ]
    },
    {
      "module": "module.networking",
      "mode": "managed",
      "type": "aws_iam_role",
      "name": "vpc_flow_logs",
      "provider": "provider[\"registry.terraform.io/hashicorp/aws\"]",
      "instances": [
        {
          "schema_version": 0,
          "attributes": {
            "arn": "arn:aws:iam::783111403254:role/ticketgo-prod-vpc-flow-logs-role",
            "assume_role_policy": "{\"Statement\":[{\"Action\":\"sts:AssumeRole\",\"Effect\":\"Allow\",\"Principal\":{\"Service\":\"vpc-flow-logs.amazonaws.com\"}}],\"Version\":\"2012-10-17\"}",
            "create_date": "2026-06-20T16:05:06Z",
            "description": "",
            "force_detach_policies": false,
            "id": "ticketgo-prod-vpc-flow-logs-role",
            "inline_policy": [
              {
                "name": "vpc-flow-logs-policy",
                "policy": "{\"Version\":\"2012-10-17\",\"Statement\":[{\"Action\":[\"logs:CreateLogGroup\",\"logs:CreateLogStream\",\"logs:PutLogEvents\",\"logs:DescribeLogGroups\",\"logs:DescribeLogStreams\"],\"Effect\":\"Allow\",\"Resource\":\"*\"}]}"
              }
            ],
            "managed_policy_arns": [],
            "max_session_duration": 3600,
            "name": "ticketgo-prod-vpc-flow-logs-role",
            "name_prefix": "",
            "path": "/",
            "permissions_boundary": "",
            "tags": {},
            "tags_all": {
              "Environment": "prod",
              "ManagedBy": "Terraform",
              "Owner": "infra-team",
              "Project": "TicketGo-Peru"
            },
            "unique_id": "AROA3MVITW33OBUML3C4T"
          },
          "sensitive_attributes": [],
          "identity_schema_version": 0,
          "private": "bnVsbA=="
        }
      ]
    },
    {
      "module": "module.networking",
      "mode": "managed",
      "type": "aws_iam_role_policy",
      "name": "vpc_flow_logs",
      "provider": "provider[\"registry.terraform.io/hashicorp/aws\"]",
      "instances": [
        {
          "schema_version": 0,
          "attributes": {
            "id": "ticketgo-prod-vpc-flow-logs-role:vpc-flow-logs-policy",
            "name": "vpc-flow-logs-policy",
            "name_prefix": "",
            "policy": "{\"Version\":\"2012-10-17\",\"Statement\":[{\"Action\":[\"logs:CreateLogGroup\",\"logs:CreateLogStream\",\"logs:PutLogEvents\",\"logs:DescribeLogGroups\",\"logs:DescribeLogStreams\"],\"Effect\":\"Allow\",\"Resource\":\"*\"}]}",
            "role": "ticketgo-prod-vpc-flow-logs-role"
          },
          "sensitive_attributes": [],
          "identity_schema_version": 0,
          "private": "bnVsbA==",
          "dependencies": [
            "module.networking.aws_iam_role.vpc_flow_logs"
          ]
        }
      ]
    },
    {
      "module": "module.networking",
      "mode": "managed",
      "type": "aws_internet_gateway",
      "name": "main",
      "provider": "provider[\"registry.terraform.io/hashicorp/aws\"]",
      "instances": [
        {
          "schema_version": 0,
          "attributes": {
            "arn": "arn:aws:ec2:us-east-2:783111403254:internet-gateway/igw-0cc940a01679caa43",
            "id": "igw-0cc940a01679caa43",
            "owner_id": "783111403254",
            "tags": {
              "Name": "ticketgo-prod-igw"
            },
            "tags_all": {
              "Environment": "prod",
              "ManagedBy": "Terraform",
              "Name": "ticketgo-prod-igw",
              "Owner": "infra-team",
              "Project": "TicketGo-Peru"
            },
            "timeouts": null,
            "vpc_id": "vpc-0fc592cefcec04842"
          },
          "sensitive_attributes": [],
          "identity_schema_version": 0,
          "private": "eyJlMmJmYjczMC1lY2FhLTExZTYtOGY4OC0zNDM2M2JjN2M0YzAiOnsiY3JlYXRlIjoxMjAwMDAwMDAwMDAwLCJkZWxldGUiOjEyMDAwMDAwMDAwMDAsInVwZGF0ZSI6MTIwMDAwMDAwMDAwMH19",
          "dependencies": [
            "module.networking.aws_vpc.main"
          ]
        }
      ]
    },
    {
      "module": "module.networking",
      "mode": "managed",
      "type": "aws_nat_gateway",
      "name": "main",
      "provider": "provider[\"registry.terraform.io/hashicorp/aws\"]",
      "instances": [
        {
          "index_key": 0,
          "schema_version": 0,
          "attributes": {
            "allocation_id": "eipalloc-037f39b8e23b9042d",
            "association_id": "eipassoc-0a1a2c4794a73da76",
            "connectivity_type": "public",
            "id": "nat-0cf47a77de1ca1cd8",
            "network_interface_id": "eni-088e7e99d30428030",
            "private_ip": "10.0.1.54",
            "public_ip": "52.14.117.39",
            "secondary_allocation_ids": [],
            "secondary_private_ip_address_count": 0,
            "secondary_private_ip_addresses": [],
            "subnet_id": "subnet-0a796061da929cca9",
            "tags": {
              "Name": "ticketgo-prod-nat-1"
            },
            "tags_all": {
              "Environment": "prod",
              "ManagedBy": "Terraform",
              "Name": "ticketgo-prod-nat-1",
              "Owner": "infra-team",
              "Project": "TicketGo-Peru"
            },
            "timeouts": null
          },
          "sensitive_attributes": [],
          "identity_schema_version": 0,
          "private": "eyJlMmJmYjczMC1lY2FhLTExZTYtOGY4OC0zNDM2M2JjN2M0YzAiOnsiY3JlYXRlIjo2MDAwMDAwMDAwMDAsImRlbGV0ZSI6MTgwMDAwMDAwMDAwMCwidXBkYXRlIjo2MDAwMDAwMDAwMDB9fQ==",
          "dependencies": [
            "module.networking.aws_eip.nat",
            "module.networking.aws_internet_gateway.main",
            "module.networking.aws_subnet.public",
            "module.networking.aws_vpc.main"
          ]
        },
        {
          "index_key": 1,
          "schema_version": 0,
          "attributes": {
            "allocation_id": "eipalloc-0db95e250e847496b",
            "association_id": "eipassoc-0eb56a6b8096c9b15",
            "connectivity_type": "public",
            "id": "nat-087648b404c761335",
            "network_interface_id": "eni-0a72f2145461f67ad",
            "private_ip": "10.0.2.242",
            "public_ip": "3.136.133.183",
            "secondary_allocation_ids": [],
            "secondary_private_ip_address_count": 0,
            "secondary_private_ip_addresses": [],
            "subnet_id": "subnet-069842242683f46c3",
            "tags": {
              "Name": "ticketgo-prod-nat-2"
            },
            "tags_all": {
              "Environment": "prod",
              "ManagedBy": "Terraform",
              "Name": "ticketgo-prod-nat-2",
              "Owner": "infra-team",
              "Project": "TicketGo-Peru"
            },
            "timeouts": null
          },
          "sensitive_attributes": [],
          "identity_schema_version": 0,
          "private": "eyJlMmJmYjczMC1lY2FhLTExZTYtOGY4OC0zNDM2M2JjN2M0YzAiOnsiY3JlYXRlIjo2MDAwMDAwMDAwMDAsImRlbGV0ZSI6MTgwMDAwMDAwMDAwMCwidXBkYXRlIjo2MDAwMDAwMDAwMDB9fQ==",
          "dependencies": [
            "module.networking.aws_eip.nat",
            "module.networking.aws_internet_gateway.main",
            "module.networking.aws_subnet.public",
            "module.networking.aws_vpc.main"
          ]
        }
      ]
    },
    {
      "module": "module.networking",
      "mode": "managed",
      "type": "aws_route_table",
      "name": "private_app",
      "provider": "provider[\"registry.terraform.io/hashicorp/aws\"]",
      "instances": [
        {
          "index_key": 0,
          "schema_version": 0,
          "attributes": {
            "arn": "arn:aws:ec2:us-east-2:783111403254:route-table/rtb-09ffe5edc01ef1e0d",
            "id": "rtb-09ffe5edc01ef1e0d",
            "owner_id": "783111403254",
            "propagating_vgws": [],
            "route": [
              {
                "carrier_gateway_id": "",
                "cidr_block": "0.0.0.0/0",
                "core_network_arn": "",
                "destination_prefix_list_id": "",
                "egress_only_gateway_id": "",
                "gateway_id": "",
                "ipv6_cidr_block": "",
                "local_gateway_id": "",
                "nat_gateway_id": "nat-0cf47a77de1ca1cd8",
                "network_interface_id": "",
                "transit_gateway_id": "",
                "vpc_endpoint_id": "",
                "vpc_peering_connection_id": ""
              }
            ],
            "tags": {
              "Name": "ticketgo-prod-rt-private-app-1"
            },
            "tags_all": {
              "Environment": "prod",
              "ManagedBy": "Terraform",
              "Name": "ticketgo-prod-rt-private-app-1",
              "Owner": "infra-team",
              "Project": "TicketGo-Peru"
            },
            "timeouts": null,
            "vpc_id": "vpc-0fc592cefcec04842"
          },
          "sensitive_attributes": [],
          "identity_schema_version": 0,
          "private": "eyJlMmJmYjczMC1lY2FhLTExZTYtOGY4OC0zNDM2M2JjN2M0YzAiOnsiY3JlYXRlIjozMDAwMDAwMDAwMDAsImRlbGV0ZSI6MzAwMDAwMDAwMDAwLCJ1cGRhdGUiOjEyMDAwMDAwMDAwMH19",
          "dependencies": [
            "module.networking.aws_eip.nat",
            "module.networking.aws_internet_gateway.main",
            "module.networking.aws_nat_gateway.main",
            "module.networking.aws_subnet.public",
            "module.networking.aws_vpc.main"
          ]
        },
        {
          "index_key": 1,
          "schema_version": 0,
          "attributes": {
            "arn": "arn:aws:ec2:us-east-2:783111403254:route-table/rtb-0bc854fc99bb3b925",
            "id": "rtb-0bc854fc99bb3b925",
            "owner_id": "783111403254",
            "propagating_vgws": [],
            "route": [
              {
                "carrier_gateway_id": "",
                "cidr_block": "0.0.0.0/0",
                "core_network_arn": "",
                "destination_prefix_list_id": "",
                "egress_only_gateway_id": "",
                "gateway_id": "",
                "ipv6_cidr_block": "",
                "local_gateway_id": "",
                "nat_gateway_id": "nat-087648b404c761335",
                "network_interface_id": "",
                "transit_gateway_id": "",
                "vpc_endpoint_id": "",
                "vpc_peering_connection_id": ""
              }
            ],
            "tags": {
              "Name": "ticketgo-prod-rt-private-app-2"
            },
            "tags_all": {
              "Environment": "prod",
              "ManagedBy": "Terraform",
              "Name": "ticketgo-prod-rt-private-app-2",
              "Owner": "infra-team",
              "Project": "TicketGo-Peru"
            },
            "timeouts": null,
            "vpc_id": "vpc-0fc592cefcec04842"
          },
          "sensitive_attributes": [],
          "identity_schema_version": 0,
          "private": "eyJlMmJmYjczMC1lY2FhLTExZTYtOGY4OC0zNDM2M2JjN2M0YzAiOnsiY3JlYXRlIjozMDAwMDAwMDAwMDAsImRlbGV0ZSI6MzAwMDAwMDAwMDAwLCJ1cGRhdGUiOjEyMDAwMDAwMDAwMH19",
          "dependencies": [
            "module.networking.aws_eip.nat",
            "module.networking.aws_internet_gateway.main",
            "module.networking.aws_nat_gateway.main",
            "module.networking.aws_subnet.public",
            "module.networking.aws_vpc.main"
          ]
        }
      ]
    },
    {
      "module": "module.networking",
      "mode": "managed",
      "type": "aws_route_table",
      "name": "private_data",
      "provider": "provider[\"registry.terraform.io/hashicorp/aws\"]",
      "instances": [
        {
          "index_key": 0,
          "schema_version": 0,
          "attributes": {
            "arn": "arn:aws:ec2:us-east-2:783111403254:route-table/rtb-07ca04cfa7855e416",
            "id": "rtb-07ca04cfa7855e416",
            "owner_id": "783111403254",
            "propagating_vgws": [],
            "route": [
              {
                "carrier_gateway_id": "",
                "cidr_block": "0.0.0.0/0",
                "core_network_arn": "",
                "destination_prefix_list_id": "",
                "egress_only_gateway_id": "",
                "gateway_id": "",
                "ipv6_cidr_block": "",
                "local_gateway_id": "",
                "nat_gateway_id": "nat-0cf47a77de1ca1cd8",
                "network_interface_id": "",
                "transit_gateway_id": "",
                "vpc_endpoint_id": "",
                "vpc_peering_connection_id": ""
              }
            ],
            "tags": {
              "Name": "ticketgo-prod-rt-private-data-1"
            },
            "tags_all": {
              "Environment": "prod",
              "ManagedBy": "Terraform",
              "Name": "ticketgo-prod-rt-private-data-1",
              "Owner": "infra-team",
              "Project": "TicketGo-Peru"
            },
            "timeouts": null,
            "vpc_id": "vpc-0fc592cefcec04842"
          },
          "sensitive_attributes": [],
          "identity_schema_version": 0,
          "private": "eyJlMmJmYjczMC1lY2FhLTExZTYtOGY4OC0zNDM2M2JjN2M0YzAiOnsiY3JlYXRlIjozMDAwMDAwMDAwMDAsImRlbGV0ZSI6MzAwMDAwMDAwMDAwLCJ1cGRhdGUiOjEyMDAwMDAwMDAwMH19",
          "dependencies": [
            "module.networking.aws_eip.nat",
            "module.networking.aws_internet_gateway.main",
            "module.networking.aws_nat_gateway.main",
            "module.networking.aws_subnet.public",
            "module.networking.aws_vpc.main"
          ]
        },
        {
          "index_key": 1,
          "schema_version": 0,
          "attributes": {
            "arn": "arn:aws:ec2:us-east-2:783111403254:route-table/rtb-04d2876d5ea369fd1",
            "id": "rtb-04d2876d5ea369fd1",
            "owner_id": "783111403254",
            "propagating_vgws": [],
            "route": [
              {
                "carrier_gateway_id": "",
                "cidr_block": "0.0.0.0/0",
                "core_network_arn": "",
                "destination_prefix_list_id": "",
                "egress_only_gateway_id": "",
                "gateway_id": "",
                "ipv6_cidr_block": "",
                "local_gateway_id": "",
                "nat_gateway_id": "nat-087648b404c761335",
                "network_interface_id": "",
                "transit_gateway_id": "",
                "vpc_endpoint_id": "",
                "vpc_peering_connection_id": ""
              }
            ],
            "tags": {
              "Name": "ticketgo-prod-rt-private-data-2"
            },
            "tags_all": {
              "Environment": "prod",
              "ManagedBy": "Terraform",
              "Name": "ticketgo-prod-rt-private-data-2",
              "Owner": "infra-team",
              "Project": "TicketGo-Peru"
            },
            "timeouts": null,
            "vpc_id": "vpc-0fc592cefcec04842"
          },
          "sensitive_attributes": [],
          "identity_schema_version": 0,
          "private": "eyJlMmJmYjczMC1lY2FhLTExZTYtOGY4OC0zNDM2M2JjN2M0YzAiOnsiY3JlYXRlIjozMDAwMDAwMDAwMDAsImRlbGV0ZSI6MzAwMDAwMDAwMDAwLCJ1cGRhdGUiOjEyMDAwMDAwMDAwMH19",
          "dependencies": [
            "module.networking.aws_eip.nat",
            "module.networking.aws_internet_gateway.main",
            "module.networking.aws_nat_gateway.main",
            "module.networking.aws_subnet.public",
            "module.networking.aws_vpc.main"
          ]
        }
      ]
    },
    {
      "module": "module.networking",
      "mode": "managed",
      "type": "aws_route_table",
      "name": "public",
      "provider": "provider[\"registry.terraform.io/hashicorp/aws\"]",
      "instances": [
        {
          "schema_version": 0,
          "attributes": {
            "arn": "arn:aws:ec2:us-east-2:783111403254:route-table/rtb-0eb42e7afcbf14f04",
            "id": "rtb-0eb42e7afcbf14f04",
            "owner_id": "783111403254",
            "propagating_vgws": [],
            "route": [
              {
                "carrier_gateway_id": "",
                "cidr_block": "0.0.0.0/0",
                "core_network_arn": "",
                "destination_prefix_list_id": "",
                "egress_only_gateway_id": "",
                "gateway_id": "igw-0cc940a01679caa43",
                "ipv6_cidr_block": "",
                "local_gateway_id": "",
                "nat_gateway_id": "",
                "network_interface_id": "",
                "transit_gateway_id": "",
                "vpc_endpoint_id": "",
                "vpc_peering_connection_id": ""
              }
            ],
            "tags": {
              "Name": "ticketgo-prod-rt-public"
            },
            "tags_all": {
              "Environment": "prod",
              "ManagedBy": "Terraform",
              "Name": "ticketgo-prod-rt-public",
              "Owner": "infra-team",
              "Project": "TicketGo-Peru"
            },
            "timeouts": null,
            "vpc_id": "vpc-0fc592cefcec04842"
          },
          "sensitive_attributes": [],
          "identity_schema_version": 0,
          "private": "eyJlMmJmYjczMC1lY2FhLTExZTYtOGY4OC0zNDM2M2JjN2M0YzAiOnsiY3JlYXRlIjozMDAwMDAwMDAwMDAsImRlbGV0ZSI6MzAwMDAwMDAwMDAwLCJ1cGRhdGUiOjEyMDAwMDAwMDAwMH19",
          "dependencies": [
            "module.networking.aws_internet_gateway.main",
            "module.networking.aws_vpc.main"
          ]
        }
      ]
    },
    {
      "module": "module.networking",
      "mode": "managed",
      "type": "aws_route_table_association",
      "name": "private_app",
      "provider": "provider[\"registry.terraform.io/hashicorp/aws\"]",
      "instances": [
        {
          "index_key": 0,
          "schema_version": 0,
          "attributes": {
            "gateway_id": "",
            "id": "rtbassoc-06f07539f12f9142d",
            "route_table_id": "rtb-09ffe5edc01ef1e0d",
            "subnet_id": "subnet-0c635ec3737d626b0",
            "timeouts": null
          },
          "sensitive_attributes": [],
          "identity_schema_version": 0,
          "private": "eyJlMmJmYjczMC1lY2FhLTExZTYtOGY4OC0zNDM2M2JjN2M0YzAiOnsiY3JlYXRlIjozMDAwMDAwMDAwMDAsImRlbGV0ZSI6MzAwMDAwMDAwMDAwLCJ1cGRhdGUiOjEyMDAwMDAwMDAwMH19",
          "dependencies": [
            "module.networking.aws_eip.nat",
            "module.networking.aws_internet_gateway.main",
            "module.networking.aws_nat_gateway.main",
            "module.networking.aws_route_table.private_app",
            "module.networking.aws_subnet.private_app",
            "module.networking.aws_subnet.public",
            "module.networking.aws_vpc.main"
          ]
        },
        {
          "index_key": 1,
          "schema_version": 0,
          "attributes": {
            "gateway_id": "",
            "id": "rtbassoc-0e0ea2b9481a08f13",
            "route_table_id": "rtb-0bc854fc99bb3b925",
            "subnet_id": "subnet-0fc128a8ec115c2e1",
            "timeouts": null
          },
          "sensitive_attributes": [],
          "identity_schema_version": 0,
          "private": "eyJlMmJmYjczMC1lY2FhLTExZTYtOGY4OC0zNDM2M2JjN2M0YzAiOnsiY3JlYXRlIjozMDAwMDAwMDAwMDAsImRlbGV0ZSI6MzAwMDAwMDAwMDAwLCJ1cGRhdGUiOjEyMDAwMDAwMDAwMH19",
          "dependencies": [
            "module.networking.aws_eip.nat",
            "module.networking.aws_internet_gateway.main",
            "module.networking.aws_nat_gateway.main",
            "module.networking.aws_route_table.private_app",
            "module.networking.aws_subnet.private_app",
            "module.networking.aws_subnet.public",
            "module.networking.aws_vpc.main"
          ]
        }
      ]
    },
    {
      "module": "module.networking",
      "mode": "managed",
      "type": "aws_route_table_association",
      "name": "private_data",
      "provider": "provider[\"registry.terraform.io/hashicorp/aws\"]",
      "instances": [
        {
          "index_key": 0,
          "schema_version": 0,
          "attributes": {
            "gateway_id": "",
            "id": "rtbassoc-0b687ff0a9c3608eb",
            "route_table_id": "rtb-07ca04cfa7855e416",
            "subnet_id": "subnet-065c7554e5bb19ac3",
            "timeouts": null
          },
          "sensitive_attributes": [],
          "identity_schema_version": 0,
          "private": "eyJlMmJmYjczMC1lY2FhLTExZTYtOGY4OC0zNDM2M2JjN2M0YzAiOnsiY3JlYXRlIjozMDAwMDAwMDAwMDAsImRlbGV0ZSI6MzAwMDAwMDAwMDAwLCJ1cGRhdGUiOjEyMDAwMDAwMDAwMH19",
          "dependencies": [
            "module.networking.aws_eip.nat",
            "module.networking.aws_internet_gateway.main",
            "module.networking.aws_nat_gateway.main",
            "module.networking.aws_route_table.private_data",
            "module.networking.aws_subnet.private_data",
            "module.networking.aws_subnet.public",
            "module.networking.aws_vpc.main"
          ]
        },
        {
          "index_key": 1,
          "schema_version": 0,
          "attributes": {
            "gateway_id": "",
            "id": "rtbassoc-0e4d5dd6e1d0e3fa6",
            "route_table_id": "rtb-04d2876d5ea369fd1",
            "subnet_id": "subnet-0d46d4b2ceb3c358e",
            "timeouts": null
          },
          "sensitive_attributes": [],
          "identity_schema_version": 0,
          "private": "eyJlMmJmYjczMC1lY2FhLTExZTYtOGY4OC0zNDM2M2JjN2M0YzAiOnsiY3JlYXRlIjozMDAwMDAwMDAwMDAsImRlbGV0ZSI6MzAwMDAwMDAwMDAwLCJ1cGRhdGUiOjEyMDAwMDAwMDAwMH19",
          "dependencies": [
            "module.networking.aws_eip.nat",
            "module.networking.aws_internet_gateway.main",
            "module.networking.aws_nat_gateway.main",
            "module.networking.aws_route_table.private_data",
            "module.networking.aws_subnet.private_data",
            "module.networking.aws_subnet.public",
            "module.networking.aws_vpc.main"
          ]
        }
      ]
    },
    {
      "module": "module.networking",
      "mode": "managed",
      "type": "aws_route_table_association",
      "name": "public",
      "provider": "provider[\"registry.terraform.io/hashicorp/aws\"]",
      "instances": [
        {
          "index_key": 0,
          "schema_version": 0,
          "attributes": {
            "gateway_id": "",
            "id": "rtbassoc-0d1b62cb514775079",
            "route_table_id": "rtb-0eb42e7afcbf14f04",
            "subnet_id": "subnet-0a796061da929cca9",
            "timeouts": null
          },
          "sensitive_attributes": [],
          "identity_schema_version": 0,
          "private": "eyJlMmJmYjczMC1lY2FhLTExZTYtOGY4OC0zNDM2M2JjN2M0YzAiOnsiY3JlYXRlIjozMDAwMDAwMDAwMDAsImRlbGV0ZSI6MzAwMDAwMDAwMDAwLCJ1cGRhdGUiOjEyMDAwMDAwMDAwMH19",
          "dependencies": [
            "module.networking.aws_internet_gateway.main",
            "module.networking.aws_route_table.public",
            "module.networking.aws_subnet.public",
            "module.networking.aws_vpc.main"
          ]
        },
        {
          "index_key": 1,
          "schema_version": 0,
          "attributes": {
            "gateway_id": "",
            "id": "rtbassoc-0dc6de8f8a9fe3c31",
            "route_table_id": "rtb-0eb42e7afcbf14f04",
            "subnet_id": "subnet-069842242683f46c3",
            "timeouts": null
          },
          "sensitive_attributes": [],
          "identity_schema_version": 0,
          "private": "eyJlMmJmYjczMC1lY2FhLTExZTYtOGY4OC0zNDM2M2JjN2M0YzAiOnsiY3JlYXRlIjozMDAwMDAwMDAwMDAsImRlbGV0ZSI6MzAwMDAwMDAwMDAwLCJ1cGRhdGUiOjEyMDAwMDAwMDAwMH19",
          "dependencies": [
            "module.networking.aws_internet_gateway.main",
            "module.networking.aws_route_table.public",
            "module.networking.aws_subnet.public",
            "module.networking.aws_vpc.main"
          ]
        }
      ]
    },
    {
      "module": "module.networking",
      "mode": "managed",
      "type": "aws_security_group",
      "name": "vpc_endpoints",
      "provider": "provider[\"registry.terraform.io/hashicorp/aws\"]",
      "instances": [
        {
          "schema_version": 1,
          "attributes": {
            "arn": "arn:aws:ec2:us-east-2:783111403254:security-group/sg-0645e3d0c70585919",
            "description": "Trafico HTTPS desde VPC hacia Interface Endpoints",
            "egress": [],
            "id": "sg-0645e3d0c70585919",
            "ingress": [
              {
                "cidr_blocks": [
                  "10.0.0.0/16"
                ],
                "description": "HTTPS desde recursos dentro del VPC",
                "from_port": 443,
                "ipv6_cidr_blocks": [],
                "prefix_list_ids": [],
                "protocol": "tcp",
                "security_groups": [],
                "self": false,
                "to_port": 443
              }
            ],
            "name": "ticketgo-prod-sg-vpce",
            "name_prefix": "",
            "owner_id": "783111403254",
            "revoke_rules_on_delete": false,
            "tags": {
              "Name": "ticketgo-prod-sg-vpce"
            },
            "tags_all": {
              "Environment": "prod",
              "ManagedBy": "Terraform",
              "Name": "ticketgo-prod-sg-vpce",
              "Owner": "infra-team",
              "Project": "TicketGo-Peru"
            },
            "timeouts": null,
            "vpc_id": "vpc-0fc592cefcec04842"
          },
          "sensitive_attributes": [],
          "identity_schema_version": 0,
          "private": "eyJlMmJmYjczMC1lY2FhLTExZTYtOGY4OC0zNDM2M2JjN2M0YzAiOnsiY3JlYXRlIjo2MDAwMDAwMDAwMDAsImRlbGV0ZSI6OTAwMDAwMDAwMDAwfSwic2NoZW1hX3ZlcnNpb24iOiIxIn0=",
          "dependencies": [
            "module.networking.aws_vpc.main"
          ]
        }
      ]
    },
    {
      "module": "module.networking",
      "mode": "managed",
      "type": "aws_subnet",
      "name": "private_app",
      "provider": "provider[\"registry.terraform.io/hashicorp/aws\"]",
      "instances": [
        {
          "index_key": 0,
          "schema_version": 1,
          "attributes": {
            "arn": "arn:aws:ec2:us-east-2:783111403254:subnet/subnet-0c635ec3737d626b0",
            "assign_ipv6_address_on_creation": false,
            "availability_zone": "us-east-2a",
            "availability_zone_id": "use2-az1",
            "cidr_block": "10.0.11.0/24",
            "customer_owned_ipv4_pool": "",
            "enable_dns64": false,
            "enable_lni_at_device_index": 0,
            "enable_resource_name_dns_a_record_on_launch": false,
            "enable_resource_name_dns_aaaa_record_on_launch": false,
            "id": "subnet-0c635ec3737d626b0",
            "ipv6_cidr_block": "",
            "ipv6_cidr_block_association_id": "",
            "ipv6_native": false,
            "map_customer_owned_ip_on_launch": false,
            "map_public_ip_on_launch": false,
            "outpost_arn": "",
            "owner_id": "783111403254",
            "private_dns_hostname_type_on_launch": "ip-name",
            "tags": {
              "Name": "ticketgo-prod-private-app-1",
              "Tier": "private-app"
            },
            "tags_all": {
              "Environment": "prod",
              "ManagedBy": "Terraform",
              "Name": "ticketgo-prod-private-app-1",
              "Owner": "infra-team",
              "Project": "TicketGo-Peru",
              "Tier": "private-app"
            },
            "timeouts": null,
            "vpc_id": "vpc-0fc592cefcec04842"
          },
          "sensitive_attributes": [],
          "identity_schema_version": 0,
          "private": "eyJlMmJmYjczMC1lY2FhLTExZTYtOGY4OC0zNDM2M2JjN2M0YzAiOnsiY3JlYXRlIjo2MDAwMDAwMDAwMDAsImRlbGV0ZSI6MTIwMDAwMDAwMDAwMH0sInNjaGVtYV92ZXJzaW9uIjoiMSJ9",
          "dependencies": [
            "module.networking.aws_vpc.main"
          ]
        },
        {
          "index_key": 1,
          "schema_version": 1,
          "attributes": {
            "arn": "arn:aws:ec2:us-east-2:783111403254:subnet/subnet-0fc128a8ec115c2e1",
            "assign_ipv6_address_on_creation": false,
            "availability_zone": "us-east-2b",
            "availability_zone_id": "use2-az2",
            "cidr_block": "10.0.12.0/24",
            "customer_owned_ipv4_pool": "",
            "enable_dns64": false,
            "enable_lni_at_device_index": 0,
            "enable_resource_name_dns_a_record_on_launch": false,
            "enable_resource_name_dns_aaaa_record_on_launch": false,
            "id": "subnet-0fc128a8ec115c2e1",
            "ipv6_cidr_block": "",
            "ipv6_cidr_block_association_id": "",
            "ipv6_native": false,
            "map_customer_owned_ip_on_launch": false,
            "map_public_ip_on_launch": false,
            "outpost_arn": "",
            "owner_id": "783111403254",
            "private_dns_hostname_type_on_launch": "ip-name",
            "tags": {
              "Name": "ticketgo-prod-private-app-2",
              "Tier": "private-app"
            },
            "tags_all": {
              "Environment": "prod",
              "ManagedBy": "Terraform",
              "Name": "ticketgo-prod-private-app-2",
              "Owner": "infra-team",
              "Project": "TicketGo-Peru",
              "Tier": "private-app"
            },
            "timeouts": null,
            "vpc_id": "vpc-0fc592cefcec04842"
          },
          "sensitive_attributes": [],
          "identity_schema_version": 0,
          "private": "eyJlMmJmYjczMC1lY2FhLTExZTYtOGY4OC0zNDM2M2JjN2M0YzAiOnsiY3JlYXRlIjo2MDAwMDAwMDAwMDAsImRlbGV0ZSI6MTIwMDAwMDAwMDAwMH0sInNjaGVtYV92ZXJzaW9uIjoiMSJ9",
          "dependencies": [
            "module.networking.aws_vpc.main"
          ]
        }
      ]
    },
    {
      "module": "module.networking",
      "mode": "managed",
      "type": "aws_subnet",
      "name": "private_data",
      "provider": "provider[\"registry.terraform.io/hashicorp/aws\"]",
      "instances": [
        {
          "index_key": 0,
          "schema_version": 1,
          "attributes": {
            "arn": "arn:aws:ec2:us-east-2:783111403254:subnet/subnet-065c7554e5bb19ac3",
            "assign_ipv6_address_on_creation": false,
            "availability_zone": "us-east-2a",
            "availability_zone_id": "use2-az1",
            "cidr_block": "10.0.21.0/24",
            "customer_owned_ipv4_pool": "",
            "enable_dns64": false,
            "enable_lni_at_device_index": 0,
            "enable_resource_name_dns_a_record_on_launch": false,
            "enable_resource_name_dns_aaaa_record_on_launch": false,
            "id": "subnet-065c7554e5bb19ac3",
            "ipv6_cidr_block": "",
            "ipv6_cidr_block_association_id": "",
            "ipv6_native": false,
            "map_customer_owned_ip_on_launch": false,
            "map_public_ip_on_launch": false,
            "outpost_arn": "",
            "owner_id": "783111403254",
            "private_dns_hostname_type_on_launch": "ip-name",
            "tags": {
              "Name": "ticketgo-prod-private-data-1",
              "Tier": "private-data"
            },
            "tags_all": {
              "Environment": "prod",
              "ManagedBy": "Terraform",
              "Name": "ticketgo-prod-private-data-1",
              "Owner": "infra-team",
              "Project": "TicketGo-Peru",
              "Tier": "private-data"
            },
            "timeouts": null,
            "vpc_id": "vpc-0fc592cefcec04842"
          },
          "sensitive_attributes": [],
          "identity_schema_version": 0,
          "private": "eyJlMmJmYjczMC1lY2FhLTExZTYtOGY4OC0zNDM2M2JjN2M0YzAiOnsiY3JlYXRlIjo2MDAwMDAwMDAwMDAsImRlbGV0ZSI6MTIwMDAwMDAwMDAwMH0sInNjaGVtYV92ZXJzaW9uIjoiMSJ9",
          "dependencies": [
            "module.networking.aws_vpc.main"
          ]
        },
        {
          "index_key": 1,
          "schema_version": 1,
          "attributes": {
            "arn": "arn:aws:ec2:us-east-2:783111403254:subnet/subnet-0d46d4b2ceb3c358e",
            "assign_ipv6_address_on_creation": false,
            "availability_zone": "us-east-2b",
            "availability_zone_id": "use2-az2",
            "cidr_block": "10.0.22.0/24",
            "customer_owned_ipv4_pool": "",
            "enable_dns64": false,
            "enable_lni_at_device_index": 0,
            "enable_resource_name_dns_a_record_on_launch": false,
            "enable_resource_name_dns_aaaa_record_on_launch": false,
            "id": "subnet-0d46d4b2ceb3c358e",
            "ipv6_cidr_block": "",
            "ipv6_cidr_block_association_id": "",
            "ipv6_native": false,
            "map_customer_owned_ip_on_launch": false,
            "map_public_ip_on_launch": false,
            "outpost_arn": "",
            "owner_id": "783111403254",
            "private_dns_hostname_type_on_launch": "ip-name",
            "tags": {
              "Name": "ticketgo-prod-private-data-2",
              "Tier": "private-data"
            },
            "tags_all": {
              "Environment": "prod",
              "ManagedBy": "Terraform",
              "Name": "ticketgo-prod-private-data-2",
              "Owner": "infra-team",
              "Project": "TicketGo-Peru",
              "Tier": "private-data"
            },
            "timeouts": null,
            "vpc_id": "vpc-0fc592cefcec04842"
          },
          "sensitive_attributes": [],
          "identity_schema_version": 0,
          "private": "eyJlMmJmYjczMC1lY2FhLTExZTYtOGY4OC0zNDM2M2JjN2M0YzAiOnsiY3JlYXRlIjo2MDAwMDAwMDAwMDAsImRlbGV0ZSI6MTIwMDAwMDAwMDAwMH0sInNjaGVtYV92ZXJzaW9uIjoiMSJ9",
          "dependencies": [
            "module.networking.aws_vpc.main"
          ]
        }
      ]
    },
    {
      "module": "module.networking",
      "mode": "managed",
      "type": "aws_subnet",
      "name": "public",
      "provider": "provider[\"registry.terraform.io/hashicorp/aws\"]",
      "instances": [
        {
          "index_key": 0,
          "schema_version": 1,
          "attributes": {
            "arn": "arn:aws:ec2:us-east-2:783111403254:subnet/subnet-0a796061da929cca9",
            "assign_ipv6_address_on_creation": false,
            "availability_zone": "us-east-2a",
            "availability_zone_id": "use2-az1",
            "cidr_block": "10.0.1.0/24",
            "customer_owned_ipv4_pool": "",
            "enable_dns64": false,
            "enable_lni_at_device_index": 0,
            "enable_resource_name_dns_a_record_on_launch": false,
            "enable_resource_name_dns_aaaa_record_on_launch": false,
            "id": "subnet-0a796061da929cca9",
            "ipv6_cidr_block": "",
            "ipv6_cidr_block_association_id": "",
            "ipv6_native": false,
            "map_customer_owned_ip_on_launch": false,
            "map_public_ip_on_launch": false,
            "outpost_arn": "",
            "owner_id": "783111403254",
            "private_dns_hostname_type_on_launch": "ip-name",
            "tags": {
              "Name": "ticketgo-prod-public-1",
              "Tier": "public"
            },
            "tags_all": {
              "Environment": "prod",
              "ManagedBy": "Terraform",
              "Name": "ticketgo-prod-public-1",
              "Owner": "infra-team",
              "Project": "TicketGo-Peru",
              "Tier": "public"
            },
            "timeouts": null,
            "vpc_id": "vpc-0fc592cefcec04842"
          },
          "sensitive_attributes": [],
          "identity_schema_version": 0,
          "private": "eyJlMmJmYjczMC1lY2FhLTExZTYtOGY4OC0zNDM2M2JjN2M0YzAiOnsiY3JlYXRlIjo2MDAwMDAwMDAwMDAsImRlbGV0ZSI6MTIwMDAwMDAwMDAwMH0sInNjaGVtYV92ZXJzaW9uIjoiMSJ9",
          "dependencies": [
            "module.networking.aws_vpc.main"
          ]
        },
        {
          "index_key": 1,
          "schema_version": 1,
          "attributes": {
            "arn": "arn:aws:ec2:us-east-2:783111403254:subnet/subnet-069842242683f46c3",
            "assign_ipv6_address_on_creation": false,
            "availability_zone": "us-east-2b",
            "availability_zone_id": "use2-az2",
            "cidr_block": "10.0.2.0/24",
            "customer_owned_ipv4_pool": "",
            "enable_dns64": false,
            "enable_lni_at_device_index": 0,
            "enable_resource_name_dns_a_record_on_launch": false,
            "enable_resource_name_dns_aaaa_record_on_launch": false,
            "id": "subnet-069842242683f46c3",
            "ipv6_cidr_block": "",
            "ipv6_cidr_block_association_id": "",
            "ipv6_native": false,
            "map_customer_owned_ip_on_launch": false,
            "map_public_ip_on_launch": false,
            "outpost_arn": "",
            "owner_id": "783111403254",
            "private_dns_hostname_type_on_launch": "ip-name",
            "tags": {
              "Name": "ticketgo-prod-public-2",
              "Tier": "public"
            },
            "tags_all": {
              "Environment": "prod",
              "ManagedBy": "Terraform",
              "Name": "ticketgo-prod-public-2",
              "Owner": "infra-team",
              "Project": "TicketGo-Peru",
              "Tier": "public"
            },
            "timeouts": null,
            "vpc_id": "vpc-0fc592cefcec04842"
          },
          "sensitive_attributes": [],
          "identity_schema_version": 0,
          "private": "eyJlMmJmYjczMC1lY2FhLTExZTYtOGY4OC0zNDM2M2JjN2M0YzAiOnsiY3JlYXRlIjo2MDAwMDAwMDAwMDAsImRlbGV0ZSI6MTIwMDAwMDAwMDAwMH0sInNjaGVtYV92ZXJzaW9uIjoiMSJ9",
          "dependencies": [
            "module.networking.aws_vpc.main"
          ]
        }
      ]
    },
    {
      "module": "module.networking",
      "mode": "managed",
      "type": "aws_vpc",
      "name": "main",
      "provider": "provider[\"registry.terraform.io/hashicorp/aws\"]",
      "instances": [
        {
          "schema_version": 1,
          "attributes": {
            "arn": "arn:aws:ec2:us-east-2:783111403254:vpc/vpc-0fc592cefcec04842",
            "assign_generated_ipv6_cidr_block": false,
            "cidr_block": "10.0.0.0/16",
            "default_network_acl_id": "acl-04042798a6b42422f",
            "default_route_table_id": "rtb-030ca4464dd7f439b",
            "default_security_group_id": "sg-0db2b4368ac4ef85e",
            "dhcp_options_id": "dopt-0ac4a3f54a3399922",
            "enable_dns_hostnames": true,
            "enable_dns_support": true,
            "enable_network_address_usage_metrics": false,
            "id": "vpc-0fc592cefcec04842",
            "instance_tenancy": "default",
            "ipv4_ipam_pool_id": null,
            "ipv4_netmask_length": null,
            "ipv6_association_id": "",
            "ipv6_cidr_block": "",
            "ipv6_cidr_block_network_border_group": "",
            "ipv6_ipam_pool_id": "",
            "ipv6_netmask_length": 0,
            "main_route_table_id": "rtb-030ca4464dd7f439b",
            "owner_id": "783111403254",
            "tags": {
              "Name": "ticketgo-prod-vpc"
            },
            "tags_all": {
              "Environment": "prod",
              "ManagedBy": "Terraform",
              "Name": "ticketgo-prod-vpc",
              "Owner": "infra-team",
              "Project": "TicketGo-Peru"
            }
          },
          "sensitive_attributes": [],
          "identity_schema_version": 0,
          "private": "eyJzY2hlbWFfdmVyc2lvbiI6IjEifQ=="
        }
      ]
    },
    {
      "module": "module.networking",
      "mode": "managed",
      "type": "aws_vpc_endpoint",
      "name": "cloudwatch_logs",
      "provider": "provider[\"registry.terraform.io/hashicorp/aws\"]",
      "instances": [
        {
          "schema_version": 0,
          "attributes": {
            "arn": "arn:aws:ec2:us-east-2:783111403254:vpc-endpoint/vpce-0734b9ea8d4e36ae6",
            "auto_accept": null,
            "cidr_blocks": [],
            "dns_entry": [
              {
                "dns_name": "vpce-0734b9ea8d4e36ae6-cabw3dt6.logs.us-east-2.vpce.amazonaws.com",
                "hosted_zone_id": "ZC8PG0KIFKBRI"
              },
              {
                "dns_name": "vpce-0734b9ea8d4e36ae6-cabw3dt6-us-east-2b.logs.us-east-2.vpce.amazonaws.com",
                "hosted_zone_id": "ZC8PG0KIFKBRI"
              },
              {
                "dns_name": "vpce-0734b9ea8d4e36ae6-cabw3dt6-us-east-2a.logs.us-east-2.vpce.amazonaws.com",
                "hosted_zone_id": "ZC8PG0KIFKBRI"
              },
              {
                "dns_name": "logs.us-east-2.amazonaws.com",
                "hosted_zone_id": "Z04111532XN0X6FYNSGX7"
              },
              {
                "dns_name": "logs.us-east-2.api.aws",
                "hosted_zone_id": "Z0422032HCH5OZ1P1FOB"
              },
              {
                "dns_name": "streaming-logs.us-east-2.api.aws",
                "hosted_zone_id": "Z04220393RZQCEZT6HSRT"
              },
              {
                "dns_name": "streaming-logs.us-east-2.amazonaws.com",
                "hosted_zone_id": "Z02976583H74U5FPPRBDT"
              }
            ],
            "dns_options": [
              {
                "dns_record_ip_type": "ipv4",
                "private_dns_only_for_inbound_resolver_endpoint": false
              }
            ],
            "id": "vpce-0734b9ea8d4e36ae6",
            "ip_address_type": "ipv4",
            "network_interface_ids": [
              "eni-0159ed20cde593aab",
              "eni-0d6db9f8b9a279330"
            ],
            "owner_id": "783111403254",
            "policy": "{\"Statement\":[{\"Action\":\"*\",\"Effect\":\"Allow\",\"Principal\":\"*\",\"Resource\":\"*\"}]}",
            "prefix_list_id": null,
            "private_dns_enabled": true,
            "requester_managed": false,
            "resource_configuration_arn": "",
            "route_table_ids": [],
            "security_group_ids": [
              "sg-0645e3d0c70585919"
            ],
            "service_name": "com.amazonaws.us-east-2.logs",
            "service_network_arn": "",
            "service_region": "us-east-2",
            "state": "available",
            "subnet_configuration": [
              {
                "ipv4": "10.0.11.4",
                "ipv6": "",
                "subnet_id": "subnet-0c635ec3737d626b0"
              },
              {
                "ipv4": "10.0.12.82",
                "ipv6": "",
                "subnet_id": "subnet-0fc128a8ec115c2e1"
              }
            ],
            "subnet_ids": [
              "subnet-0c635ec3737d626b0",
              "subnet-0fc128a8ec115c2e1"
            ],
            "tags": {
              "Name": "ticketgo-prod-vpce-logs"
            },
            "tags_all": {
              "Environment": "prod",
              "ManagedBy": "Terraform",
              "Name": "ticketgo-prod-vpce-logs",
              "Owner": "infra-team",
              "Project": "TicketGo-Peru"
            },
            "timeouts": null,
            "vpc_endpoint_type": "Interface",
            "vpc_id": "vpc-0fc592cefcec04842"
          },
          "sensitive_attributes": [],
          "identity_schema_version": 0,
          "private": "eyJlMmJmYjczMC1lY2FhLTExZTYtOGY4OC0zNDM2M2JjN2M0YzAiOnsiY3JlYXRlIjo2MDAwMDAwMDAwMDAsImRlbGV0ZSI6NjAwMDAwMDAwMDAwLCJ1cGRhdGUiOjYwMDAwMDAwMDAwMH19",
          "dependencies": [
            "module.networking.aws_security_group.vpc_endpoints",
            "module.networking.aws_subnet.private_app",
            "module.networking.aws_vpc.main"
          ]
        }
      ]
    },
    {
      "module": "module.networking",
      "mode": "managed",
      "type": "aws_vpc_endpoint",
      "name": "ecr_api",
      "provider": "provider[\"registry.terraform.io/hashicorp/aws\"]",
      "instances": [
        {
          "schema_version": 0,
          "attributes": {
            "arn": "arn:aws:ec2:us-east-2:783111403254:vpc-endpoint/vpce-01efc6902e0084820",
            "auto_accept": null,
            "cidr_blocks": [],
            "dns_entry": [
              {
                "dns_name": "vpce-01efc6902e0084820-xik3d9qy.api.ecr.us-east-2.vpce.amazonaws.com",
                "hosted_zone_id": "ZC8PG0KIFKBRI"
              },
              {
                "dns_name": "vpce-01efc6902e0084820-xik3d9qy-us-east-2b.api.ecr.us-east-2.vpce.amazonaws.com",
                "hosted_zone_id": "ZC8PG0KIFKBRI"
              },
              {
                "dns_name": "vpce-01efc6902e0084820-xik3d9qy-us-east-2a.api.ecr.us-east-2.vpce.amazonaws.com",
                "hosted_zone_id": "ZC8PG0KIFKBRI"
              },
              {
                "dns_name": "api.ecr.us-east-2.amazonaws.com",
                "hosted_zone_id": "Z09529252MSJ3Z3BD7V0Y"
              },
              {
                "dns_name": "ecr.us-east-2.api.aws",
                "hosted_zone_id": "Z02973002VMO5TIC1VFH9"
              }
            ],
            "dns_options": [
              {
                "dns_record_ip_type": "ipv4",
                "private_dns_only_for_inbound_resolver_endpoint": false
              }
            ],
            "id": "vpce-01efc6902e0084820",
            "ip_address_type": "ipv4",
            "network_interface_ids": [
              "eni-019664df540085bc1",
              "eni-0467e3efa9893717c"
            ],
            "owner_id": "783111403254",
            "policy": "{\"Statement\":[{\"Action\":\"*\",\"Effect\":\"Allow\",\"Principal\":\"*\",\"Resource\":\"*\"}]}",
            "prefix_list_id": null,
            "private_dns_enabled": true,
            "requester_managed": false,
            "resource_configuration_arn": "",
            "route_table_ids": [],
            "security_group_ids": [
              "sg-0645e3d0c70585919"
            ],
            "service_name": "com.amazonaws.us-east-2.ecr.api",
            "service_network_arn": "",
            "service_region": "us-east-2",
            "state": "available",
            "subnet_configuration": [
              {
                "ipv4": "10.0.11.189",
                "ipv6": "",
                "subnet_id": "subnet-0c635ec3737d626b0"
              },
              {
                "ipv4": "10.0.12.95",
                "ipv6": "",
                "subnet_id": "subnet-0fc128a8ec115c2e1"
              }
            ],
            "subnet_ids": [
              "subnet-0c635ec3737d626b0",
              "subnet-0fc128a8ec115c2e1"
            ],
            "tags": {
              "Name": "ticketgo-prod-vpce-ecr-api"
            },
            "tags_all": {
              "Environment": "prod",
              "ManagedBy": "Terraform",
              "Name": "ticketgo-prod-vpce-ecr-api",
              "Owner": "infra-team",
              "Project": "TicketGo-Peru"
            },
            "timeouts": null,
            "vpc_endpoint_type": "Interface",
            "vpc_id": "vpc-0fc592cefcec04842"
          },
          "sensitive_attributes": [],
          "identity_schema_version": 0,
          "private": "eyJlMmJmYjczMC1lY2FhLTExZTYtOGY4OC0zNDM2M2JjN2M0YzAiOnsiY3JlYXRlIjo2MDAwMDAwMDAwMDAsImRlbGV0ZSI6NjAwMDAwMDAwMDAwLCJ1cGRhdGUiOjYwMDAwMDAwMDAwMH19",
          "dependencies": [
            "module.networking.aws_security_group.vpc_endpoints",
            "module.networking.aws_subnet.private_app",
            "module.networking.aws_vpc.main"
          ]
        }
      ]
    },
    {
      "module": "module.networking",
      "mode": "managed",
      "type": "aws_vpc_endpoint",
      "name": "ecr_dkr",
      "provider": "provider[\"registry.terraform.io/hashicorp/aws\"]",
      "instances": [
        {
          "schema_version": 0,
          "attributes": {
            "arn": "arn:aws:ec2:us-east-2:783111403254:vpc-endpoint/vpce-0cb815d6a3e94ff18",
            "auto_accept": null,
            "cidr_blocks": [],
            "dns_entry": [
              {
                "dns_name": "vpce-0cb815d6a3e94ff18-ilcl0e4v.dkr.ecr.us-east-2.vpce.amazonaws.com",
                "hosted_zone_id": "ZC8PG0KIFKBRI"
              },
              {
                "dns_name": "vpce-0cb815d6a3e94ff18-ilcl0e4v-us-east-2b.dkr.ecr.us-east-2.vpce.amazonaws.com",
                "hosted_zone_id": "ZC8PG0KIFKBRI"
              },
              {
                "dns_name": "vpce-0cb815d6a3e94ff18-ilcl0e4v-us-east-2a.dkr.ecr.us-east-2.vpce.amazonaws.com",
                "hosted_zone_id": "ZC8PG0KIFKBRI"
              },
              {
                "dns_name": "dkr.ecr.us-east-2.amazonaws.com",
                "hosted_zone_id": "Z09518293HCE6LTM3I76G"
              },
              {
                "dns_name": "*.dkr.ecr.us-east-2.amazonaws.com",
                "hosted_zone_id": "Z09518293HCE6LTM3I76G"
              },
              {
                "dns_name": "dkr-ecr.us-east-2.on.aws",
                "hosted_zone_id": "Z04119191ZRFS6TXXYVIZ"
              },
              {
                "dns_name": "*.dkr-ecr.us-east-2.on.aws",
                "hosted_zone_id": "Z04119191ZRFS6TXXYVIZ"
              }
            ],
            "dns_options": [
              {
                "dns_record_ip_type": "ipv4",
                "private_dns_only_for_inbound_resolver_endpoint": false
              }
            ],
            "id": "vpce-0cb815d6a3e94ff18",
            "ip_address_type": "ipv4",
            "network_interface_ids": [
              "eni-050beda1271418731",
              "eni-0cb20d70d02e8e871"
            ],
            "owner_id": "783111403254",
            "policy": "{\"Statement\":[{\"Action\":\"*\",\"Effect\":\"Allow\",\"Principal\":\"*\",\"Resource\":\"*\"}]}",
            "prefix_list_id": null,
            "private_dns_enabled": true,
            "requester_managed": false,
            "resource_configuration_arn": "",
            "route_table_ids": [],
            "security_group_ids": [
              "sg-0645e3d0c70585919"
            ],
            "service_name": "com.amazonaws.us-east-2.ecr.dkr",
            "service_network_arn": "",
            "service_region": "us-east-2",
            "state": "available",
            "subnet_configuration": [
              {
                "ipv4": "10.0.11.71",
                "ipv6": "",
                "subnet_id": "subnet-0c635ec3737d626b0"
              },
              {
                "ipv4": "10.0.12.29",
                "ipv6": "",
                "subnet_id": "subnet-0fc128a8ec115c2e1"
              }
            ],
            "subnet_ids": [
              "subnet-0c635ec3737d626b0",
              "subnet-0fc128a8ec115c2e1"
            ],
            "tags": {
              "Name": "ticketgo-prod-vpce-ecr-dkr"
            },
            "tags_all": {
              "Environment": "prod",
              "ManagedBy": "Terraform",
              "Name": "ticketgo-prod-vpce-ecr-dkr",
              "Owner": "infra-team",
              "Project": "TicketGo-Peru"
            },
            "timeouts": null,
            "vpc_endpoint_type": "Interface",
            "vpc_id": "vpc-0fc592cefcec04842"
          },
          "sensitive_attributes": [],
          "identity_schema_version": 0,
          "private": "eyJlMmJmYjczMC1lY2FhLTExZTYtOGY4OC0zNDM2M2JjN2M0YzAiOnsiY3JlYXRlIjo2MDAwMDAwMDAwMDAsImRlbGV0ZSI6NjAwMDAwMDAwMDAwLCJ1cGRhdGUiOjYwMDAwMDAwMDAwMH19",
          "dependencies": [
            "module.networking.aws_security_group.vpc_endpoints",
            "module.networking.aws_subnet.private_app",
            "module.networking.aws_vpc.main"
          ]
        }
      ]
    },
    {
      "module": "module.networking",
      "mode": "managed",
      "type": "aws_vpc_endpoint",
      "name": "s3",
      "provider": "provider[\"registry.terraform.io/hashicorp/aws\"]",
      "instances": [
        {
          "schema_version": 0,
          "attributes": {
            "arn": "arn:aws:ec2:us-east-2:783111403254:vpc-endpoint/vpce-04ad864e758326d65",
            "auto_accept": null,
            "cidr_blocks": [
              "18.34.252.0/22",
              "52.219.141.0/24",
              "18.34.72.0/21",
              "52.219.96.0/20",
              "52.219.224.0/21",
              "16.12.60.0/22",
              "52.219.232.0/22",
              "52.219.80.0/20",
              "3.5.128.0/22",
              "52.219.142.0/23",
              "3.5.132.0/23",
              "3.5.92.0/23",
              "3.5.88.0/22",
              "16.12.64.0/22",
              "52.219.212.0/22",
              "52.219.176.0/22"
            ],
            "dns_entry": [],
            "dns_options": [
              {
                "dns_record_ip_type": "service-defined",
                "private_dns_only_for_inbound_resolver_endpoint": false
              }
            ],
            "id": "vpce-04ad864e758326d65",
            "ip_address_type": "ipv4",
            "network_interface_ids": [],
            "owner_id": "783111403254",
            "policy": "{\"Statement\":[{\"Action\":\"*\",\"Effect\":\"Allow\",\"Principal\":\"*\",\"Resource\":\"*\"}],\"Version\":\"2008-10-17\"}",
            "prefix_list_id": "pl-7ba54012",
            "private_dns_enabled": false,
            "requester_managed": false,
            "resource_configuration_arn": "",
            "route_table_ids": [
              "rtb-04d2876d5ea369fd1",
              "rtb-07ca04cfa7855e416",
              "rtb-09ffe5edc01ef1e0d",
              "rtb-0bc854fc99bb3b925"
            ],
            "security_group_ids": [],
            "service_name": "com.amazonaws.us-east-2.s3",
            "service_network_arn": "",
            "service_region": "us-east-2",
            "state": "available",
            "subnet_configuration": [],
            "subnet_ids": [],
            "tags": {
              "Name": "ticketgo-prod-vpce-s3"
            },
            "tags_all": {
              "Environment": "prod",
              "ManagedBy": "Terraform",
              "Name": "ticketgo-prod-vpce-s3",
              "Owner": "infra-team",
              "Project": "TicketGo-Peru"
            },
            "timeouts": null,
            "vpc_endpoint_type": "Gateway",
            "vpc_id": "vpc-0fc592cefcec04842"
          },
          "sensitive_attributes": [],
          "identity_schema_version": 0,
          "private": "eyJlMmJmYjczMC1lY2FhLTExZTYtOGY4OC0zNDM2M2JjN2M0YzAiOnsiY3JlYXRlIjo2MDAwMDAwMDAwMDAsImRlbGV0ZSI6NjAwMDAwMDAwMDAwLCJ1cGRhdGUiOjYwMDAwMDAwMDAwMH19",
          "dependencies": [
            "module.networking.aws_eip.nat",
            "module.networking.aws_internet_gateway.main",
            "module.networking.aws_nat_gateway.main",
            "module.networking.aws_route_table.private_app",
            "module.networking.aws_route_table.private_data",
            "module.networking.aws_subnet.public",
            "module.networking.aws_vpc.main"
          ]
        }
      ]
    },
    {
      "module": "module.networking",
      "mode": "managed",
      "type": "aws_vpc_endpoint",
      "name": "secretsmanager",
      "provider": "provider[\"registry.terraform.io/hashicorp/aws\"]",
      "instances": [
        {
          "schema_version": 0,
          "attributes": {
            "arn": "arn:aws:ec2:us-east-2:783111403254:vpc-endpoint/vpce-0551e86efd68f53b4",
            "auto_accept": null,
            "cidr_blocks": [],
            "dns_entry": [
              {
                "dns_name": "vpce-0551e86efd68f53b4-jnneevu8.secretsmanager.us-east-2.vpce.amazonaws.com",
                "hosted_zone_id": "ZC8PG0KIFKBRI"
              },
              {
                "dns_name": "vpce-0551e86efd68f53b4-jnneevu8-us-east-2a.secretsmanager.us-east-2.vpce.amazonaws.com",
                "hosted_zone_id": "ZC8PG0KIFKBRI"
              },
              {
                "dns_name": "vpce-0551e86efd68f53b4-jnneevu8-us-east-2b.secretsmanager.us-east-2.vpce.amazonaws.com",
                "hosted_zone_id": "ZC8PG0KIFKBRI"
              },
              {
                "dns_name": "secretsmanager.us-east-2.amazonaws.com",
                "hosted_zone_id": "Z095291918CP99PQSCT5J"
              }
            ],
            "dns_options": [
              {
                "dns_record_ip_type": "ipv4",
                "private_dns_only_for_inbound_resolver_endpoint": false
              }
            ],
            "id": "vpce-0551e86efd68f53b4",
            "ip_address_type": "ipv4",
            "network_interface_ids": [
              "eni-03bc2dad03e81e8b4",
              "eni-0fb7d8d7b1e51a5ac"
            ],
            "owner_id": "783111403254",
            "policy": "{\"Statement\":[{\"Action\":\"*\",\"Effect\":\"Allow\",\"Principal\":\"*\",\"Resource\":\"*\"}]}",
            "prefix_list_id": null,
            "private_dns_enabled": true,
            "requester_managed": false,
            "resource_configuration_arn": "",
            "route_table_ids": [],
            "security_group_ids": [
              "sg-0645e3d0c70585919"
            ],
            "service_name": "com.amazonaws.us-east-2.secretsmanager",
            "service_network_arn": "",
            "service_region": "us-east-2",
            "state": "available",
            "subnet_configuration": [
              {
                "ipv4": "10.0.11.9",
                "ipv6": "",
                "subnet_id": "subnet-0c635ec3737d626b0"
              },
              {
                "ipv4": "10.0.12.32",
                "ipv6": "",
                "subnet_id": "subnet-0fc128a8ec115c2e1"
              }
            ],
            "subnet_ids": [
              "subnet-0c635ec3737d626b0",
              "subnet-0fc128a8ec115c2e1"
            ],
            "tags": {
              "Name": "ticketgo-prod-vpce-secretsmanager"
            },
            "tags_all": {
              "Environment": "prod",
              "ManagedBy": "Terraform",
              "Name": "ticketgo-prod-vpce-secretsmanager",
              "Owner": "infra-team",
              "Project": "TicketGo-Peru"
            },
            "timeouts": null,
            "vpc_endpoint_type": "Interface",
            "vpc_id": "vpc-0fc592cefcec04842"
          },
          "sensitive_attributes": [],
          "identity_schema_version": 0,
          "private": "eyJlMmJmYjczMC1lY2FhLTExZTYtOGY4OC0zNDM2M2JjN2M0YzAiOnsiY3JlYXRlIjo2MDAwMDAwMDAwMDAsImRlbGV0ZSI6NjAwMDAwMDAwMDAwLCJ1cGRhdGUiOjYwMDAwMDAwMDAwMH19",
          "dependencies": [
            "module.networking.aws_security_group.vpc_endpoints",
            "module.networking.aws_subnet.private_app",
            "module.networking.aws_vpc.main"
          ]
        }
      ]
    },
    {
      "module": "module.security",
      "mode": "managed",
      "type": "aws_iam_role",
      "name": "backup",
      "provider": "provider[\"registry.terraform.io/hashicorp/aws\"]",
      "instances": [
        {
          "schema_version": 0,
          "attributes": {
            "arn": "arn:aws:iam::783111403254:role/ticketgo-prod-backup-role",
            "assume_role_policy": "{\"Statement\":[{\"Action\":\"sts:AssumeRole\",\"Effect\":\"Allow\",\"Principal\":{\"Service\":\"backup.amazonaws.com\"}}],\"Version\":\"2012-10-17\"}",
            "create_date": "2026-06-20T16:11:42Z",
            "description": "",
            "force_detach_policies": false,
            "id": "ticketgo-prod-backup-role",
            "inline_policy": [],
            "managed_policy_arns": [
              "arn:aws:iam::aws:policy/service-role/AWSBackupServiceRolePolicyForBackup",
              "arn:aws:iam::aws:policy/service-role/AWSBackupServiceRolePolicyForRestores"
            ],
            "max_session_duration": 3600,
            "name": "ticketgo-prod-backup-role",
            "name_prefix": "",
            "path": "/",
            "permissions_boundary": "",
            "tags": {},
            "tags_all": {
              "Environment": "prod",
              "ManagedBy": "Terraform",
              "Owner": "infra-team",
              "Project": "TicketGo-Peru"
            },
            "unique_id": "AROA3MVITW33KCQ4CZCTQ"
          },
          "sensitive_attributes": [],
          "identity_schema_version": 0,
          "private": "bnVsbA==",
          "dependencies": [
            "module.networking.aws_cloudwatch_log_group.vpc_flow_logs",
            "module.networking.aws_eip.nat",
            "module.networking.aws_flow_log.main",
            "module.networking.aws_iam_role.vpc_flow_logs",
            "module.networking.aws_iam_role_policy.vpc_flow_logs",
            "module.networking.aws_internet_gateway.main",
            "module.networking.aws_nat_gateway.main",
            "module.networking.aws_route_table.private_app",
            "module.networking.aws_route_table.private_data",
            "module.networking.aws_route_table.public",
            "module.networking.aws_route_table_association.private_app",
            "module.networking.aws_route_table_association.private_data",
            "module.networking.aws_route_table_association.public",
            "module.networking.aws_security_group.vpc_endpoints",
            "module.networking.aws_subnet.private_app",
            "module.networking.aws_subnet.private_data",
            "module.networking.aws_subnet.public",
            "module.networking.aws_vpc.main",
            "module.networking.aws_vpc_endpoint.cloudwatch_logs",
            "module.networking.aws_vpc_endpoint.ecr_api",
            "module.networking.aws_vpc_endpoint.ecr_dkr",
            "module.networking.aws_vpc_endpoint.s3",
            "module.networking.aws_vpc_endpoint.secretsmanager"
          ]
        }
      ]
    },
    {
      "module": "module.security",
      "mode": "managed",
      "type": "aws_iam_role",
      "name": "ecs_task",
      "provider": "provider[\"registry.terraform.io/hashicorp/aws\"]",
      "instances": [
        {
          "schema_version": 0,
          "attributes": {
            "arn": "arn:aws:iam::783111403254:role/ticketgo-prod-ecs-task-role",
            "assume_role_policy": "{\"Statement\":[{\"Action\":\"sts:AssumeRole\",\"Effect\":\"Allow\",\"Principal\":{\"Service\":\"ecs-tasks.amazonaws.com\"}}],\"Version\":\"2012-10-17\"}",
            "create_date": "2026-06-20T16:11:42Z",
            "description": "",
            "force_detach_policies": false,
            "id": "ticketgo-prod-ecs-task-role",
            "inline_policy": [
              {
                "name": "ecs-task-app-policy",
                "policy": "{\"Version\":\"2012-10-17\",\"Statement\":[{\"Action\":[\"sqs:SendMessage\",\"sqs:GetQueueUrl\",\"sqs:GetQueueAttributes\"],\"Effect\":\"Allow\",\"Resource\":\"arn:aws:sqs:us-east-2:*:ticketgo-prod-*\"},{\"Action\":[\"cloudwatch:PutMetricData\"],\"Effect\":\"Allow\",\"Resource\":\"*\"}]}"
              }
            ],
            "managed_policy_arns": [],
            "max_session_duration": 3600,
            "name": "ticketgo-prod-ecs-task-role",
            "name_prefix": "",
            "path": "/",
            "permissions_boundary": "",
            "tags": {
              "Name": "ticketgo-prod-ecs-task-role"
            },
            "tags_all": {
              "Environment": "prod",
              "ManagedBy": "Terraform",
              "Name": "ticketgo-prod-ecs-task-role",
              "Owner": "infra-team",
              "Project": "TicketGo-Peru"
            },
            "unique_id": "AROA3MVITW33J42PRITJZ"
          },
          "sensitive_attributes": [],
          "identity_schema_version": 0,
          "private": "bnVsbA==",
          "dependencies": [
            "module.networking.aws_cloudwatch_log_group.vpc_flow_logs",
            "module.networking.aws_eip.nat",
            "module.networking.aws_flow_log.main",
            "module.networking.aws_iam_role.vpc_flow_logs",
            "module.networking.aws_iam_role_policy.vpc_flow_logs",
            "module.networking.aws_internet_gateway.main",
            "module.networking.aws_nat_gateway.main",
            "module.networking.aws_route_table.private_app",
            "module.networking.aws_route_table.private_data",
            "module.networking.aws_route_table.public",
            "module.networking.aws_route_table_association.private_app",
            "module.networking.aws_route_table_association.private_data",
            "module.networking.aws_route_table_association.public",
            "module.networking.aws_security_group.vpc_endpoints",
            "module.networking.aws_subnet.private_app",
            "module.networking.aws_subnet.private_data",
            "module.networking.aws_subnet.public",
            "module.networking.aws_vpc.main",
            "module.networking.aws_vpc_endpoint.cloudwatch_logs",
            "module.networking.aws_vpc_endpoint.ecr_api",
            "module.networking.aws_vpc_endpoint.ecr_dkr",
            "module.networking.aws_vpc_endpoint.s3",
            "module.networking.aws_vpc_endpoint.secretsmanager"
          ]
        }
      ]
    },
    {
      "module": "module.security",
      "mode": "managed",
      "type": "aws_iam_role",
      "name": "ecs_task_execution",
      "provider": "provider[\"registry.terraform.io/hashicorp/aws\"]",
      "instances": [
        {
          "schema_version": 0,
          "attributes": {
            "arn": "arn:aws:iam::783111403254:role/ticketgo-prod-ecs-execution-role",
            "assume_role_policy": "{\"Statement\":[{\"Action\":\"sts:AssumeRole\",\"Effect\":\"Allow\",\"Principal\":{\"Service\":\"ecs-tasks.amazonaws.com\"}}],\"Version\":\"2012-10-17\"}",
            "create_date": "2026-06-20T16:11:42Z",
            "description": "",
            "force_detach_policies": false,
            "id": "ticketgo-prod-ecs-execution-role",
            "inline_policy": [
              {
                "name": "ecs-read-secrets",
                "policy": "{\"Version\":\"2012-10-17\",\"Statement\":[{\"Action\":[\"secretsmanager:GetSecretValue\",\"kms:Decrypt\"],\"Effect\":\"Allow\",\"Resource\":[\"arn:aws:secretsmanager:us-east-2:*:secret:ticketgo/prod/*\"]}]}"
              }
            ],
            "managed_policy_arns": [
              "arn:aws:iam::aws:policy/service-role/AmazonECSTaskExecutionRolePolicy"
            ],
            "max_session_duration": 3600,
            "name": "ticketgo-prod-ecs-execution-role",
            "name_prefix": "",
            "path": "/",
            "permissions_boundary": "",
            "tags": {
              "Name": "ticketgo-prod-ecs-execution-role"
            },
            "tags_all": {
              "Environment": "prod",
              "ManagedBy": "Terraform",
              "Name": "ticketgo-prod-ecs-execution-role",
              "Owner": "infra-team",
              "Project": "TicketGo-Peru"
            },
            "unique_id": "AROA3MVITW33FCS5NFNHT"
          },
          "sensitive_attributes": [],
          "identity_schema_version": 0,
          "private": "bnVsbA==",
          "dependencies": [
            "module.networking.aws_cloudwatch_log_group.vpc_flow_logs",
            "module.networking.aws_eip.nat",
            "module.networking.aws_flow_log.main",
            "module.networking.aws_iam_role.vpc_flow_logs",
            "module.networking.aws_iam_role_policy.vpc_flow_logs",
            "module.networking.aws_internet_gateway.main",
            "module.networking.aws_nat_gateway.main",
            "module.networking.aws_route_table.private_app",
            "module.networking.aws_route_table.private_data",
            "module.networking.aws_route_table.public",
            "module.networking.aws_route_table_association.private_app",
            "module.networking.aws_route_table_association.private_data",
            "module.networking.aws_route_table_association.public",
            "module.networking.aws_security_group.vpc_endpoints",
            "module.networking.aws_subnet.private_app",
            "module.networking.aws_subnet.private_data",
            "module.networking.aws_subnet.public",
            "module.networking.aws_vpc.main",
            "module.networking.aws_vpc_endpoint.cloudwatch_logs",
            "module.networking.aws_vpc_endpoint.ecr_api",
            "module.networking.aws_vpc_endpoint.ecr_dkr",
            "module.networking.aws_vpc_endpoint.s3",
            "module.networking.aws_vpc_endpoint.secretsmanager"
          ]
        }
      ]
    },
    {
      "module": "module.security",
      "mode": "managed",
      "type": "aws_iam_role",
      "name": "lambda_worker",
      "provider": "provider[\"registry.terraform.io/hashicorp/aws\"]",
      "instances": [
        {
          "schema_version": 0,
          "attributes": {
            "arn": "arn:aws:iam::783111403254:role/ticketgo-prod-lambda-worker-role",
            "assume_role_policy": "{\"Statement\":[{\"Action\":\"sts:AssumeRole\",\"Effect\":\"Allow\",\"Principal\":{\"Service\":\"lambda.amazonaws.com\"}}],\"Version\":\"2012-10-17\"}",
            "create_date": "2026-06-20T16:11:42Z",
            "description": "",
            "force_detach_policies": false,
            "id": "ticketgo-prod-lambda-worker-role",
            "inline_policy": [
              {
                "name": "lambda-worker-policy",
                "policy": "{\"Version\":\"2012-10-17\",\"Statement\":[{\"Action\":[\"sqs:ReceiveMessage\",\"sqs:DeleteMessage\",\"sqs:GetQueueAttributes\",\"sqs:ChangeMessageVisibility\"],\"Effect\":\"Allow\",\"Resource\":\"arn:aws:sqs:us-east-2:*:ticketgo-prod-*\"},{\"Action\":[\"secretsmanager:GetSecretValue\"],\"Effect\":\"Allow\",\"Resource\":\"arn:aws:secretsmanager:us-east-2:*:secret:ticketgo/prod/*\"},{\"Action\":[\"logs:CreateLogGroup\",\"logs:CreateLogStream\",\"logs:PutLogEvents\"],\"Effect\":\"Allow\",\"Resource\":\"arn:aws:logs:*:*:*\"},{\"Action\":[\"ses:SendEmail\",\"ses:SendRawEmail\"],\"Effect\":\"Allow\",\"Resource\":\"*\"}]}"
              }
            ],
            "managed_policy_arns": [
              "arn:aws:iam::aws:policy/service-role/AWSLambdaVPCAccessExecutionRole"
            ],
            "max_session_duration": 3600,
            "name": "ticketgo-prod-lambda-worker-role",
            "name_prefix": "",
            "path": "/",
            "permissions_boundary": "",
            "tags": {
              "Name": "ticketgo-prod-lambda-worker-role"
            },
            "tags_all": {
              "Environment": "prod",
              "ManagedBy": "Terraform",
              "Name": "ticketgo-prod-lambda-worker-role",
              "Owner": "infra-team",
              "Project": "TicketGo-Peru"
            },
            "unique_id": "AROA3MVITW33K525F3HJW"
          },
          "sensitive_attributes": [],
          "identity_schema_version": 0,
          "private": "bnVsbA==",
          "dependencies": [
            "module.networking.aws_cloudwatch_log_group.vpc_flow_logs",
            "module.networking.aws_eip.nat",
            "module.networking.aws_flow_log.main",
            "module.networking.aws_iam_role.vpc_flow_logs",
            "module.networking.aws_iam_role_policy.vpc_flow_logs",
            "module.networking.aws_internet_gateway.main",
            "module.networking.aws_nat_gateway.main",
            "module.networking.aws_route_table.private_app",
            "module.networking.aws_route_table.private_data",
            "module.networking.aws_route_table.public",
            "module.networking.aws_route_table_association.private_app",
            "module.networking.aws_route_table_association.private_data",
            "module.networking.aws_route_table_association.public",
            "module.networking.aws_security_group.vpc_endpoints",
            "module.networking.aws_subnet.private_app",
            "module.networking.aws_subnet.private_data",
            "module.networking.aws_subnet.public",
            "module.networking.aws_vpc.main",
            "module.networking.aws_vpc_endpoint.cloudwatch_logs",
            "module.networking.aws_vpc_endpoint.ecr_api",
            "module.networking.aws_vpc_endpoint.ecr_dkr",
            "module.networking.aws_vpc_endpoint.s3",
            "module.networking.aws_vpc_endpoint.secretsmanager"
          ]
        }
      ]
    },
    {
      "module": "module.security",
      "mode": "managed",
      "type": "aws_iam_role_policy",
      "name": "ecs_execution_secrets",
      "provider": "provider[\"registry.terraform.io/hashicorp/aws\"]",
      "instances": [
        {
          "schema_version": 0,
          "attributes": {
            "id": "ticketgo-prod-ecs-execution-role:ecs-read-secrets",
            "name": "ecs-read-secrets",
            "name_prefix": "",
            "policy": "{\"Version\":\"2012-10-17\",\"Statement\":[{\"Action\":[\"secretsmanager:GetSecretValue\",\"kms:Decrypt\"],\"Effect\":\"Allow\",\"Resource\":[\"arn:aws:secretsmanager:us-east-2:*:secret:ticketgo/prod/*\"]}]}",
            "role": "ticketgo-prod-ecs-execution-role"
          },
          "sensitive_attributes": [],
          "identity_schema_version": 0,
          "private": "bnVsbA==",
          "dependencies": [
            "module.networking.aws_cloudwatch_log_group.vpc_flow_logs",
            "module.networking.aws_eip.nat",
            "module.networking.aws_flow_log.main",
            "module.networking.aws_iam_role.vpc_flow_logs",
            "module.networking.aws_iam_role_policy.vpc_flow_logs",
            "module.networking.aws_internet_gateway.main",
            "module.networking.aws_nat_gateway.main",
            "module.networking.aws_route_table.private_app",
            "module.networking.aws_route_table.private_data",
            "module.networking.aws_route_table.public",
            "module.networking.aws_route_table_association.private_app",
            "module.networking.aws_route_table_association.private_data",
            "module.networking.aws_route_table_association.public",
            "module.networking.aws_security_group.vpc_endpoints",
            "module.networking.aws_subnet.private_app",
            "module.networking.aws_subnet.private_data",
            "module.networking.aws_subnet.public",
            "module.networking.aws_vpc.main",
            "module.networking.aws_vpc_endpoint.cloudwatch_logs",
            "module.networking.aws_vpc_endpoint.ecr_api",
            "module.networking.aws_vpc_endpoint.ecr_dkr",
            "module.networking.aws_vpc_endpoint.s3",
            "module.networking.aws_vpc_endpoint.secretsmanager",
            "module.security.aws_iam_role.ecs_task_execution"
          ]
        }
      ]
    },
    {
      "module": "module.security",
      "mode": "managed",
      "type": "aws_iam_role_policy",
      "name": "ecs_task_app",
      "provider": "provider[\"registry.terraform.io/hashicorp/aws\"]",
      "instances": [
        {
          "schema_version": 0,
          "attributes": {
            "id": "ticketgo-prod-ecs-task-role:ecs-task-app-policy",
            "name": "ecs-task-app-policy",
            "name_prefix": "",
            "policy": "{\"Version\":\"2012-10-17\",\"Statement\":[{\"Action\":[\"sqs:SendMessage\",\"sqs:GetQueueUrl\",\"sqs:GetQueueAttributes\"],\"Effect\":\"Allow\",\"Resource\":\"arn:aws:sqs:us-east-2:*:ticketgo-prod-*\"},{\"Action\":[\"cloudwatch:PutMetricData\"],\"Effect\":\"Allow\",\"Resource\":\"*\"}]}",
            "role": "ticketgo-prod-ecs-task-role"
          },
          "sensitive_attributes": [],
          "identity_schema_version": 0,
          "private": "bnVsbA==",
          "dependencies": [
            "module.networking.aws_cloudwatch_log_group.vpc_flow_logs",
            "module.networking.aws_eip.nat",
            "module.networking.aws_flow_log.main",
            "module.networking.aws_iam_role.vpc_flow_logs",
            "module.networking.aws_iam_role_policy.vpc_flow_logs",
            "module.networking.aws_internet_gateway.main",
            "module.networking.aws_nat_gateway.main",
            "module.networking.aws_route_table.private_app",
            "module.networking.aws_route_table.private_data",
            "module.networking.aws_route_table.public",
            "module.networking.aws_route_table_association.private_app",
            "module.networking.aws_route_table_association.private_data",
            "module.networking.aws_route_table_association.public",
            "module.networking.aws_security_group.vpc_endpoints",
            "module.networking.aws_subnet.private_app",
            "module.networking.aws_subnet.private_data",
            "module.networking.aws_subnet.public",
            "module.networking.aws_vpc.main",
            "module.networking.aws_vpc_endpoint.cloudwatch_logs",
            "module.networking.aws_vpc_endpoint.ecr_api",
            "module.networking.aws_vpc_endpoint.ecr_dkr",
            "module.networking.aws_vpc_endpoint.s3",
            "module.networking.aws_vpc_endpoint.secretsmanager",
            "module.security.aws_iam_role.ecs_task"
          ]
        }
      ]
    },
    {
      "module": "module.security",
      "mode": "managed",
      "type": "aws_iam_role_policy",
      "name": "lambda_worker_policy",
      "provider": "provider[\"registry.terraform.io/hashicorp/aws\"]",
      "instances": [
        {
          "schema_version": 0,
          "attributes": {
            "id": "ticketgo-prod-lambda-worker-role:lambda-worker-policy",
            "name": "lambda-worker-policy",
            "name_prefix": "",
            "policy": "{\"Version\":\"2012-10-17\",\"Statement\":[{\"Action\":[\"sqs:ReceiveMessage\",\"sqs:DeleteMessage\",\"sqs:GetQueueAttributes\",\"sqs:ChangeMessageVisibility\"],\"Effect\":\"Allow\",\"Resource\":\"arn:aws:sqs:us-east-2:*:ticketgo-prod-*\"},{\"Action\":[\"secretsmanager:GetSecretValue\"],\"Effect\":\"Allow\",\"Resource\":\"arn:aws:secretsmanager:us-east-2:*:secret:ticketgo/prod/*\"},{\"Action\":[\"logs:CreateLogGroup\",\"logs:CreateLogStream\",\"logs:PutLogEvents\"],\"Effect\":\"Allow\",\"Resource\":\"arn:aws:logs:*:*:*\"},{\"Action\":[\"ses:SendEmail\",\"ses:SendRawEmail\"],\"Effect\":\"Allow\",\"Resource\":\"*\"}]}",
            "role": "ticketgo-prod-lambda-worker-role"
          },
          "sensitive_attributes": [],
          "identity_schema_version": 0,
          "private": "bnVsbA==",
          "dependencies": [
            "module.networking.aws_cloudwatch_log_group.vpc_flow_logs",
            "module.networking.aws_eip.nat",
            "module.networking.aws_flow_log.main",
            "module.networking.aws_iam_role.vpc_flow_logs",
            "module.networking.aws_iam_role_policy.vpc_flow_logs",
            "module.networking.aws_internet_gateway.main",
            "module.networking.aws_nat_gateway.main",
            "module.networking.aws_route_table.private_app",
            "module.networking.aws_route_table.private_data",
            "module.networking.aws_route_table.public",
            "module.networking.aws_route_table_association.private_app",
            "module.networking.aws_route_table_association.private_data",
            "module.networking.aws_route_table_association.public",
            "module.networking.aws_security_group.vpc_endpoints",
            "module.networking.aws_subnet.private_app",
            "module.networking.aws_subnet.private_data",
            "module.networking.aws_subnet.public",
            "module.networking.aws_vpc.main",
            "module.networking.aws_vpc_endpoint.cloudwatch_logs",
            "module.networking.aws_vpc_endpoint.ecr_api",
            "module.networking.aws_vpc_endpoint.ecr_dkr",
            "module.networking.aws_vpc_endpoint.s3",
            "module.networking.aws_vpc_endpoint.secretsmanager",
            "module.security.aws_iam_role.lambda_worker"
          ]
        }
      ]
    },
    {
      "module": "module.security",
      "mode": "managed",
      "type": "aws_iam_role_policy_attachment",
      "name": "backup_managed",
      "provider": "provider[\"registry.terraform.io/hashicorp/aws\"]",
      "instances": [
        {
          "schema_version": 0,
          "attributes": {
            "id": "ticketgo-prod-backup-role-20260620161143340200000006",
            "policy_arn": "arn:aws:iam::aws:policy/service-role/AWSBackupServiceRolePolicyForBackup",
            "role": "ticketgo-prod-backup-role"
          },
          "sensitive_attributes": [],
          "identity_schema_version": 0,
          "private": "bnVsbA==",
          "dependencies": [
            "module.networking.aws_cloudwatch_log_group.vpc_flow_logs",
            "module.networking.aws_eip.nat",
            "module.networking.aws_flow_log.main",
            "module.networking.aws_iam_role.vpc_flow_logs",
            "module.networking.aws_iam_role_policy.vpc_flow_logs",
            "module.networking.aws_internet_gateway.main",
            "module.networking.aws_nat_gateway.main",
            "module.networking.aws_route_table.private_app",
            "module.networking.aws_route_table.private_data",
            "module.networking.aws_route_table.public",
            "module.networking.aws_route_table_association.private_app",
            "module.networking.aws_route_table_association.private_data",
            "module.networking.aws_route_table_association.public",
            "module.networking.aws_security_group.vpc_endpoints",
            "module.networking.aws_subnet.private_app",
            "module.networking.aws_subnet.private_data",
            "module.networking.aws_subnet.public",
            "module.networking.aws_vpc.main",
            "module.networking.aws_vpc_endpoint.cloudwatch_logs",
            "module.networking.aws_vpc_endpoint.ecr_api",
            "module.networking.aws_vpc_endpoint.ecr_dkr",
            "module.networking.aws_vpc_endpoint.s3",
            "module.networking.aws_vpc_endpoint.secretsmanager",
            "module.security.aws_iam_role.backup"
          ]
        }
      ]
    },
    {
      "module": "module.security",
      "mode": "managed",
      "type": "aws_iam_role_policy_attachment",
      "name": "backup_restore",
      "provider": "provider[\"registry.terraform.io/hashicorp/aws\"]",
      "instances": [
        {
          "schema_version": 0,
          "attributes": {
            "id": "ticketgo-prod-backup-role-20260620161143354500000007",
            "policy_arn": "arn:aws:iam::aws:policy/service-role/AWSBackupServiceRolePolicyForRestores",
            "role": "ticketgo-prod-backup-role"
          },
          "sensitive_attributes": [],
          "identity_schema_version": 0,
          "private": "bnVsbA==",
          "dependencies": [
            "module.networking.aws_cloudwatch_log_group.vpc_flow_logs",
            "module.networking.aws_eip.nat",
            "module.networking.aws_flow_log.main",
            "module.networking.aws_iam_role.vpc_flow_logs",
            "module.networking.aws_iam_role_policy.vpc_flow_logs",
            "module.networking.aws_internet_gateway.main",
            "module.networking.aws_nat_gateway.main",
            "module.networking.aws_route_table.private_app",
            "module.networking.aws_route_table.private_data",
            "module.networking.aws_route_table.public",
            "module.networking.aws_route_table_association.private_app",
            "module.networking.aws_route_table_association.private_data",
            "module.networking.aws_route_table_association.public",
            "module.networking.aws_security_group.vpc_endpoints",
            "module.networking.aws_subnet.private_app",
            "module.networking.aws_subnet.private_data",
            "module.networking.aws_subnet.public",
            "module.networking.aws_vpc.main",
            "module.networking.aws_vpc_endpoint.cloudwatch_logs",
            "module.networking.aws_vpc_endpoint.ecr_api",
            "module.networking.aws_vpc_endpoint.ecr_dkr",
            "module.networking.aws_vpc_endpoint.s3",
            "module.networking.aws_vpc_endpoint.secretsmanager",
            "module.security.aws_iam_role.backup"
          ]
        }
      ]
    },
    {
      "module": "module.security",
      "mode": "managed",
      "type": "aws_iam_role_policy_attachment",
      "name": "ecs_execution_managed",
      "provider": "provider[\"registry.terraform.io/hashicorp/aws\"]",
      "instances": [
        {
          "schema_version": 0,
          "attributes": {
            "id": "ticketgo-prod-ecs-execution-role-20260620161143090100000005",
            "policy_arn": "arn:aws:iam::aws:policy/service-role/AmazonECSTaskExecutionRolePolicy",
            "role": "ticketgo-prod-ecs-execution-role"
          },
          "sensitive_attributes": [],
          "identity_schema_version": 0,
          "private": "bnVsbA==",
          "dependencies": [
            "module.networking.aws_cloudwatch_log_group.vpc_flow_logs",
            "module.networking.aws_eip.nat",
            "module.networking.aws_flow_log.main",
            "module.networking.aws_iam_role.vpc_flow_logs",
            "module.networking.aws_iam_role_policy.vpc_flow_logs",
            "module.networking.aws_internet_gateway.main",
            "module.networking.aws_nat_gateway.main",
            "module.networking.aws_route_table.private_app",
            "module.networking.aws_route_table.private_data",
            "module.networking.aws_route_table.public",
            "module.networking.aws_route_table_association.private_app",
            "module.networking.aws_route_table_association.private_data",
            "module.networking.aws_route_table_association.public",
            "module.networking.aws_security_group.vpc_endpoints",
            "module.networking.aws_subnet.private_app",
            "module.networking.aws_subnet.private_data",
            "module.networking.aws_subnet.public",
            "module.networking.aws_vpc.main",
            "module.networking.aws_vpc_endpoint.cloudwatch_logs",
            "module.networking.aws_vpc_endpoint.ecr_api",
            "module.networking.aws_vpc_endpoint.ecr_dkr",
            "module.networking.aws_vpc_endpoint.s3",
            "module.networking.aws_vpc_endpoint.secretsmanager",
            "module.security.aws_iam_role.ecs_task_execution"
          ]
        }
      ]
    },
    {
      "module": "module.security",
      "mode": "managed",
      "type": "aws_iam_role_policy_attachment",
      "name": "lambda_vpc",
      "provider": "provider[\"registry.terraform.io/hashicorp/aws\"]",
      "instances": [
        {
          "schema_version": 0,
          "attributes": {
            "id": "ticketgo-prod-lambda-worker-role-20260620161142992700000004",
            "policy_arn": "arn:aws:iam::aws:policy/service-role/AWSLambdaVPCAccessExecutionRole",
            "role": "ticketgo-prod-lambda-worker-role"
          },
          "sensitive_attributes": [],
          "identity_schema_version": 0,
          "private": "bnVsbA==",
          "dependencies": [
            "module.networking.aws_cloudwatch_log_group.vpc_flow_logs",
            "module.networking.aws_eip.nat",
            "module.networking.aws_flow_log.main",
            "module.networking.aws_iam_role.vpc_flow_logs",
            "module.networking.aws_iam_role_policy.vpc_flow_logs",
            "module.networking.aws_internet_gateway.main",
            "module.networking.aws_nat_gateway.main",
            "module.networking.aws_route_table.private_app",
            "module.networking.aws_route_table.private_data",
            "module.networking.aws_route_table.public",
            "module.networking.aws_route_table_association.private_app",
            "module.networking.aws_route_table_association.private_data",
            "module.networking.aws_route_table_association.public",
            "module.networking.aws_security_group.vpc_endpoints",
            "module.networking.aws_subnet.private_app",
            "module.networking.aws_subnet.private_data",
            "module.networking.aws_subnet.public",
            "module.networking.aws_vpc.main",
            "module.networking.aws_vpc_endpoint.cloudwatch_logs",
            "module.networking.aws_vpc_endpoint.ecr_api",
            "module.networking.aws_vpc_endpoint.ecr_dkr",
            "module.networking.aws_vpc_endpoint.s3",
            "module.networking.aws_vpc_endpoint.secretsmanager",
            "module.security.aws_iam_role.lambda_worker"
          ]
        }
      ]
    },
    {
      "module": "module.security",
      "mode": "managed",
      "type": "aws_secretsmanager_secret",
      "name": "db_credentials",
      "provider": "provider[\"registry.terraform.io/hashicorp/aws\"]",
      "instances": [
        {
          "schema_version": 0,
          "attributes": {
            "arn": "arn:aws:secretsmanager:us-east-2:783111403254:secret:ticketgo/prod/db-credentials-v2-FeSBEF",
            "description": "Credenciales de la base de datos RDS PostgreSQL",
            "force_overwrite_replica_secret": false,
            "id": "arn:aws:secretsmanager:us-east-2:783111403254:secret:ticketgo/prod/db-credentials-v2-FeSBEF",
            "kms_key_id": "",
            "name": "ticketgo/prod/db-credentials-v2",
            "name_prefix": "",
            "policy": "",
            "recovery_window_in_days": 30,
            "replica": [],
            "tags": {
              "Name": "ticketgo-prod-db-secret"
            },
            "tags_all": {
              "Environment": "prod",
              "ManagedBy": "Terraform",
              "Name": "ticketgo-prod-db-secret",
              "Owner": "infra-team",
              "Project": "TicketGo-Peru"
            }
          },
          "sensitive_attributes": [],
          "identity_schema_version": 0,
          "private": "bnVsbA==",
          "dependencies": [
            "module.networking.aws_cloudwatch_log_group.vpc_flow_logs",
            "module.networking.aws_eip.nat",
            "module.networking.aws_flow_log.main",
            "module.networking.aws_iam_role.vpc_flow_logs",
            "module.networking.aws_iam_role_policy.vpc_flow_logs",
            "module.networking.aws_internet_gateway.main",
            "module.networking.aws_nat_gateway.main",
            "module.networking.aws_route_table.private_app",
            "module.networking.aws_route_table.private_data",
            "module.networking.aws_route_table.public",
            "module.networking.aws_route_table_association.private_app",
            "module.networking.aws_route_table_association.private_data",
            "module.networking.aws_route_table_association.public",
            "module.networking.aws_security_group.vpc_endpoints",
            "module.networking.aws_subnet.private_app",
            "module.networking.aws_subnet.private_data",
            "module.networking.aws_subnet.public",
            "module.networking.aws_vpc.main",
            "module.networking.aws_vpc_endpoint.cloudwatch_logs",
            "module.networking.aws_vpc_endpoint.ecr_api",
            "module.networking.aws_vpc_endpoint.ecr_dkr",
            "module.networking.aws_vpc_endpoint.s3",
            "module.networking.aws_vpc_endpoint.secretsmanager"
          ]
        }
      ]
    },
    {
      "module": "module.security",
      "mode": "managed",
      "type": "aws_secretsmanager_secret",
      "name": "redis_url",
      "provider": "provider[\"registry.terraform.io/hashicorp/aws\"]",
      "instances": [
        {
          "schema_version": 0,
          "attributes": {
            "arn": "arn:aws:secretsmanager:us-east-2:783111403254:secret:ticketgo/prod/redis-url-v2-GRgtdu",
            "description": "URL de conexion a ElastiCache Redis",
            "force_overwrite_replica_secret": false,
            "id": "arn:aws:secretsmanager:us-east-2:783111403254:secret:ticketgo/prod/redis-url-v2-GRgtdu",
            "kms_key_id": "",
            "name": "ticketgo/prod/redis-url-v2",
            "name_prefix": "",
            "policy": "",
            "recovery_window_in_days": 30,
            "replica": [],
            "tags": {
              "Name": "ticketgo-prod-redis-secret"
            },
            "tags_all": {
              "Environment": "prod",
              "ManagedBy": "Terraform",
              "Name": "ticketgo-prod-redis-secret",
              "Owner": "infra-team",
              "Project": "TicketGo-Peru"
            }
          },
          "sensitive_attributes": [],
          "identity_schema_version": 0,
          "private": "bnVsbA==",
          "dependencies": [
            "module.networking.aws_cloudwatch_log_group.vpc_flow_logs",
            "module.networking.aws_eip.nat",
            "module.networking.aws_flow_log.main",
            "module.networking.aws_iam_role.vpc_flow_logs",
            "module.networking.aws_iam_role_policy.vpc_flow_logs",
            "module.networking.aws_internet_gateway.main",
            "module.networking.aws_nat_gateway.main",
            "module.networking.aws_route_table.private_app",
            "module.networking.aws_route_table.private_data",
            "module.networking.aws_route_table.public",
            "module.networking.aws_route_table_association.private_app",
            "module.networking.aws_route_table_association.private_data",
            "module.networking.aws_route_table_association.public",
            "module.networking.aws_security_group.vpc_endpoints",
            "module.networking.aws_subnet.private_app",
            "module.networking.aws_subnet.private_data",
            "module.networking.aws_subnet.public",
            "module.networking.aws_vpc.main",
            "module.networking.aws_vpc_endpoint.cloudwatch_logs",
            "module.networking.aws_vpc_endpoint.ecr_api",
            "module.networking.aws_vpc_endpoint.ecr_dkr",
            "module.networking.aws_vpc_endpoint.s3",
            "module.networking.aws_vpc_endpoint.secretsmanager"
          ]
        }
      ]
    },
    {
      "module": "module.security",
      "mode": "managed",
      "type": "aws_secretsmanager_secret_version",
      "name": "db_credentials",
      "provider": "provider[\"registry.terraform.io/hashicorp/aws\"]",
      "instances": [
        {
          "schema_version": 0,
          "attributes": {
            "arn": "arn:aws:secretsmanager:us-east-2:783111403254:secret:ticketgo/prod/db-credentials-v2-FeSBEF",
            "has_secret_string_wo": null,
            "id": "arn:aws:secretsmanager:us-east-2:783111403254:secret:ticketgo/prod/db-credentials-v2-FeSBEF|terraform-20260620161704199800000003",
            "secret_binary": "",
            "secret_id": "arn:aws:secretsmanager:us-east-2:783111403254:secret:ticketgo/prod/db-credentials-v2-FeSBEF",
            "secret_string": "{\"dbname\":\"ticketgo_db\",\"host\":\"INITIAL_PLACEHOLDER\",\"password\":\"-R+ewK=1CX^u7TcWkqHTkbsaEyG9hGM3\",\"port\":5432,\"username\":\"ticketgo_admin\"}",
            "secret_string_wo": null,
            "secret_string_wo_version": null,
            "version_id": "terraform-20260620161704199800000003",
            "version_stages": [
              "AWSCURRENT"
            ]
          },
          "sensitive_attributes": [
            [
              {
                "type": "get_attr",
                "value": "secret_binary"
              }
            ],
            [
              {
                "type": "get_attr",
                "value": "secret_string"
              }
            ],
            [
              {
                "type": "get_attr",
                "value": "secret_string_wo"
              }
            ]
          ],
          "identity_schema_version": 0,
          "private": "bnVsbA==",
          "dependencies": [
            "module.networking.aws_cloudwatch_log_group.vpc_flow_logs",
            "module.networking.aws_eip.nat",
            "module.networking.aws_flow_log.main",
            "module.networking.aws_iam_role.vpc_flow_logs",
            "module.networking.aws_iam_role_policy.vpc_flow_logs",
            "module.networking.aws_internet_gateway.main",
            "module.networking.aws_nat_gateway.main",
            "module.networking.aws_route_table.private_app",
            "module.networking.aws_route_table.private_data",
            "module.networking.aws_route_table.public",
            "module.networking.aws_route_table_association.private_app",
            "module.networking.aws_route_table_association.private_data",
            "module.networking.aws_route_table_association.public",
            "module.networking.aws_security_group.vpc_endpoints",
            "module.networking.aws_subnet.private_app",
            "module.networking.aws_subnet.private_data",
            "module.networking.aws_subnet.public",
            "module.networking.aws_vpc.main",
            "module.networking.aws_vpc_endpoint.cloudwatch_logs",
            "module.networking.aws_vpc_endpoint.ecr_api",
            "module.networking.aws_vpc_endpoint.ecr_dkr",
            "module.networking.aws_vpc_endpoint.s3",
            "module.networking.aws_vpc_endpoint.secretsmanager",
            "module.security.aws_secretsmanager_secret.db_credentials",
            "module.security.random_password.db_password"
          ]
        }
      ]
    },
    {
      "module": "module.security",
      "mode": "managed",
      "type": "aws_security_group",
      "name": "alb",
      "provider": "provider[\"registry.terraform.io/hashicorp/aws\"]",
      "instances": [
        {
          "schema_version": 1,
          "attributes": {
            "arn": "arn:aws:ec2:us-east-2:783111403254:security-group/sg-0121be11807d406b8",
            "description": "Trafico publico HTTPS/HTTP hacia el Application Load Balancer",
            "egress": [
              {
                "cidr_blocks": [
                  "10.0.0.0/16"
                ],
                "description": "Todo el trafico saliente al VPC (hacia ECS)",
                "from_port": 0,
                "ipv6_cidr_blocks": [],
                "prefix_list_ids": [],
                "protocol": "-1",
                "security_groups": [],
                "self": false,
                "to_port": 0
              }
            ],
            "id": "sg-0121be11807d406b8",
            "ingress": [
              {
                "cidr_blocks": [
                  "0.0.0.0/0"
                ],
                "description": "HTTP desde Internet (redirect a HTTPS en el listener)",
                "from_port": 80,
                "ipv6_cidr_blocks": [],
                "prefix_list_ids": [],
                "protocol": "tcp",
                "security_groups": [],
                "self": false,
                "to_port": 80
              },
              {
                "cidr_blocks": [
                  "0.0.0.0/0"
                ],
                "description": "HTTPS desde Internet",
                "from_port": 443,
                "ipv6_cidr_blocks": [],
                "prefix_list_ids": [],
                "protocol": "tcp",
                "security_groups": [],
                "self": false,
                "to_port": 443
              }
            ],
            "name": "ticketgo-prod-sg-alb",
            "name_prefix": "",
            "owner_id": "783111403254",
            "revoke_rules_on_delete": false,
            "tags": {
              "Name": "ticketgo-prod-sg-alb"
            },
            "tags_all": {
              "Environment": "prod",
              "ManagedBy": "Terraform",
              "Name": "ticketgo-prod-sg-alb",
              "Owner": "infra-team",
              "Project": "TicketGo-Peru"
            },
            "timeouts": null,
            "vpc_id": "vpc-0fc592cefcec04842"
          },
          "sensitive_attributes": [],
          "identity_schema_version": 0,
          "private": "eyJlMmJmYjczMC1lY2FhLTExZTYtOGY4OC0zNDM2M2JjN2M0YzAiOnsiY3JlYXRlIjo2MDAwMDAwMDAwMDAsImRlbGV0ZSI6OTAwMDAwMDAwMDAwfSwic2NoZW1hX3ZlcnNpb24iOiIxIn0=",
          "dependencies": [
            "module.networking.aws_cloudwatch_log_group.vpc_flow_logs",
            "module.networking.aws_eip.nat",
            "module.networking.aws_flow_log.main",
            "module.networking.aws_iam_role.vpc_flow_logs",
            "module.networking.aws_iam_role_policy.vpc_flow_logs",
            "module.networking.aws_internet_gateway.main",
            "module.networking.aws_nat_gateway.main",
            "module.networking.aws_route_table.private_app",
            "module.networking.aws_route_table.private_data",
            "module.networking.aws_route_table.public",
            "module.networking.aws_route_table_association.private_app",
            "module.networking.aws_route_table_association.private_data",
            "module.networking.aws_route_table_association.public",
            "module.networking.aws_security_group.vpc_endpoints",
            "module.networking.aws_subnet.private_app",
            "module.networking.aws_subnet.private_data",
            "module.networking.aws_subnet.public",
            "module.networking.aws_vpc.main",
            "module.networking.aws_vpc_endpoint.cloudwatch_logs",
            "module.networking.aws_vpc_endpoint.ecr_api",
            "module.networking.aws_vpc_endpoint.ecr_dkr",
            "module.networking.aws_vpc_endpoint.s3",
            "module.networking.aws_vpc_endpoint.secretsmanager"
          ]
        }
      ]
    },
    {
      "module": "module.security",
      "mode": "managed",
      "type": "aws_security_group",
      "name": "ecs",
      "provider": "provider[\"registry.terraform.io/hashicorp/aws\"]",
      "instances": [
        {
          "schema_version": 1,
          "attributes": {
            "arn": "arn:aws:ec2:us-east-2:783111403254:security-group/sg-08ff368a70bb0afe8",
            "description": "Trafico hacia contenedores ECS Fargate - solo desde el ALB",
            "egress": [
              {
                "cidr_blocks": [
                  "0.0.0.0/0"
                ],
                "description": "Salida total para acceso a AWS APIs, RDS, Redis, SQS",
                "from_port": 0,
                "ipv6_cidr_blocks": [],
                "prefix_list_ids": [],
                "protocol": "-1",
                "security_groups": [],
                "self": false,
                "to_port": 0
              }
            ],
            "id": "sg-08ff368a70bb0afe8",
            "ingress": [
              {
                "cidr_blocks": [],
                "description": "Puerto de la app desde el ALB unicamente",
                "from_port": 8080,
                "ipv6_cidr_blocks": [],
                "prefix_list_ids": [],
                "protocol": "tcp",
                "security_groups": [
                  "sg-0121be11807d406b8"
                ],
                "self": false,
                "to_port": 8080
              }
            ],
            "name": "ticketgo-prod-sg-ecs",
            "name_prefix": "",
            "owner_id": "783111403254",
            "revoke_rules_on_delete": false,
            "tags": {
              "Name": "ticketgo-prod-sg-ecs"
            },
            "tags_all": {
              "Environment": "prod",
              "ManagedBy": "Terraform",
              "Name": "ticketgo-prod-sg-ecs",
              "Owner": "infra-team",
              "Project": "TicketGo-Peru"
            },
            "timeouts": null,
            "vpc_id": "vpc-0fc592cefcec04842"
          },
          "sensitive_attributes": [],
          "identity_schema_version": 0,
          "private": "eyJlMmJmYjczMC1lY2FhLTExZTYtOGY4OC0zNDM2M2JjN2M0YzAiOnsiY3JlYXRlIjo2MDAwMDAwMDAwMDAsImRlbGV0ZSI6OTAwMDAwMDAwMDAwfSwic2NoZW1hX3ZlcnNpb24iOiIxIn0=",
          "dependencies": [
            "module.networking.aws_cloudwatch_log_group.vpc_flow_logs",
            "module.networking.aws_eip.nat",
            "module.networking.aws_flow_log.main",
            "module.networking.aws_iam_role.vpc_flow_logs",
            "module.networking.aws_iam_role_policy.vpc_flow_logs",
            "module.networking.aws_internet_gateway.main",
            "module.networking.aws_nat_gateway.main",
            "module.networking.aws_route_table.private_app",
            "module.networking.aws_route_table.private_data",
            "module.networking.aws_route_table.public",
            "module.networking.aws_route_table_association.private_app",
            "module.networking.aws_route_table_association.private_data",
            "module.networking.aws_route_table_association.public",
            "module.networking.aws_security_group.vpc_endpoints",
            "module.networking.aws_subnet.private_app",
            "module.networking.aws_subnet.private_data",
            "module.networking.aws_subnet.public",
            "module.networking.aws_vpc.main",
            "module.networking.aws_vpc_endpoint.cloudwatch_logs",
            "module.networking.aws_vpc_endpoint.ecr_api",
            "module.networking.aws_vpc_endpoint.ecr_dkr",
            "module.networking.aws_vpc_endpoint.s3",
            "module.networking.aws_vpc_endpoint.secretsmanager",
            "module.security.aws_security_group.alb"
          ]
        }
      ]
    },
    {
      "module": "module.security",
      "mode": "managed",
      "type": "aws_security_group",
      "name": "lambda",
      "provider": "provider[\"registry.terraform.io/hashicorp/aws\"]",
      "instances": [
        {
          "schema_version": 1,
          "attributes": {
            "arn": "arn:aws:ec2:us-east-2:783111403254:security-group/sg-0ff4cd88367cc0f9f",
            "description": "Security Group para Lambda worker de procesamiento SQS",
            "egress": [
              {
                "cidr_blocks": [
                  "0.0.0.0/0"
                ],
                "description": "Salida total para acceder a SQS, RDS y otros servicios",
                "from_port": 0,
                "ipv6_cidr_blocks": [],
                "prefix_list_ids": [],
                "protocol": "-1",
                "security_groups": [],
                "self": false,
                "to_port": 0
              }
            ],
            "id": "sg-0ff4cd88367cc0f9f",
            "ingress": [],
            "name": "ticketgo-prod-sg-lambda",
            "name_prefix": "",
            "owner_id": "783111403254",
            "revoke_rules_on_delete": false,
            "tags": {
              "Name": "ticketgo-prod-sg-lambda"
            },
            "tags_all": {
              "Environment": "prod",
              "ManagedBy": "Terraform",
              "Name": "ticketgo-prod-sg-lambda",
              "Owner": "infra-team",
              "Project": "TicketGo-Peru"
            },
            "timeouts": null,
            "vpc_id": "vpc-0fc592cefcec04842"
          },
          "sensitive_attributes": [],
          "identity_schema_version": 0,
          "private": "eyJlMmJmYjczMC1lY2FhLTExZTYtOGY4OC0zNDM2M2JjN2M0YzAiOnsiY3JlYXRlIjo2MDAwMDAwMDAwMDAsImRlbGV0ZSI6OTAwMDAwMDAwMDAwfSwic2NoZW1hX3ZlcnNpb24iOiIxIn0=",
          "dependencies": [
            "module.networking.aws_cloudwatch_log_group.vpc_flow_logs",
            "module.networking.aws_eip.nat",
            "module.networking.aws_flow_log.main",
            "module.networking.aws_iam_role.vpc_flow_logs",
            "module.networking.aws_iam_role_policy.vpc_flow_logs",
            "module.networking.aws_internet_gateway.main",
            "module.networking.aws_nat_gateway.main",
            "module.networking.aws_route_table.private_app",
            "module.networking.aws_route_table.private_data",
            "module.networking.aws_route_table.public",
            "module.networking.aws_route_table_association.private_app",
            "module.networking.aws_route_table_association.private_data",
            "module.networking.aws_route_table_association.public",
            "module.networking.aws_security_group.vpc_endpoints",
            "module.networking.aws_subnet.private_app",
            "module.networking.aws_subnet.private_data",
            "module.networking.aws_subnet.public",
            "module.networking.aws_vpc.main",
            "module.networking.aws_vpc_endpoint.cloudwatch_logs",
            "module.networking.aws_vpc_endpoint.ecr_api",
            "module.networking.aws_vpc_endpoint.ecr_dkr",
            "module.networking.aws_vpc_endpoint.s3",
            "module.networking.aws_vpc_endpoint.secretsmanager"
          ]
        }
      ]
    },
    {
      "module": "module.security",
      "mode": "managed",
      "type": "aws_security_group",
      "name": "rds",
      "provider": "provider[\"registry.terraform.io/hashicorp/aws\"]",
      "instances": [
        {
          "schema_version": 1,
          "attributes": {
            "arn": "arn:aws:ec2:us-east-2:783111403254:security-group/sg-0d5eb4e56631480e3",
            "description": "Acceso a RDS PostgreSQL exclusivamente desde ECS",
            "egress": [],
            "id": "sg-0d5eb4e56631480e3",
            "ingress": [
              {
                "cidr_blocks": [],
                "description": "PostgreSQL desde ECS Fargate unicamente",
                "from_port": 5432,
                "ipv6_cidr_blocks": [],
                "prefix_list_ids": [],
                "protocol": "tcp",
                "security_groups": [
                  "sg-08ff368a70bb0afe8"
                ],
                "self": false,
                "to_port": 5432
              }
            ],
            "name": "ticketgo-prod-sg-rds",
            "name_prefix": "",
            "owner_id": "783111403254",
            "revoke_rules_on_delete": false,
            "tags": {
              "Name": "ticketgo-prod-sg-rds"
            },
            "tags_all": {
              "Environment": "prod",
              "ManagedBy": "Terraform",
              "Name": "ticketgo-prod-sg-rds",
              "Owner": "infra-team",
              "Project": "TicketGo-Peru"
            },
            "timeouts": null,
            "vpc_id": "vpc-0fc592cefcec04842"
          },
          "sensitive_attributes": [],
          "identity_schema_version": 0,
          "private": "eyJlMmJmYjczMC1lY2FhLTExZTYtOGY4OC0zNDM2M2JjN2M0YzAiOnsiY3JlYXRlIjo2MDAwMDAwMDAwMDAsImRlbGV0ZSI6OTAwMDAwMDAwMDAwfSwic2NoZW1hX3ZlcnNpb24iOiIxIn0=",
          "dependencies": [
            "module.networking.aws_cloudwatch_log_group.vpc_flow_logs",
            "module.networking.aws_eip.nat",
            "module.networking.aws_flow_log.main",
            "module.networking.aws_iam_role.vpc_flow_logs",
            "module.networking.aws_iam_role_policy.vpc_flow_logs",
            "module.networking.aws_internet_gateway.main",
            "module.networking.aws_nat_gateway.main",
            "module.networking.aws_route_table.private_app",
            "module.networking.aws_route_table.private_data",
            "module.networking.aws_route_table.public",
            "module.networking.aws_route_table_association.private_app",
            "module.networking.aws_route_table_association.private_data",
            "module.networking.aws_route_table_association.public",
            "module.networking.aws_security_group.vpc_endpoints",
            "module.networking.aws_subnet.private_app",
            "module.networking.aws_subnet.private_data",
            "module.networking.aws_subnet.public",
            "module.networking.aws_vpc.main",
            "module.networking.aws_vpc_endpoint.cloudwatch_logs",
            "module.networking.aws_vpc_endpoint.ecr_api",
            "module.networking.aws_vpc_endpoint.ecr_dkr",
            "module.networking.aws_vpc_endpoint.s3",
            "module.networking.aws_vpc_endpoint.secretsmanager",
            "module.security.aws_security_group.alb",
            "module.security.aws_security_group.ecs"
          ]
        }
      ]
    },
    {
      "module": "module.security",
      "mode": "managed",
      "type": "aws_security_group",
      "name": "redis",
      "provider": "provider[\"registry.terraform.io/hashicorp/aws\"]",
      "instances": [
        {
          "schema_version": 1,
          "attributes": {
            "arn": "arn:aws:ec2:us-east-2:783111403254:security-group/sg-057e8bed4c58eda2f",
            "description": "Acceso a ElastiCache Redis exclusivamente desde ECS",
            "egress": [],
            "id": "sg-057e8bed4c58eda2f",
            "ingress": [
              {
                "cidr_blocks": [],
                "description": "Redis desde ECS Fargate unicamente",
                "from_port": 6379,
                "ipv6_cidr_blocks": [],
                "prefix_list_ids": [],
                "protocol": "tcp",
                "security_groups": [
                  "sg-08ff368a70bb0afe8"
                ],
                "self": false,
                "to_port": 6379
              }
            ],
            "name": "ticketgo-prod-sg-redis",
            "name_prefix": "",
            "owner_id": "783111403254",
            "revoke_rules_on_delete": false,
            "tags": {
              "Name": "ticketgo-prod-sg-redis"
            },
            "tags_all": {
              "Environment": "prod",
              "ManagedBy": "Terraform",
              "Name": "ticketgo-prod-sg-redis",
              "Owner": "infra-team",
              "Project": "TicketGo-Peru"
            },
            "timeouts": null,
            "vpc_id": "vpc-0fc592cefcec04842"
          },
          "sensitive_attributes": [],
          "identity_schema_version": 0,
          "private": "eyJlMmJmYjczMC1lY2FhLTExZTYtOGY4OC0zNDM2M2JjN2M0YzAiOnsiY3JlYXRlIjo2MDAwMDAwMDAwMDAsImRlbGV0ZSI6OTAwMDAwMDAwMDAwfSwic2NoZW1hX3ZlcnNpb24iOiIxIn0=",
          "dependencies": [
            "module.networking.aws_cloudwatch_log_group.vpc_flow_logs",
            "module.networking.aws_eip.nat",
            "module.networking.aws_flow_log.main",
            "module.networking.aws_iam_role.vpc_flow_logs",
            "module.networking.aws_iam_role_policy.vpc_flow_logs",
            "module.networking.aws_internet_gateway.main",
            "module.networking.aws_nat_gateway.main",
            "module.networking.aws_route_table.private_app",
            "module.networking.aws_route_table.private_data",
            "module.networking.aws_route_table.public",
            "module.networking.aws_route_table_association.private_app",
            "module.networking.aws_route_table_association.private_data",
            "module.networking.aws_route_table_association.public",
            "module.networking.aws_security_group.vpc_endpoints",
            "module.networking.aws_subnet.private_app",
            "module.networking.aws_subnet.private_data",
            "module.networking.aws_subnet.public",
            "module.networking.aws_vpc.main",
            "module.networking.aws_vpc_endpoint.cloudwatch_logs",
            "module.networking.aws_vpc_endpoint.ecr_api",
            "module.networking.aws_vpc_endpoint.ecr_dkr",
            "module.networking.aws_vpc_endpoint.s3",
            "module.networking.aws_vpc_endpoint.secretsmanager",
            "module.security.aws_security_group.alb",
            "module.security.aws_security_group.ecs"
          ]
        }
      ]
    },
    {
      "module": "module.security",
      "mode": "managed",
      "type": "random_password",
      "name": "db_password",
      "provider": "provider[\"registry.terraform.io/hashicorp/random\"]",
      "instances": [
        {
          "schema_version": 3,
          "attributes": {
            "bcrypt_hash": "$2a$10$mvLlCVQDQGpWhXryODkazugtdIukh6XcgVNCcIMCkJvDfA/3jW6hG",
            "id": "none",
            "keepers": null,
            "length": 32,
            "lower": true,
            "min_lower": 0,
            "min_numeric": 0,
            "min_special": 0,
            "min_upper": 0,
            "number": true,
            "numeric": true,
            "override_special": "!#$%^\u0026*()-_=+[]{}\u003c\u003e?",
            "result": "-R+ewK=1CX^u7TcWkqHTkbsaEyG9hGM3",
            "special": true,
            "upper": true
          },
          "sensitive_attributes": [
            [
              {
                "type": "get_attr",
                "value": "bcrypt_hash"
              }
            ],
            [
              {
                "type": "get_attr",
                "value": "result"
              }
            ]
          ],
          "identity_schema_version": 0,
          "dependencies": [
            "module.networking.aws_cloudwatch_log_group.vpc_flow_logs",
            "module.networking.aws_eip.nat",
            "module.networking.aws_flow_log.main",
            "module.networking.aws_iam_role.vpc_flow_logs",
            "module.networking.aws_iam_role_policy.vpc_flow_logs",
            "module.networking.aws_internet_gateway.main",
            "module.networking.aws_nat_gateway.main",
            "module.networking.aws_route_table.private_app",
            "module.networking.aws_route_table.private_data",
            "module.networking.aws_route_table.public",
            "module.networking.aws_route_table_association.private_app",
            "module.networking.aws_route_table_association.private_data",
            "module.networking.aws_route_table_association.public",
            "module.networking.aws_security_group.vpc_endpoints",
            "module.networking.aws_subnet.private_app",
            "module.networking.aws_subnet.private_data",
            "module.networking.aws_subnet.public",
            "module.networking.aws_vpc.main",
            "module.networking.aws_vpc_endpoint.cloudwatch_logs",
            "module.networking.aws_vpc_endpoint.ecr_api",
            "module.networking.aws_vpc_endpoint.ecr_dkr",
            "module.networking.aws_vpc_endpoint.s3",
            "module.networking.aws_vpc_endpoint.secretsmanager"
          ]
        }
      ]
    }
  ],
  "check_results": null
}
